PODS:
  - DeluxeInjection (0.8.4):
    - RuntimeRoutines (~> 0.3.2)
  - FTPopOverMenu (1.3.3)
  - MBCircularProgressBar (0.3.5)
  - MBProgressHUD (1.0.0)
  - RaptureXML (1.0.1)
  - Reachability (3.2)
  - RuntimeRoutines (0.3.2)
  - SDWebImage (4.2.1):
    - SDWebImage/Core (= 4.2.1)
  - SDWebImage/Core (4.2.1)

DEPENDENCIES:
  - DeluxeInjection (= 0.8.4)
  - FTPopOverMenu
  - MBCircularProgressBar
  - MBProgressHUD
  - RaptureXML
  - Reachability
  - SDWebImage

SPEC CHECKSUMS:
  DeluxeInjection: 1c663161c6a8d178e6f887163db84523ac2008d1
  FTPopOverMenu: a12bb907b8402acc4566ce3ac85f706e09af19e8
  MBCircularProgressBar: 0b795b722a5eb5b0923822f90474e2576a1a7855
  MBProgressHUD: 4890f671c94e8a0f3cf959aa731e9de2f036d71a
  RaptureXML: b5c33c04c1a4adfd8ad0d5463329a31820596e82
  Reachability: 33e18b67625424e47b6cde6d202dce689ad7af96
  RuntimeRoutines: 9253ad1e61a0e2af32cf2ce37393e9185003b94f
  SDWebImage: 1fa4c9edf525b744f002db89f3f5a38b3cd4c541

PODFILE CHECKSUM: da45275bdd80c0a33f4f629c80044e4050b95bdc

COCOAPODS: 1.4.0
