PODS:
  - AFNetworking (3.2.1):
    - AFNetworking/NSURLSession (= 3.2.1)
    - AFNetworking/Reachability (= 3.2.1)
    - AFNetworking/Security (= 3.2.1)
    - AFNetworking/Serialization (= 3.2.1)
    - AFNetworking/UIKit (= 3.2.1)
  - AFNetworking/NSURLSession (3.2.1):
    - AFNetworking/Reachability
    - AFNetworking/Security
    - AFNetworking/Serialization
  - AFNetworking/Reachability (3.2.1)
  - AFNetworking/Security (3.2.1)
  - AFNetworking/Serialization (3.2.1)
  - AFNetworking/UIKit (3.2.1):
    - AFNetworking/NSURLSession
  - bls-signatures-pod (0.2.9)
  - DashSync (0.1.0):
    - AFNetworking (~> 3.0)
    - bls-signatures-pod (= 0.2.9)
    - secp256k1_dash (= 0.1.2)
  - DeluxeInjection (0.8.6):
    - RuntimeRoutines (~> 0.3.2)
  - Godzippa (2.0.0)
  - KVO-MVVM (0.5.1)
  - MBCircularProgressBar (0.3.5)
  - MBProgressHUD (1.1.0)
  - RuntimeRoutines (0.3.3)
  - SDWebImage (4.3.3):
    - SDWebImage/Core (= 4.3.3)
  - SDWebImage/Core (4.3.3)
  - secp256k1_dash (0.1.2)
  - SimulatorStatusMagic (2.4.1)
  - UIViewController-KeyboardAdditions (1.2.1)

DEPENDENCIES:
  - DashSync (from `../DashSync/`)
  - DeluxeInjection (= 0.8.6)
  - Godzippa (= 2.0.0)
  - KVO-MVVM (= 0.5.1)
  - MBCircularProgressBar (= 0.3.5)
  - MBProgressHUD (= 1.1.0)
  - SDWebImage (= 4.3.3)
  - SimulatorStatusMagic
  - UIViewController-KeyboardAdditions (= 1.2.1)

SPEC REPOS:
  https://github.com/cocoapods/specs.git:
    - AFNetworking
    - bls-signatures-pod
    - DeluxeInjection
    - Godzippa
    - KVO-MVVM
    - MBCircularProgressBar
    - MBProgressHUD
    - RuntimeRoutines
    - SDWebImage
    - secp256k1_dash
    - SimulatorStatusMagic
    - UIViewController-KeyboardAdditions

EXTERNAL SOURCES:
  DashSync:
    :path: "../DashSync/"

SPEC CHECKSUMS:
  AFNetworking: b6f891fdfaed196b46c7a83cf209e09697b94057
  bls-signatures-pod: 56adce76843f10f484ff996c33aee36cfd98ae5e
  DashSync: e6a30009f9499549bce8043e443b86dc9333dced
  DeluxeInjection: 03964b27f8aa5a787221907e1f82364ef7bafef7
  Godzippa: b423a467a9e4b4cb43bb4f3adb989d312795eb88
  KVO-MVVM: 4df3afd1f7ebcb69735458b85db59c4271ada7c6
  MBCircularProgressBar: 0b795b722a5eb5b0923822f90474e2576a1a7855
  MBProgressHUD: e7baa36a220447d8aeb12769bf0585582f3866d9
  RuntimeRoutines: f23869ee8535543ec974146b835dec4b5bdebb6f
  SDWebImage: de4d90b5bff3571eae7bd16202b1f43135409fa5
  secp256k1_dash: 7fdbc23e3e8a27d522ec211b874d97fb091c2b23
  SimulatorStatusMagic: 28d4a9d1a500ac7cea0b2b5a43c1c6ddb40ba56c
  UIViewController-KeyboardAdditions: a691dc7e63a49854d341455a778ee8497dfc4662

PODFILE CHECKSUM: aed60bb0d69db0a0c58511219052e28fda2ce52e

COCOAPODS: 1.5.3
