PODS:
  - DeluxeInjection (0.8.4):
    - RuntimeRoutines (~> 0.3.2)
  - KVO-MVVM (0.5.1)
  - MBCircularProgressBar (0.3.5)
  - MBProgressHUD (1.1.0)
  - RuntimeRoutines (0.3.2)
  - SDWebImage (4.3.0):
    - SDWebImage/Core (= 4.3.0)
  - SDWebImage/Core (4.3.0)
  - secp256k1_dash (0.1.0)

DEPENDENCIES:
  - DeluxeInjection (= 0.8.4)
  - KVO-MVVM (= 0.5.1)
  - MBCircularProgressBar (= 0.3.5)
  - MBProgressHUD (= 1.1.0)
  - SDWebImage (= 4.3.0)
  - secp256k1_dash (= 0.1.0)

SPEC CHECKSUMS:
  DeluxeInjection: 1c663161c6a8d178e6f887163db84523ac2008d1
  KVO-MVVM: 4df3afd1f7ebcb69735458b85db59c4271ada7c6
  MBCircularProgressBar: 0b795b722a5eb5b0923822f90474e2576a1a7855
  MBProgressHUD: e7baa36a220447d8aeb12769bf0585582f3866d9
  RuntimeRoutines: 9253ad1e61a0e2af32cf2ce37393e9185003b94f
  SDWebImage: 6da6c8bca115addc4de8613362e1b15f66333825
  secp256k1_dash: 16bc4c20423f88dc264db75d5611c9c6a5fd1f77

PODFILE CHECKSUM: a0bea0337b078cd8e66b79cd4123cc16cfefe425

COCOAPODS: 1.4.0
