// !$*UTF8*$!
{
	archiveVersion = 1;
	classes = {
	};
	objectVersion = 46;
	objects = {

/* Begin PBXBuildFile section */
		241719D81F4DA4C60045C2D6 /* ProposalsManager.m in Sources */ = {isa = PBXBuildFile; fileRef = 241719D71F4DA4C60045C2D6 /* ProposalsManager.m */; };
		241719E11F4DB0FB0045C2D6 /* Proposal+CoreDataClass.m in Sources */ = {isa = PBXBuildFile; fileRef = 241719DA1F4DB0FB0045C2D6 /* Proposal+CoreDataClass.m */; };
		241719E21F4DB0FB0045C2D6 /* Proposal+CoreDataProperties.m in Sources */ = {isa = PBXBuildFile; fileRef = 241719DC1F4DB0FB0045C2D6 /* Proposal+CoreDataProperties.m */; };
		241719E31F4DB0FB0045C2D6 /* Comment+CoreDataClass.m in Sources */ = {isa = PBXBuildFile; fileRef = 241719DE1F4DB0FB0045C2D6 /* Comment+CoreDataClass.m */; };
		241719E41F4DB0FB0045C2D6 /* Comment+CoreDataProperties.m in Sources */ = {isa = PBXBuildFile; fileRef = 241719E01F4DB0FB0045C2D6 /* Comment+CoreDataProperties.m */; };
		2432DDA01F54395600A14112 /* ProposalCell.m in Sources */ = {isa = PBXBuildFile; fileRef = 2432DD9F1F54395600A14112 /* ProposalCell.m */; };
		248523591F4499C50027FBA6 /* RSSFeedDetailViewController.m in Sources */ = {isa = PBXBuildFile; fileRef = 248523581F4499C50027FBA6 /* RSSFeedDetailViewController.m */; };
		2485235B1F44A71B0027FBA6 /* WebKit.framework in Frameworks */ = {isa = PBXBuildFile; fileRef = 2485235A1F44A71B0027FBA6 /* WebKit.framework */; };
		24A2159B1F52C5E900A63311 /* Budget+CoreDataClass.m in Sources */ = {isa = PBXBuildFile; fileRef = 24A215981F52C5E900A63311 /* Budget+CoreDataClass.m */; };
		24A2159C1F52C5E900A63311 /* Budget+CoreDataProperties.m in Sources */ = {isa = PBXBuildFile; fileRef = 24A2159A1F52C5E900A63311 /* Budget+CoreDataProperties.m */; };
		24C6C6361F544268007F3671 /* ProposalsViewController.m in Sources */ = {isa = PBXBuildFile; fileRef = 241719C51F4D9EE10045C2D6 /* ProposalsViewController.m */; };
		24E1D8DE1F4D742D00AE2C47 /* UserNotifications.framework in Frameworks */ = {isa = PBXBuildFile; fileRef = 24E1D8DD1F4D742D00AE2C47 /* UserNotifications.framework */; };
		24E584001F3A35AF00A12087 /* DCDataManager.m in Sources */ = {isa = PBXBuildFile; fileRef = FB84EDDC1F32908C00E4D400 /* DCDataManager.m */; };
		24E584071F3ADAC900A12087 /* DashControl.xcdatamodeld in Sources */ = {isa = PBXBuildFile; fileRef = 24E584051F3ADAC900A12087 /* DashControl.xcdatamodeld */; };
		24E584101F3ADBAA00A12087 /* Post+CoreDataClass.m in Sources */ = {isa = PBXBuildFile; fileRef = 24E5840D1F3ADBAA00A12087 /* Post+CoreDataClass.m */; };
		24E584111F3ADBAA00A12087 /* Post+CoreDataProperties.m in Sources */ = {isa = PBXBuildFile; fileRef = 24E5840F1F3ADBAA00A12087 /* Post+CoreDataProperties.m */; };
		24E584141F3ADC4C00A12087 /* RSSFeedManager.m in Sources */ = {isa = PBXBuildFile; fileRef = 24E584131F3ADC4C00A12087 /* RSSFeedManager.m */; };
		24E584181F3AF18A00A12087 /* RSSFeedListViewController.m in Sources */ = {isa = PBXBuildFile; fileRef = 24E584171F3AF18A00A12087 /* RSSFeedListViewController.m */; };
		24E5841C1F3AFB0F00A12087 /* RSSFeedListTableViewCell.m in Sources */ = {isa = PBXBuildFile; fileRef = 24E5841A1F3AFB0F00A12087 /* RSSFeedListTableViewCell.m */; };
		24FE25491F4C7ECE00E32652 /* DCBackendManager.m in Sources */ = {isa = PBXBuildFile; fileRef = 24FE25481F4C7ECE00E32652 /* DCBackendManager.m */; };
		24FE254C1F4C82C900E32652 /* PriceViewController.m in Sources */ = {isa = PBXBuildFile; fileRef = 24FE254B1F4C82C900E32652 /* PriceViewController.m */; };
		5D54F512F2D3905041390607 /* libPods-DashControl.a in Frameworks */ = {isa = PBXBuildFile; fileRef = 742C8B5087BA50FD669F86E9 /* libPods-DashControl.a */; };
		FB2F9B3D1F5C9F960035180D /* NSArray+SWAdditions.m in Sources */ = {isa = PBXBuildFile; fileRef = FB2F9B3C1F5C9F960035180D /* NSArray+SWAdditions.m */; };
		FB84EDC21F32898700E4D400 /* main.m in Sources */ = {isa = PBXBuildFile; fileRef = FB84EDC11F32898700E4D400 /* main.m */; };
		FB84EDC51F32898700E4D400 /* AppDelegate.m in Sources */ = {isa = PBXBuildFile; fileRef = FB84EDC41F32898700E4D400 /* AppDelegate.m */; };
		FB84EDCE1F32898700E4D400 /* Main.storyboard in Resources */ = {isa = PBXBuildFile; fileRef = FB84EDCC1F32898700E4D400 /* Main.storyboard */; };
		FB84EDD01F32898700E4D400 /* Assets.xcassets in Resources */ = {isa = PBXBuildFile; fileRef = FB84EDCF1F32898700E4D400 /* Assets.xcassets */; };
		FB84EDD31F32898700E4D400 /* LaunchScreen.storyboard in Resources */ = {isa = PBXBuildFile; fileRef = FB84EDD11F32898700E4D400 /* LaunchScreen.storyboard */; };
		FBE1F5091F5D4CF500823A77 /* ChartDataEntry+CoreDataClass.m in Sources */ = {isa = PBXBuildFile; fileRef = FBE1F4FE1F5D4CF500823A77 /* ChartDataEntry+CoreDataClass.m */; };
		FBE1F50A1F5D4CF500823A77 /* ChartDataEntry+CoreDataProperties.m in Sources */ = {isa = PBXBuildFile; fileRef = FBE1F5001F5D4CF500823A77 /* ChartDataEntry+CoreDataProperties.m */; };
		FBE1F50B1F5D4CF500823A77 /* Exchange+CoreDataClass.m in Sources */ = {isa = PBXBuildFile; fileRef = FBE1F5021F5D4CF500823A77 /* Exchange+CoreDataClass.m */; };
		FBE1F50C1F5D4CF500823A77 /* Exchange+CoreDataProperties.m in Sources */ = {isa = PBXBuildFile; fileRef = FBE1F5041F5D4CF500823A77 /* Exchange+CoreDataProperties.m */; };
		FBE1F50D1F5D4CF500823A77 /* Market+CoreDataClass.m in Sources */ = {isa = PBXBuildFile; fileRef = FBE1F5061F5D4CF500823A77 /* Market+CoreDataClass.m */; };
		FBE1F50E1F5D4CF500823A77 /* Market+CoreDataProperties.m in Sources */ = {isa = PBXBuildFile; fileRef = FBE1F5081F5D4CF500823A77 /* Market+CoreDataProperties.m */; };
		FBEBE5381F5776400056D921 /* Charts.framework in Frameworks */ = {isa = PBXBuildFile; fileRef = FBEBE5371F5776400056D921 /* Charts.framework */; };
		FBEBE5391F5776400056D921 /* Charts.framework in Embed Frameworks */ = {isa = PBXBuildFile; fileRef = FBEBE5371F5776400056D921 /* Charts.framework */; settings = {ATTRIBUTES = (CodeSignOnCopy, RemoveHeadersOnCopy, ); }; };
		FBEBE5421F5802DE0056D921 /* ChartTimeFormatter.m in Sources */ = {isa = PBXBuildFile; fileRef = FBEBE5411F5802DE0056D921 /* ChartTimeFormatter.m */; };
		FBEBE5461F5986510056D921 /* DCCoreDataManager.m in Sources */ = {isa = PBXBuildFile; fileRef = FBEBE5451F5986510056D921 /* DCCoreDataManager.m */; };
/* End PBXBuildFile section */

/* Begin PBXCopyFilesBuildPhase section */
		FBEBE53A1F5776400056D921 /* Embed Frameworks */ = {
			isa = PBXCopyFilesBuildPhase;
			buildActionMask = 2147483647;
			dstPath = "";
			dstSubfolderSpec = 10;
			files = (
				FBEBE5391F5776400056D921 /* Charts.framework in Embed Frameworks */,
			);
			name = "Embed Frameworks";
			runOnlyForDeploymentPostprocessing = 0;
		};
/* End PBXCopyFilesBuildPhase section */

/* Begin PBXFileReference section */
		241719C41F4D9EE10045C2D6 /* ProposalsViewController.h */ = {isa = PBXFileReference; fileEncoding = 4; lastKnownFileType = sourcecode.c.h; path = ProposalsViewController.h; sourceTree = "<group>"; };
		241719C51F4D9EE10045C2D6 /* ProposalsViewController.m */ = {isa = PBXFileReference; fileEncoding = 4; lastKnownFileType = sourcecode.c.objc; path = ProposalsViewController.m; sourceTree = "<group>"; };
		241719D61F4DA4C60045C2D6 /* ProposalsManager.h */ = {isa = PBXFileReference; fileEncoding = 4; lastKnownFileType = sourcecode.c.h; path = ProposalsManager.h; sourceTree = "<group>"; };
		241719D71F4DA4C60045C2D6 /* ProposalsManager.m */ = {isa = PBXFileReference; fileEncoding = 4; lastKnownFileType = sourcecode.c.objc; path = ProposalsManager.m; sourceTree = "<group>"; };
		241719D91F4DB0FB0045C2D6 /* Proposal+CoreDataClass.h */ = {isa = PBXFileReference; fileEncoding = 4; lastKnownFileType = sourcecode.c.h; path = "Proposal+CoreDataClass.h"; sourceTree = "<group>"; };
		241719DA1F4DB0FB0045C2D6 /* Proposal+CoreDataClass.m */ = {isa = PBXFileReference; fileEncoding = 4; lastKnownFileType = sourcecode.c.objc; path = "Proposal+CoreDataClass.m"; sourceTree = "<group>"; };
		241719DB1F4DB0FB0045C2D6 /* Proposal+CoreDataProperties.h */ = {isa = PBXFileReference; fileEncoding = 4; lastKnownFileType = sourcecode.c.h; path = "Proposal+CoreDataProperties.h"; sourceTree = "<group>"; };
		241719DC1F4DB0FB0045C2D6 /* Proposal+CoreDataProperties.m */ = {isa = PBXFileReference; fileEncoding = 4; lastKnownFileType = sourcecode.c.objc; path = "Proposal+CoreDataProperties.m"; sourceTree = "<group>"; };
		241719DD1F4DB0FB0045C2D6 /* Comment+CoreDataClass.h */ = {isa = PBXFileReference; fileEncoding = 4; lastKnownFileType = sourcecode.c.h; path = "Comment+CoreDataClass.h"; sourceTree = "<group>"; };
		241719DE1F4DB0FB0045C2D6 /* Comment+CoreDataClass.m */ = {isa = PBXFileReference; fileEncoding = 4; lastKnownFileType = sourcecode.c.objc; path = "Comment+CoreDataClass.m"; sourceTree = "<group>"; };
		241719DF1F4DB0FB0045C2D6 /* Comment+CoreDataProperties.h */ = {isa = PBXFileReference; fileEncoding = 4; lastKnownFileType = sourcecode.c.h; path = "Comment+CoreDataProperties.h"; sourceTree = "<group>"; };
		241719E01F4DB0FB0045C2D6 /* Comment+CoreDataProperties.m */ = {isa = PBXFileReference; fileEncoding = 4; lastKnownFileType = sourcecode.c.objc; path = "Comment+CoreDataProperties.m"; sourceTree = "<group>"; };
		2432DD9E1F54395600A14112 /* ProposalCell.h */ = {isa = PBXFileReference; fileEncoding = 4; lastKnownFileType = sourcecode.c.h; path = ProposalCell.h; sourceTree = "<group>"; };
		2432DD9F1F54395600A14112 /* ProposalCell.m */ = {isa = PBXFileReference; fileEncoding = 4; lastKnownFileType = sourcecode.c.objc; path = ProposalCell.m; sourceTree = "<group>"; };
		2442A01B1F4D6CDC006FAC0D /* DashControl.entitlements */ = {isa = PBXFileReference; lastKnownFileType = text.plist.entitlements; path = DashControl.entitlements; sourceTree = "<group>"; };
		248523571F4499C50027FBA6 /* RSSFeedDetailViewController.h */ = {isa = PBXFileReference; fileEncoding = 4; lastKnownFileType = sourcecode.c.h; path = RSSFeedDetailViewController.h; sourceTree = "<group>"; };
		248523581F4499C50027FBA6 /* RSSFeedDetailViewController.m */ = {isa = PBXFileReference; fileEncoding = 4; lastKnownFileType = sourcecode.c.objc; path = RSSFeedDetailViewController.m; sourceTree = "<group>"; };
		2485235A1F44A71B0027FBA6 /* WebKit.framework */ = {isa = PBXFileReference; lastKnownFileType = wrapper.framework; name = WebKit.framework; path = System/Library/Frameworks/WebKit.framework; sourceTree = SDKROOT; };
		24A215971F52C5E900A63311 /* Budget+CoreDataClass.h */ = {isa = PBXFileReference; fileEncoding = 4; lastKnownFileType = sourcecode.c.h; path = "Budget+CoreDataClass.h"; sourceTree = "<group>"; };
		24A215981F52C5E900A63311 /* Budget+CoreDataClass.m */ = {isa = PBXFileReference; fileEncoding = 4; lastKnownFileType = sourcecode.c.objc; path = "Budget+CoreDataClass.m"; sourceTree = "<group>"; };
		24A215991F52C5E900A63311 /* Budget+CoreDataProperties.h */ = {isa = PBXFileReference; fileEncoding = 4; lastKnownFileType = sourcecode.c.h; path = "Budget+CoreDataProperties.h"; sourceTree = "<group>"; };
		24A2159A1F52C5E900A63311 /* Budget+CoreDataProperties.m */ = {isa = PBXFileReference; fileEncoding = 4; lastKnownFileType = sourcecode.c.objc; path = "Budget+CoreDataProperties.m"; sourceTree = "<group>"; };
		24E1D8DD1F4D742D00AE2C47 /* UserNotifications.framework */ = {isa = PBXFileReference; lastKnownFileType = wrapper.framework; name = UserNotifications.framework; path = System/Library/Frameworks/UserNotifications.framework; sourceTree = SDKROOT; };
		24E584061F3ADAC900A12087 /* DashControl.xcdatamodel */ = {isa = PBXFileReference; lastKnownFileType = wrapper.xcdatamodel; path = DashControl.xcdatamodel; sourceTree = "<group>"; };
		24E5840C1F3ADBAA00A12087 /* Post+CoreDataClass.h */ = {isa = PBXFileReference; fileEncoding = 4; lastKnownFileType = sourcecode.c.h; path = "Post+CoreDataClass.h"; sourceTree = "<group>"; };
		24E5840D1F3ADBAA00A12087 /* Post+CoreDataClass.m */ = {isa = PBXFileReference; fileEncoding = 4; lastKnownFileType = sourcecode.c.objc; path = "Post+CoreDataClass.m"; sourceTree = "<group>"; };
		24E5840E1F3ADBAA00A12087 /* Post+CoreDataProperties.h */ = {isa = PBXFileReference; fileEncoding = 4; lastKnownFileType = sourcecode.c.h; path = "Post+CoreDataProperties.h"; sourceTree = "<group>"; };
		24E5840F1F3ADBAA00A12087 /* Post+CoreDataProperties.m */ = {isa = PBXFileReference; fileEncoding = 4; lastKnownFileType = sourcecode.c.objc; path = "Post+CoreDataProperties.m"; sourceTree = "<group>"; };
		24E584121F3ADC4C00A12087 /* RSSFeedManager.h */ = {isa = PBXFileReference; fileEncoding = 4; lastKnownFileType = sourcecode.c.h; path = RSSFeedManager.h; sourceTree = "<group>"; };
		24E584131F3ADC4C00A12087 /* RSSFeedManager.m */ = {isa = PBXFileReference; fileEncoding = 4; lastKnownFileType = sourcecode.c.objc; path = RSSFeedManager.m; sourceTree = "<group>"; };
		24E584151F3ADCEF00A12087 /* DashControl-PrefixHeader.pch */ = {isa = PBXFileReference; lastKnownFileType = sourcecode.c.h; path = "DashControl-PrefixHeader.pch"; sourceTree = "<group>"; };
		24E584161F3AF18A00A12087 /* RSSFeedListViewController.h */ = {isa = PBXFileReference; fileEncoding = 4; lastKnownFileType = sourcecode.c.h; path = RSSFeedListViewController.h; sourceTree = "<group>"; };
		24E584171F3AF18A00A12087 /* RSSFeedListViewController.m */ = {isa = PBXFileReference; fileEncoding = 4; lastKnownFileType = sourcecode.c.objc; path = RSSFeedListViewController.m; sourceTree = "<group>"; };
		24E584191F3AFB0F00A12087 /* RSSFeedListTableViewCell.h */ = {isa = PBXFileReference; fileEncoding = 4; lastKnownFileType = sourcecode.c.h; path = RSSFeedListTableViewCell.h; sourceTree = "<group>"; };
		24E5841A1F3AFB0F00A12087 /* RSSFeedListTableViewCell.m */ = {isa = PBXFileReference; fileEncoding = 4; lastKnownFileType = sourcecode.c.objc; path = RSSFeedListTableViewCell.m; sourceTree = "<group>"; };
		24FE25471F4C7ECE00E32652 /* DCBackendManager.h */ = {isa = PBXFileReference; fileEncoding = 4; lastKnownFileType = sourcecode.c.h; path = DCBackendManager.h; sourceTree = "<group>"; };
		24FE25481F4C7ECE00E32652 /* DCBackendManager.m */ = {isa = PBXFileReference; fileEncoding = 4; lastKnownFileType = sourcecode.c.objc; path = DCBackendManager.m; sourceTree = "<group>"; };
		24FE254A1F4C82C900E32652 /* PriceViewController.h */ = {isa = PBXFileReference; fileEncoding = 4; lastKnownFileType = sourcecode.c.h; path = PriceViewController.h; sourceTree = "<group>"; };
		24FE254B1F4C82C900E32652 /* PriceViewController.m */ = {isa = PBXFileReference; fileEncoding = 4; lastKnownFileType = sourcecode.c.objc; path = PriceViewController.m; sourceTree = "<group>"; };
		481845A5C2EBC2EB1752483D /* Pods-DashControl.release.xcconfig */ = {isa = PBXFileReference; includeInIndex = 1; lastKnownFileType = text.xcconfig; name = "Pods-DashControl.release.xcconfig"; path = "Pods/Target Support Files/Pods-DashControl/Pods-DashControl.release.xcconfig"; sourceTree = "<group>"; };
		6385EAF7B5AD9CDA2429BFAE /* Pods-DashControl.debug.xcconfig */ = {isa = PBXFileReference; includeInIndex = 1; lastKnownFileType = text.xcconfig; name = "Pods-DashControl.debug.xcconfig"; path = "Pods/Target Support Files/Pods-DashControl/Pods-DashControl.debug.xcconfig"; sourceTree = "<group>"; };
		742C8B5087BA50FD669F86E9 /* libPods-DashControl.a */ = {isa = PBXFileReference; explicitFileType = archive.ar; includeInIndex = 0; path = "libPods-DashControl.a"; sourceTree = BUILT_PRODUCTS_DIR; };
		FB2F9B3B1F5C9F960035180D /* NSArray+SWAdditions.h */ = {isa = PBXFileReference; fileEncoding = 4; lastKnownFileType = sourcecode.c.h; path = "NSArray+SWAdditions.h"; sourceTree = "<group>"; };
		FB2F9B3C1F5C9F960035180D /* NSArray+SWAdditions.m */ = {isa = PBXFileReference; fileEncoding = 4; lastKnownFileType = sourcecode.c.objc; path = "NSArray+SWAdditions.m"; sourceTree = "<group>"; };
		FB84EDBD1F32898700E4D400 /* DashControl.app */ = {isa = PBXFileReference; explicitFileType = wrapper.application; includeInIndex = 0; path = DashControl.app; sourceTree = BUILT_PRODUCTS_DIR; };
		FB84EDC11F32898700E4D400 /* main.m */ = {isa = PBXFileReference; lastKnownFileType = sourcecode.c.objc; path = main.m; sourceTree = "<group>"; };
		FB84EDC31F32898700E4D400 /* AppDelegate.h */ = {isa = PBXFileReference; lastKnownFileType = sourcecode.c.h; path = AppDelegate.h; sourceTree = "<group>"; };
		FB84EDC41F32898700E4D400 /* AppDelegate.m */ = {isa = PBXFileReference; lastKnownFileType = sourcecode.c.objc; path = AppDelegate.m; sourceTree = "<group>"; };
		FB84EDCD1F32898700E4D400 /* Base */ = {isa = PBXFileReference; lastKnownFileType = file.storyboard; name = Base; path = Base.lproj/Main.storyboard; sourceTree = "<group>"; };
		FB84EDCF1F32898700E4D400 /* Assets.xcassets */ = {isa = PBXFileReference; lastKnownFileType = folder.assetcatalog; path = Assets.xcassets; sourceTree = "<group>"; };
		FB84EDD21F32898700E4D400 /* Base */ = {isa = PBXFileReference; lastKnownFileType = file.storyboard; name = Base; path = Base.lproj/LaunchScreen.storyboard; sourceTree = "<group>"; };
		FB84EDD41F32898700E4D400 /* Info.plist */ = {isa = PBXFileReference; lastKnownFileType = text.plist.xml; path = Info.plist; sourceTree = "<group>"; };
		FB84EDDB1F32908C00E4D400 /* DCDataManager.h */ = {isa = PBXFileReference; fileEncoding = 4; lastKnownFileType = sourcecode.c.h; path = DCDataManager.h; sourceTree = "<group>"; };
		FB84EDDC1F32908C00E4D400 /* DCDataManager.m */ = {isa = PBXFileReference; fileEncoding = 4; lastKnownFileType = sourcecode.c.objc; path = DCDataManager.m; sourceTree = "<group>"; };
		FB84EDDE1F3293C700E4D400 /* DCWalletConstants.h */ = {isa = PBXFileReference; fileEncoding = 4; lastKnownFileType = sourcecode.c.h; path = DCWalletConstants.h; sourceTree = "<group>"; };
		FBE1F4FD1F5D4CF500823A77 /* ChartDataEntry+CoreDataClass.h */ = {isa = PBXFileReference; fileEncoding = 4; lastKnownFileType = sourcecode.c.h; path = "ChartDataEntry+CoreDataClass.h"; sourceTree = "<group>"; };
		FBE1F4FE1F5D4CF500823A77 /* ChartDataEntry+CoreDataClass.m */ = {isa = PBXFileReference; fileEncoding = 4; lastKnownFileType = sourcecode.c.objc; path = "ChartDataEntry+CoreDataClass.m"; sourceTree = "<group>"; };
		FBE1F4FF1F5D4CF500823A77 /* ChartDataEntry+CoreDataProperties.h */ = {isa = PBXFileReference; fileEncoding = 4; lastKnownFileType = sourcecode.c.h; path = "ChartDataEntry+CoreDataProperties.h"; sourceTree = "<group>"; };
		FBE1F5001F5D4CF500823A77 /* ChartDataEntry+CoreDataProperties.m */ = {isa = PBXFileReference; fileEncoding = 4; lastKnownFileType = sourcecode.c.objc; path = "ChartDataEntry+CoreDataProperties.m"; sourceTree = "<group>"; };
		FBE1F5011F5D4CF500823A77 /* Exchange+CoreDataClass.h */ = {isa = PBXFileReference; fileEncoding = 4; lastKnownFileType = sourcecode.c.h; path = "Exchange+CoreDataClass.h"; sourceTree = "<group>"; };
		FBE1F5021F5D4CF500823A77 /* Exchange+CoreDataClass.m */ = {isa = PBXFileReference; fileEncoding = 4; lastKnownFileType = sourcecode.c.objc; path = "Exchange+CoreDataClass.m"; sourceTree = "<group>"; };
		FBE1F5031F5D4CF500823A77 /* Exchange+CoreDataProperties.h */ = {isa = PBXFileReference; fileEncoding = 4; lastKnownFileType = sourcecode.c.h; path = "Exchange+CoreDataProperties.h"; sourceTree = "<group>"; };
		FBE1F5041F5D4CF500823A77 /* Exchange+CoreDataProperties.m */ = {isa = PBXFileReference; fileEncoding = 4; lastKnownFileType = sourcecode.c.objc; path = "Exchange+CoreDataProperties.m"; sourceTree = "<group>"; };
		FBE1F5051F5D4CF500823A77 /* Market+CoreDataClass.h */ = {isa = PBXFileReference; fileEncoding = 4; lastKnownFileType = sourcecode.c.h; path = "Market+CoreDataClass.h"; sourceTree = "<group>"; };
		FBE1F5061F5D4CF500823A77 /* Market+CoreDataClass.m */ = {isa = PBXFileReference; fileEncoding = 4; lastKnownFileType = sourcecode.c.objc; path = "Market+CoreDataClass.m"; sourceTree = "<group>"; };
		FBE1F5071F5D4CF500823A77 /* Market+CoreDataProperties.h */ = {isa = PBXFileReference; fileEncoding = 4; lastKnownFileType = sourcecode.c.h; path = "Market+CoreDataProperties.h"; sourceTree = "<group>"; };
		FBE1F5081F5D4CF500823A77 /* Market+CoreDataProperties.m */ = {isa = PBXFileReference; fileEncoding = 4; lastKnownFileType = sourcecode.c.objc; path = "Market+CoreDataProperties.m"; sourceTree = "<group>"; };
		FBEBE5371F5776400056D921 /* Charts.framework */ = {isa = PBXFileReference; explicitFileType = wrapper.framework; path = Charts.framework; sourceTree = BUILT_PRODUCTS_DIR; };
		FBEBE5401F5802DE0056D921 /* ChartTimeFormatter.h */ = {isa = PBXFileReference; fileEncoding = 4; lastKnownFileType = sourcecode.c.h; path = ChartTimeFormatter.h; sourceTree = "<group>"; };
		FBEBE5411F5802DE0056D921 /* ChartTimeFormatter.m */ = {isa = PBXFileReference; fileEncoding = 4; lastKnownFileType = sourcecode.c.objc; path = ChartTimeFormatter.m; sourceTree = "<group>"; };
		FBEBE5441F5986510056D921 /* DCCoreDataManager.h */ = {isa = PBXFileReference; fileEncoding = 4; lastKnownFileType = sourcecode.c.h; path = DCCoreDataManager.h; sourceTree = "<group>"; };
		FBEBE5451F5986510056D921 /* DCCoreDataManager.m */ = {isa = PBXFileReference; fileEncoding = 4; lastKnownFileType = sourcecode.c.objc; path = DCCoreDataManager.m; sourceTree = "<group>"; };
/* End PBXFileReference section */

/* Begin PBXFrameworksBuildPhase section */
		FB84EDBA1F32898700E4D400 /* Frameworks */ = {
			isa = PBXFrameworksBuildPhase;
			buildActionMask = 2147483647;
			files = (
				24E1D8DE1F4D742D00AE2C47 /* UserNotifications.framework in Frameworks */,
				FBEBE5381F5776400056D921 /* Charts.framework in Frameworks */,
				2485235B1F44A71B0027FBA6 /* WebKit.framework in Frameworks */,
				5D54F512F2D3905041390607 /* libPods-DashControl.a in Frameworks */,
			);
			runOnlyForDeploymentPostprocessing = 0;
		};
/* End PBXFrameworksBuildPhase section */

/* Begin PBXGroup section */
		241719C31F4D9EC30045C2D6 /* Proposals */ = {
			isa = PBXGroup;
			children = (
				241719D51F4DA49E0045C2D6 /* Manager */,
				241719C81F4DA0280045C2D6 /* Models */,
				241719C71F4DA0130045C2D6 /* ViewControllers */,
			);
			name = Proposals;
			sourceTree = "<group>";
		};
		241719C71F4DA0130045C2D6 /* ViewControllers */ = {
			isa = PBXGroup;
			children = (
				241719C41F4D9EE10045C2D6 /* ProposalsViewController.h */,
				241719C51F4D9EE10045C2D6 /* ProposalsViewController.m */,
				2432DD9E1F54395600A14112 /* ProposalCell.h */,
				2432DD9F1F54395600A14112 /* ProposalCell.m */,
			);
			name = ViewControllers;
			sourceTree = "<group>";
		};
		241719C81F4DA0280045C2D6 /* Models */ = {
			isa = PBXGroup;
			children = (
				24A215971F52C5E900A63311 /* Budget+CoreDataClass.h */,
				24A215981F52C5E900A63311 /* Budget+CoreDataClass.m */,
				24A215991F52C5E900A63311 /* Budget+CoreDataProperties.h */,
				24A2159A1F52C5E900A63311 /* Budget+CoreDataProperties.m */,
				241719D91F4DB0FB0045C2D6 /* Proposal+CoreDataClass.h */,
				241719DA1F4DB0FB0045C2D6 /* Proposal+CoreDataClass.m */,
				241719DB1F4DB0FB0045C2D6 /* Proposal+CoreDataProperties.h */,
				241719DC1F4DB0FB0045C2D6 /* Proposal+CoreDataProperties.m */,
				241719DD1F4DB0FB0045C2D6 /* Comment+CoreDataClass.h */,
				241719DE1F4DB0FB0045C2D6 /* Comment+CoreDataClass.m */,
				241719DF1F4DB0FB0045C2D6 /* Comment+CoreDataProperties.h */,
				241719E01F4DB0FB0045C2D6 /* Comment+CoreDataProperties.m */,
			);
			name = Models;
			sourceTree = "<group>";
		};
		241719D51F4DA49E0045C2D6 /* Manager */ = {
			isa = PBXGroup;
			children = (
				241719D61F4DA4C60045C2D6 /* ProposalsManager.h */,
				241719D71F4DA4C60045C2D6 /* ProposalsManager.m */,
			);
			name = Manager;
			sourceTree = "<group>";
		};
		24E584011F3ADA0100A12087 /* RSSFeed */ = {
			isa = PBXGroup;
			children = (
				24E584031F3ADA4000A12087 /* Models */,
				24E584021F3ADA3A00A12087 /* Manager */,
				24E584041F3ADA4500A12087 /* ViewControllers */,
			);
			name = RSSFeed;
			sourceTree = "<group>";
		};
		24E584021F3ADA3A00A12087 /* Manager */ = {
			isa = PBXGroup;
			children = (
				24E584121F3ADC4C00A12087 /* RSSFeedManager.h */,
				24E584131F3ADC4C00A12087 /* RSSFeedManager.m */,
			);
			name = Manager;
			sourceTree = "<group>";
		};
		24E584031F3ADA4000A12087 /* Models */ = {
			isa = PBXGroup;
			children = (
				24E5840C1F3ADBAA00A12087 /* Post+CoreDataClass.h */,
				24E5840D1F3ADBAA00A12087 /* Post+CoreDataClass.m */,
				24E5840E1F3ADBAA00A12087 /* Post+CoreDataProperties.h */,
				24E5840F1F3ADBAA00A12087 /* Post+CoreDataProperties.m */,
			);
			name = Models;
			sourceTree = "<group>";
		};
		24E584041F3ADA4500A12087 /* ViewControllers */ = {
			isa = PBXGroup;
			children = (
				24E584161F3AF18A00A12087 /* RSSFeedListViewController.h */,
				24E584171F3AF18A00A12087 /* RSSFeedListViewController.m */,
				24E584191F3AFB0F00A12087 /* RSSFeedListTableViewCell.h */,
				24E5841A1F3AFB0F00A12087 /* RSSFeedListTableViewCell.m */,
				248523571F4499C50027FBA6 /* RSSFeedDetailViewController.h */,
				248523581F4499C50027FBA6 /* RSSFeedDetailViewController.m */,
			);
			name = ViewControllers;
			sourceTree = "<group>";
		};
		24FE253D1F4C7DA200E32652 /* Price */ = {
			isa = PBXGroup;
			children = (
				24FE253E1F4C7DB500E32652 /* Models */,
				24FE253F1F4C7DC600E32652 /* Managers */,
				24FE25401F4C7DCC00E32652 /* ViewControllers */,
			);
			name = Price;
			sourceTree = "<group>";
		};
		24FE253E1F4C7DB500E32652 /* Models */ = {
			isa = PBXGroup;
			children = (
				FBE1F4FD1F5D4CF500823A77 /* ChartDataEntry+CoreDataClass.h */,
				FBE1F4FE1F5D4CF500823A77 /* ChartDataEntry+CoreDataClass.m */,
				FBE1F4FF1F5D4CF500823A77 /* ChartDataEntry+CoreDataProperties.h */,
				FBE1F5001F5D4CF500823A77 /* ChartDataEntry+CoreDataProperties.m */,
				FBE1F5011F5D4CF500823A77 /* Exchange+CoreDataClass.h */,
				FBE1F5021F5D4CF500823A77 /* Exchange+CoreDataClass.m */,
				FBE1F5031F5D4CF500823A77 /* Exchange+CoreDataProperties.h */,
				FBE1F5041F5D4CF500823A77 /* Exchange+CoreDataProperties.m */,
				FBE1F5051F5D4CF500823A77 /* Market+CoreDataClass.h */,
				FBE1F5061F5D4CF500823A77 /* Market+CoreDataClass.m */,
				FBE1F5071F5D4CF500823A77 /* Market+CoreDataProperties.h */,
				FBE1F5081F5D4CF500823A77 /* Market+CoreDataProperties.m */,
			);
			name = Models;
			sourceTree = "<group>";
		};
		24FE253F1F4C7DC600E32652 /* Managers */ = {
			isa = PBXGroup;
			children = (
				24FE25471F4C7ECE00E32652 /* DCBackendManager.h */,
				24FE25481F4C7ECE00E32652 /* DCBackendManager.m */,
				FBEBE5441F5986510056D921 /* DCCoreDataManager.h */,
				FBEBE5451F5986510056D921 /* DCCoreDataManager.m */,
			);
			name = Managers;
			sourceTree = "<group>";
		};
		24FE25401F4C7DCC00E32652 /* ViewControllers */ = {
			isa = PBXGroup;
			children = (
				FBEBE53F1F5802BE0056D921 /* Chart Helpers */,
				24FE254A1F4C82C900E32652 /* PriceViewController.h */,
				24FE254B1F4C82C900E32652 /* PriceViewController.m */,
			);
			name = ViewControllers;
			sourceTree = "<group>";
		};
		3A3DCF867D724725B2BA999A /* Pods */ = {
			isa = PBXGroup;
			children = (
				6385EAF7B5AD9CDA2429BFAE /* Pods-DashControl.debug.xcconfig */,
				481845A5C2EBC2EB1752483D /* Pods-DashControl.release.xcconfig */,
			);
			name = Pods;
			sourceTree = "<group>";
		};
		F8F9FBF8277751CF40134EEE /* Frameworks */ = {
			isa = PBXGroup;
			children = (
				FBEBE5371F5776400056D921 /* Charts.framework */,
				24E1D8DD1F4D742D00AE2C47 /* UserNotifications.framework */,
				2485235A1F44A71B0027FBA6 /* WebKit.framework */,
				742C8B5087BA50FD669F86E9 /* libPods-DashControl.a */,
			);
			name = Frameworks;
			sourceTree = "<group>";
		};
		FB2F9B3A1F5C9F8A0035180D /* Utilities */ = {
			isa = PBXGroup;
			children = (
				FB2F9B3B1F5C9F960035180D /* NSArray+SWAdditions.h */,
				FB2F9B3C1F5C9F960035180D /* NSArray+SWAdditions.m */,
			);
			name = Utilities;
			sourceTree = "<group>";
		};
		FB2F9B3E1F5CA0050035180D /* Views */ = {
			isa = PBXGroup;
			children = (
				24E584011F3ADA0100A12087 /* RSSFeed */,
				241719C31F4D9EC30045C2D6 /* Proposals */,
				24FE253D1F4C7DA200E32652 /* Price */,
			);
			name = Views;
			sourceTree = "<group>";
		};
		FB84EDB41F32898700E4D400 = {
			isa = PBXGroup;
			children = (
				FB84EDBF1F32898700E4D400 /* DashControl */,
				FB84EDBE1F32898700E4D400 /* Products */,
				F8F9FBF8277751CF40134EEE /* Frameworks */,
				3A3DCF867D724725B2BA999A /* Pods */,
			);
			sourceTree = "<group>";
		};
		FB84EDBE1F32898700E4D400 /* Products */ = {
			isa = PBXGroup;
			children = (
				FB84EDBD1F32898700E4D400 /* DashControl.app */,
			);
			name = Products;
			sourceTree = "<group>";
		};
		FB84EDBF1F32898700E4D400 /* DashControl */ = {
			isa = PBXGroup;
			children = (
				FB2F9B3A1F5C9F8A0035180D /* Utilities */,
				FB2F9B3E1F5CA0050035180D /* Views */,
				2442A01B1F4D6CDC006FAC0D /* DashControl.entitlements */,
				24E584051F3ADAC900A12087 /* DashControl.xcdatamodeld */,
				FB84EDDA1F32906F00E4D400 /* New Group */,
				FB84EDC31F32898700E4D400 /* AppDelegate.h */,
				FB84EDC41F32898700E4D400 /* AppDelegate.m */,
				FB84EDCC1F32898700E4D400 /* Main.storyboard */,
				FB84EDCF1F32898700E4D400 /* Assets.xcassets */,
				FB84EDD11F32898700E4D400 /* LaunchScreen.storyboard */,
				FB84EDD41F32898700E4D400 /* Info.plist */,
				FB84EDC01F32898700E4D400 /* Supporting Files */,
			);
			path = DashControl;
			sourceTree = "<group>";
		};
		FB84EDC01F32898700E4D400 /* Supporting Files */ = {
			isa = PBXGroup;
			children = (
				FB84EDC11F32898700E4D400 /* main.m */,
				24E584151F3ADCEF00A12087 /* DashControl-PrefixHeader.pch */,
			);
			name = "Supporting Files";
			sourceTree = "<group>";
		};
		FB84EDDA1F32906F00E4D400 /* New Group */ = {
			isa = PBXGroup;
			children = (
				FB84EDDE1F3293C700E4D400 /* DCWalletConstants.h */,
				FB84EDDB1F32908C00E4D400 /* DCDataManager.h */,
				FB84EDDC1F32908C00E4D400 /* DCDataManager.m */,
			);
			name = "New Group";
			sourceTree = "<group>";
		};
		FBEBE53F1F5802BE0056D921 /* Chart Helpers */ = {
			isa = PBXGroup;
			children = (
				FBEBE5401F5802DE0056D921 /* ChartTimeFormatter.h */,
				FBEBE5411F5802DE0056D921 /* ChartTimeFormatter.m */,
			);
			name = "Chart Helpers";
			sourceTree = "<group>";
		};
/* End PBXGroup section */

/* Begin PBXNativeTarget section */
		FB84EDBC1F32898700E4D400 /* DashControl */ = {
			isa = PBXNativeTarget;
			buildConfigurationList = FB84EDD71F32898700E4D400 /* Build configuration list for PBXNativeTarget "DashControl" */;
			buildPhases = (
				B13CDC11D77705DD862345F6 /* [CP] Check Pods Manifest.lock */,
				FB84EDB91F32898700E4D400 /* Sources */,
				FB84EDBA1F32898700E4D400 /* Frameworks */,
				FB84EDBB1F32898700E4D400 /* Resources */,
				779A0EF1233194D4FD01D2DF /* [CP] Embed Pods Frameworks */,
				75B0D16B75B1B72896B89E51 /* [CP] Copy Pods Resources */,
				FBEBE53A1F5776400056D921 /* Embed Frameworks */,
			);
			buildRules = (
			);
			dependencies = (
			);
			name = DashControl;
			productName = DashControl;
			productReference = FB84EDBD1F32898700E4D400 /* DashControl.app */;
			productType = "com.apple.product-type.application";
		};
/* End PBXNativeTarget section */

/* Begin PBXProject section */
		FB84EDB51F32898700E4D400 /* Project object */ = {
			isa = PBXProject;
			attributes = {
				LastUpgradeCheck = 0830;
				ORGANIZATIONNAME = dashfoundation;
				TargetAttributes = {
					FB84EDBC1F32898700E4D400 = {
						CreatedOnToolsVersion = 8.3.3;
						DevelopmentTeam = 44RJ69WHFF;
						LastSwiftMigration = 0830;
						ProvisioningStyle = Automatic;
						SystemCapabilities = {
							com.apple.Push = {
								enabled = 1;
							};
						};
					};
				};
			};
			buildConfigurationList = FB84EDB81F32898700E4D400 /* Build configuration list for PBXProject "DashControl" */;
			compatibilityVersion = "Xcode 3.2";
			developmentRegion = English;
			hasScannedForEncodings = 0;
			knownRegions = (
				en,
				Base,
			);
			mainGroup = FB84EDB41F32898700E4D400;
			productRefGroup = FB84EDBE1F32898700E4D400 /* Products */;
			projectDirPath = "";
			projectRoot = "";
			targets = (
				FB84EDBC1F32898700E4D400 /* DashControl */,
			);
		};
/* End PBXProject section */

/* Begin PBXResourcesBuildPhase section */
		FB84EDBB1F32898700E4D400 /* Resources */ = {
			isa = PBXResourcesBuildPhase;
			buildActionMask = 2147483647;
			files = (
				FB84EDD31F32898700E4D400 /* LaunchScreen.storyboard in Resources */,
				FB84EDD01F32898700E4D400 /* Assets.xcassets in Resources */,
				FB84EDCE1F32898700E4D400 /* Main.storyboard in Resources */,
			);
			runOnlyForDeploymentPostprocessing = 0;
		};
/* End PBXResourcesBuildPhase section */

/* Begin PBXShellScriptBuildPhase section */
		75B0D16B75B1B72896B89E51 /* [CP] Copy Pods Resources */ = {
			isa = PBXShellScriptBuildPhase;
			buildActionMask = 2147483647;
			files = (
			);
			inputPaths = (
				"${SRCROOT}/Pods/Target Support Files/Pods-DashControl/Pods-DashControl-resources.sh",
				$PODS_CONFIGURATION_BUILD_DIR/MBCircularProgressBar/MBCircularProgressBar.bundle,
			);
			name = "[CP] Copy Pods Resources";
			outputPaths = (
				"${TARGET_BUILD_DIR}/${UNLOCALIZED_RESOURCES_FOLDER_PATH}",
			);
			runOnlyForDeploymentPostprocessing = 0;
			shellPath = /bin/sh;
			shellScript = "\"${SRCROOT}/Pods/Target Support Files/Pods-DashControl/Pods-DashControl-resources.sh\"\n";
			showEnvVarsInLog = 0;
		};
		779A0EF1233194D4FD01D2DF /* [CP] Embed Pods Frameworks */ = {
			isa = PBXShellScriptBuildPhase;
			buildActionMask = 2147483647;
			files = (
			);
			inputPaths = (
				"${SRCROOT}/Pods/Target Support Files/Pods-DashControl/Pods-DashControl-frameworks.sh",
				"${BUILT_PRODUCTS_DIR}/AFNetworking/AFNetworking.framework",
				"${BUILT_PRODUCTS_DIR}/Charts/Charts.framework",
				"${BUILT_PRODUCTS_DIR}/MBCircularProgressBar/MBCircularProgressBar.framework",
				"${BUILT_PRODUCTS_DIR}/RaptureXML/RaptureXML.framework",
				"${BUILT_PRODUCTS_DIR}/Reachability/Reachability.framework",
				"${BUILT_PRODUCTS_DIR}/SDWebImage/SDWebImage.framework",
			);
			name = "[CP] Embed Pods Frameworks";
			outputPaths = (
				"${TARGET_BUILD_DIR}/${FRAMEWORKS_FOLDER_PATH}/AFNetworking.framework",
				"${TARGET_BUILD_DIR}/${FRAMEWORKS_FOLDER_PATH}/Charts.framework",
				"${TARGET_BUILD_DIR}/${FRAMEWORKS_FOLDER_PATH}/MBCircularProgressBar.framework",
				"${TARGET_BUILD_DIR}/${FRAMEWORKS_FOLDER_PATH}/RaptureXML.framework",
				"${TARGET_BUILD_DIR}/${FRAMEWORKS_FOLDER_PATH}/Reachability.framework",
				"${TARGET_BUILD_DIR}/${FRAMEWORKS_FOLDER_PATH}/SDWebImage.framework",
			);
			runOnlyForDeploymentPostprocessing = 0;
			shellPath = /bin/sh;
			shellScript = "\"${SRCROOT}/Pods/Target Support Files/Pods-DashControl/Pods-DashControl-frameworks.sh\"\n";
			showEnvVarsInLog = 0;
		};
		B13CDC11D77705DD862345F6 /* [CP] Check Pods Manifest.lock */ = {
			isa = PBXShellScriptBuildPhase;
			buildActionMask = 2147483647;
			files = (
			);
			inputPaths = (
				"${PODS_PODFILE_DIR_PATH}/Podfile.lock",
				"${PODS_ROOT}/Manifest.lock",
			);
			name = "[CP] Check Pods Manifest.lock";
			outputPaths = (
				"$(DERIVED_FILE_DIR)/Pods-DashControl-checkManifestLockResult.txt",
			);
			runOnlyForDeploymentPostprocessing = 0;
			shellPath = /bin/sh;
			shellScript = "diff \"${PODS_PODFILE_DIR_PATH}/Podfile.lock\" \"${PODS_ROOT}/Manifest.lock\" > /dev/null\nif [ $? != 0 ] ; then\n    # print error to STDERR\n    echo \"error: The sandbox is not in sync with the Podfile.lock. Run 'pod install' or update your CocoaPods installation.\" >&2\n    exit 1\nfi\n# This output is used by Xcode 'outputs' to avoid re-running this script phase.\necho \"SUCCESS\" > \"${SCRIPT_OUTPUT_FILE_0}\"\n";
			showEnvVarsInLog = 0;
		};
/* End PBXShellScriptBuildPhase section */

/* Begin PBXSourcesBuildPhase section */
		FB84EDB91F32898700E4D400 /* Sources */ = {
			isa = PBXSourcesBuildPhase;
			buildActionMask = 2147483647;
			files = (
				24A2159C1F52C5E900A63311 /* Budget+CoreDataProperties.m in Sources */,
				24FE254C1F4C82C900E32652 /* PriceViewController.m in Sources */,
				FB2F9B3D1F5C9F960035180D /* NSArray+SWAdditions.m in Sources */,
				241719E41F4DB0FB0045C2D6 /* Comment+CoreDataProperties.m in Sources */,
				FB84EDC51F32898700E4D400 /* AppDelegate.m in Sources */,
				FBE1F50D1F5D4CF500823A77 /* Market+CoreDataClass.m in Sources */,
				FBEBE5421F5802DE0056D921 /* ChartTimeFormatter.m in Sources */,
				24E584101F3ADBAA00A12087 /* Post+CoreDataClass.m in Sources */,
				24E584071F3ADAC900A12087 /* DashControl.xcdatamodeld in Sources */,
				241719E31F4DB0FB0045C2D6 /* Comment+CoreDataClass.m in Sources */,
				FBEBE5461F5986510056D921 /* DCCoreDataManager.m in Sources */,
				FBE1F50E1F5D4CF500823A77 /* Market+CoreDataProperties.m in Sources */,
				24E5841C1F3AFB0F00A12087 /* RSSFeedListTableViewCell.m in Sources */,
				FBE1F50A1F5D4CF500823A77 /* ChartDataEntry+CoreDataProperties.m in Sources */,
				241719D81F4DA4C60045C2D6 /* ProposalsManager.m in Sources */,
				24A2159B1F52C5E900A63311 /* Budget+CoreDataClass.m in Sources */,
				FBE1F50C1F5D4CF500823A77 /* Exchange+CoreDataProperties.m in Sources */,
				241719E21F4DB0FB0045C2D6 /* Proposal+CoreDataProperties.m in Sources */,
				24E584111F3ADBAA00A12087 /* Post+CoreDataProperties.m in Sources */,
				24C6C6361F544268007F3671 /* ProposalsViewController.m in Sources */,
				248523591F4499C50027FBA6 /* RSSFeedDetailViewController.m in Sources */,
				24FE25491F4C7ECE00E32652 /* DCBackendManager.m in Sources */,
				FB84EDC21F32898700E4D400 /* main.m in Sources */,
				FBE1F50B1F5D4CF500823A77 /* Exchange+CoreDataClass.m in Sources */,
				24E584141F3ADC4C00A12087 /* RSSFeedManager.m in Sources */,
				2432DDA01F54395600A14112 /* ProposalCell.m in Sources */,
				241719E11F4DB0FB0045C2D6 /* Proposal+CoreDataClass.m in Sources */,
				FBE1F5091F5D4CF500823A77 /* ChartDataEntry+CoreDataClass.m in Sources */,
				24E584001F3A35AF00A12087 /* DCDataManager.m in Sources */,
				24E584181F3AF18A00A12087 /* RSSFeedListViewController.m in Sources */,
			);
			runOnlyForDeploymentPostprocessing = 0;
		};
/* End PBXSourcesBuildPhase section */

/* Begin PBXVariantGroup section */
		FB84EDCC1F32898700E4D400 /* Main.storyboard */ = {
			isa = PBXVariantGroup;
			children = (
				FB84EDCD1F32898700E4D400 /* Base */,
			);
			name = Main.storyboard;
			sourceTree = "<group>";
		};
		FB84EDD11F32898700E4D400 /* LaunchScreen.storyboard */ = {
			isa = PBXVariantGroup;
			children = (
				FB84EDD21F32898700E4D400 /* Base */,
			);
			name = LaunchScreen.storyboard;
			sourceTree = "<group>";
		};
/* End PBXVariantGroup section */

/* Begin XCBuildConfiguration section */
		FB84EDD51F32898700E4D400 /* Debug */ = {
			isa = XCBuildConfiguration;
			buildSettings = {
				ALWAYS_SEARCH_USER_PATHS = NO;
				CLANG_ANALYZER_NONNULL = YES;
				CLANG_ANALYZER_NUMBER_OBJECT_CONVERSION = YES_AGGRESSIVE;
				CLANG_CXX_LANGUAGE_STANDARD = "gnu++0x";
				CLANG_CXX_LIBRARY = "libc++";
				CLANG_ENABLE_MODULES = YES;
				CLANG_ENABLE_OBJC_ARC = YES;
				CLANG_WARN_BOOL_CONVERSION = YES;
				CLANG_WARN_CONSTANT_CONVERSION = YES;
				CLANG_WARN_DIRECT_OBJC_ISA_USAGE = YES_ERROR;
				CLANG_WARN_DOCUMENTATION_COMMENTS = YES;
				CLANG_WARN_EMPTY_BODY = YES;
				CLANG_WARN_ENUM_CONVERSION = YES;
				CLANG_WARN_INFINITE_RECURSION = YES;
				CLANG_WARN_INT_CONVERSION = YES;
				CLANG_WARN_OBJC_ROOT_CLASS = YES_ERROR;
				CLANG_WARN_SUSPICIOUS_MOVE = YES;
				CLANG_WARN_UNREACHABLE_CODE = YES;
				CLANG_WARN__DUPLICATE_METHOD_MATCH = YES;
				"CODE_SIGN_IDENTITY[sdk=iphoneos*]" = "iPhone Developer";
				COPY_PHASE_STRIP = NO;
				DEBUG_INFORMATION_FORMAT = dwarf;
				ENABLE_STRICT_OBJC_MSGSEND = YES;
				ENABLE_TESTABILITY = YES;
				GCC_C_LANGUAGE_STANDARD = gnu99;
				GCC_DYNAMIC_NO_PIC = NO;
				GCC_NO_COMMON_BLOCKS = YES;
				GCC_OPTIMIZATION_LEVEL = 0;
				GCC_PREPROCESSOR_DEFINITIONS = (
					"DEBUG=1",
					"$(inherited)",
				);
				GCC_WARN_64_TO_32_BIT_CONVERSION = YES;
				GCC_WARN_ABOUT_RETURN_TYPE = YES_ERROR;
				GCC_WARN_UNDECLARED_SELECTOR = YES;
				GCC_WARN_UNINITIALIZED_AUTOS = YES_AGGRESSIVE;
				GCC_WARN_UNUSED_FUNCTION = YES;
				GCC_WARN_UNUSED_VARIABLE = YES;
				IPHONEOS_DEPLOYMENT_TARGET = 8.0;
				MTL_ENABLE_DEBUG_INFO = YES;
				ONLY_ACTIVE_ARCH = YES;
				SDKROOT = iphoneos;
				TARGETED_DEVICE_FAMILY = "1,2";
			};
			name = Debug;
		};
		FB84EDD61F32898700E4D400 /* Release */ = {
			isa = XCBuildConfiguration;
			buildSettings = {
				ALWAYS_SEARCH_USER_PATHS = NO;
				CLANG_ANALYZER_NONNULL = YES;
				CLANG_ANALYZER_NUMBER_OBJECT_CONVERSION = YES_AGGRESSIVE;
				CLANG_CXX_LANGUAGE_STANDARD = "gnu++0x";
				CLANG_CXX_LIBRARY = "libc++";
				CLANG_ENABLE_MODULES = YES;
				CLANG_ENABLE_OBJC_ARC = YES;
				CLANG_WARN_BOOL_CONVERSION = YES;
				CLANG_WARN_CONSTANT_CONVERSION = YES;
				CLANG_WARN_DIRECT_OBJC_ISA_USAGE = YES_ERROR;
				CLANG_WARN_DOCUMENTATION_COMMENTS = YES;
				CLANG_WARN_EMPTY_BODY = YES;
				CLANG_WARN_ENUM_CONVERSION = YES;
				CLANG_WARN_INFINITE_RECURSION = YES;
				CLANG_WARN_INT_CONVERSION = YES;
				CLANG_WARN_OBJC_ROOT_CLASS = YES_ERROR;
				CLANG_WARN_SUSPICIOUS_MOVE = YES;
				CLANG_WARN_UNREACHABLE_CODE = YES;
				CLANG_WARN__DUPLICATE_METHOD_MATCH = YES;
				"CODE_SIGN_IDENTITY[sdk=iphoneos*]" = "iPhone Developer";
				COPY_PHASE_STRIP = NO;
				DEBUG_INFORMATION_FORMAT = "dwarf-with-dsym";
				ENABLE_NS_ASSERTIONS = NO;
				ENABLE_STRICT_OBJC_MSGSEND = YES;
				GCC_C_LANGUAGE_STANDARD = gnu99;
				GCC_NO_COMMON_BLOCKS = YES;
				GCC_WARN_64_TO_32_BIT_CONVERSION = YES;
				GCC_WARN_ABOUT_RETURN_TYPE = YES_ERROR;
				GCC_WARN_UNDECLARED_SELECTOR = YES;
				GCC_WARN_UNINITIALIZED_AUTOS = YES_AGGRESSIVE;
				GCC_WARN_UNUSED_FUNCTION = YES;
				GCC_WARN_UNUSED_VARIABLE = YES;
				IPHONEOS_DEPLOYMENT_TARGET = 8.0;
				MTL_ENABLE_DEBUG_INFO = NO;
				SDKROOT = iphoneos;
				TARGETED_DEVICE_FAMILY = "1,2";
				VALIDATE_PRODUCT = YES;
			};
			name = Release;
		};
		FB84EDD81F32898700E4D400 /* Debug */ = {
			isa = XCBuildConfiguration;
			baseConfigurationReference = 6385EAF7B5AD9CDA2429BFAE /* Pods-DashControl.debug.xcconfig */;
			buildSettings = {
				ALWAYS_EMBED_SWIFT_STANDARD_LIBRARIES = YES;
				ASSETCATALOG_COMPILER_APPICON_NAME = AppIcon;
				CLANG_ENABLE_MODULES = YES;
				CODE_SIGN_ENTITLEMENTS = DashControl/DashControl.entitlements;
				DEVELOPMENT_TEAM = 44RJ69WHFF;
				ENABLE_BITCODE = YES;
				GCC_PRECOMPILE_PREFIX_HEADER = YES;
				GCC_PREFIX_HEADER = "DashControl/DashControl-PrefixHeader.pch";
				INFOPLIST_FILE = DashControl/Info.plist;
				IPHONEOS_DEPLOYMENT_TARGET = 10.0;
				LD_RUNPATH_SEARCH_PATHS = "$(inherited) @executable_path/Frameworks";
				ONLY_ACTIVE_ARCH = YES;
				PRODUCT_BUNDLE_IDENTIFIER = org.dashfoundation.dash.Control;
				PRODUCT_NAME = "$(TARGET_NAME)";
				SWIFT_OPTIMIZATION_LEVEL = "-Onone";
				SWIFT_VERSION = 3.0;
			};
			name = Debug;
		};
		FB84EDD91F32898700E4D400 /* Release */ = {
			isa = XCBuildConfiguration;
			baseConfigurationReference = 481845A5C2EBC2EB1752483D /* Pods-DashControl.release.xcconfig */;
			buildSettings = {
				ALWAYS_EMBED_SWIFT_STANDARD_LIBRARIES = YES;
				ASSETCATALOG_COMPILER_APPICON_NAME = AppIcon;
				CLANG_ENABLE_MODULES = YES;
				CODE_SIGN_ENTITLEMENTS = DashControl/DashControl.entitlements;
				DEVELOPMENT_TEAM = 44RJ69WHFF;
				ENABLE_BITCODE = YES;
				GCC_PRECOMPILE_PREFIX_HEADER = YES;
				GCC_PREFIX_HEADER = "DashControl/DashControl-PrefixHeader.pch";
				INFOPLIST_FILE = DashControl/Info.plist;
				IPHONEOS_DEPLOYMENT_TARGET = 10.0;
				LD_RUNPATH_SEARCH_PATHS = "$(inherited) @executable_path/Frameworks";
				PRODUCT_BUNDLE_IDENTIFIER = org.dashfoundation.dash.Control;
				PRODUCT_NAME = "$(TARGET_NAME)";
				SWIFT_VERSION = 3.0;
			};
			name = Release;
		};
/* End XCBuildConfiguration section */

/* Begin XCConfigurationList section */
		FB84EDB81F32898700E4D400 /* Build configuration list for PBXProject "DashControl" */ = {
			isa = XCConfigurationList;
			buildConfigurations = (
				FB84EDD51F32898700E4D400 /* Debug */,
				FB84EDD61F32898700E4D400 /* Release */,
			);
			defaultConfigurationIsVisible = 0;
			defaultConfigurationName = Release;
		};
		FB84EDD71F32898700E4D400 /* Build configuration list for PBXNativeTarget "DashControl" */ = {
			isa = XCConfigurationList;
			buildConfigurations = (
				FB84EDD81F32898700E4D400 /* Debug */,
				FB84EDD91F32898700E4D400 /* Release */,
			);
			defaultConfigurationIsVisible = 0;
			defaultConfigurationName = Release;
		};
/* End XCConfigurationList section */

/* Begin XCVersionGroup section */
		24E584051F3ADAC900A12087 /* DashControl.xcdatamodeld */ = {
			isa = XCVersionGroup;
			children = (
				24E584061F3ADAC900A12087 /* DashControl.xcdatamodel */,
			);
			currentVersion = 24E584061F3ADAC900A12087 /* DashControl.xcdatamodel */;
			path = DashControl.xcdatamodeld;
			sourceTree = "<group>";
			versionGroupType = wrapper.xcdatamodel;
		};
/* End XCVersionGroup section */
	};
	rootObject = FB84EDB51F32898700E4D400 /* Project object */;
}
