// !$*UTF8*$!
{
	archiveVersion = 1;
	classes = {
	};
	objectVersion = 46;
	objects = {

/* Begin PBXBuildFile section */
		FB84EDC21F32898700E4D400 /* main.m in Sources */ = {isa = PBXBuildFile; fileRef = FB84EDC11F32898700E4D400 /* main.m */; };
		FB84EDC51F32898700E4D400 /* AppDelegate.m in Sources */ = {isa = PBXBuildFile; fileRef = FB84EDC41F32898700E4D400 /* AppDelegate.m */; };
		FB84EDC81F32898700E4D400 /* FirstViewController.m in Sources */ = {isa = PBXBuildFile; fileRef = FB84EDC71F32898700E4D400 /* FirstViewController.m */; };
		FB84EDCB1F32898700E4D400 /* SecondViewController.m in Sources */ = {isa = PBXBuildFile; fileRef = FB84EDCA1F32898700E4D400 /* SecondViewController.m */; };
		FB84EDCE1F32898700E4D400 /* Main.storyboard in Resources */ = {isa = PBXBuildFile; fileRef = FB84EDCC1F32898700E4D400 /* Main.storyboard */; };
		FB84EDD01F32898700E4D400 /* Assets.xcassets in Resources */ = {isa = PBXBuildFile; fileRef = FB84EDCF1F32898700E4D400 /* Assets.xcassets */; };
		FB84EDD31F32898700E4D400 /* LaunchScreen.storyboard in Resources */ = {isa = PBXBuildFile; fileRef = FB84EDD11F32898700E4D400 /* LaunchScreen.storyboard */; };
/* End PBXBuildFile section */

/* Begin PBXFileReference section */
		FB84EDBD1F32898700E4D400 /* DashControl.app */ = {isa = PBXFileReference; explicitFileType = wrapper.application; includeInIndex = 0; path = DashControl.app; sourceTree = BUILT_PRODUCTS_DIR; };
		FB84EDC11F32898700E4D400 /* main.m */ = {isa = PBXFileReference; lastKnownFileType = sourcecode.c.objc; path = main.m; sourceTree = "<group>"; };
		FB84EDC31F32898700E4D400 /* AppDelegate.h */ = {isa = PBXFileReference; lastKnownFileType = sourcecode.c.h; path = AppDelegate.h; sourceTree = "<group>"; };
		FB84EDC41F32898700E4D400 /* AppDelegate.m */ = {isa = PBXFileReference; lastKnownFileType = sourcecode.c.objc; path = AppDelegate.m; sourceTree = "<group>"; };
		FB84EDC61F32898700E4D400 /* FirstViewController.h */ = {isa = PBXFileReference; lastKnownFileType = sourcecode.c.h; path = FirstViewController.h; sourceTree = "<group>"; };
		FB84EDC71F32898700E4D400 /* FirstViewController.m */ = {isa = PBXFileReference; lastKnownFileType = sourcecode.c.objc; path = FirstViewController.m; sourceTree = "<group>"; };
		FB84EDC91F32898700E4D400 /* SecondViewController.h */ = {isa = PBXFileReference; lastKnownFileType = sourcecode.c.h; path = SecondViewController.h; sourceTree = "<group>"; };
		FB84EDCA1F32898700E4D400 /* SecondViewController.m */ = {isa = PBXFileReference; lastKnownFileType = sourcecode.c.objc; path = SecondViewController.m; sourceTree = "<group>"; };
		FB84EDCD1F32898700E4D400 /* Base */ = {isa = PBXFileReference; lastKnownFileType = file.storyboard; name = Base; path = Base.lproj/Main.storyboard; sourceTree = "<group>"; };
		FB84EDCF1F32898700E4D400 /* Assets.xcassets */ = {isa = PBXFileReference; lastKnownFileType = folder.assetcatalog; path = Assets.xcassets; sourceTree = "<group>"; };
		FB84EDD21F32898700E4D400 /* Base */ = {isa = PBXFileReference; lastKnownFileType = file.storyboard; name = Base; path = Base.lproj/LaunchScreen.storyboard; sourceTree = "<group>"; };
		FB84EDD41F32898700E4D400 /* Info.plist */ = {isa = PBXFileReference; lastKnownFileType = text.plist.xml; path = Info.plist; sourceTree = "<group>"; };
/* End PBXFileReference section */

/* Begin PBXFrameworksBuildPhase section */
		FB84EDBA1F32898700E4D400 /* Frameworks */ = {
			isa = PBXFrameworksBuildPhase;
			buildActionMask = 2147483647;
			files = (
			);
			runOnlyForDeploymentPostprocessing = 0;
		};
/* End PBXFrameworksBuildPhase section */

/* Begin PBXGroup section */
		FB84EDB41F32898700E4D400 = {
			isa = PBXGroup;
			children = (
				FB84EDBF1F32898700E4D400 /* DashControl */,
				FB84EDBE1F32898700E4D400 /* Products */,
			);
			sourceTree = "<group>";
		};
		FB84EDBE1F32898700E4D400 /* Products */ = {
			isa = PBXGroup;
			children = (
				FB84EDBD1F32898700E4D400 /* DashControl.app */,
			);
			name = Products;
			sourceTree = "<group>";
		};
		FB84EDBF1F32898700E4D400 /* DashControl */ = {
			isa = PBXGroup;
			children = (
				FB84EDC31F32898700E4D400 /* AppDelegate.h */,
				FB84EDC41F32898700E4D400 /* AppDelegate.m */,
				FB84EDC61F32898700E4D400 /* FirstViewController.h */,
				FB84EDC71F32898700E4D400 /* FirstViewController.m */,
				FB84EDC91F32898700E4D400 /* SecondViewController.h */,
				FB84EDCA1F32898700E4D400 /* SecondViewController.m */,
				FB84EDCC1F32898700E4D400 /* Main.storyboard */,
				FB84EDCF1F32898700E4D400 /* Assets.xcassets */,
				FB84EDD11F32898700E4D400 /* LaunchScreen.storyboard */,
				FB84EDD41F32898700E4D400 /* Info.plist */,
				FB84EDC01F32898700E4D400 /* Supporting Files */,
			);
			path = DashControl;
			sourceTree = "<group>";
		};
		FB84EDC01F32898700E4D400 /* Supporting Files */ = {
			isa = PBXGroup;
			children = (
				FB84EDC11F32898700E4D400 /* main.m */,
			);
			name = "Supporting Files";
			sourceTree = "<group>";
		};
/* End PBXGroup section */

/* Begin PBXNativeTarget section */
		FB84EDBC1F32898700E4D400 /* DashControl */ = {
			isa = PBXNativeTarget;
			buildConfigurationList = FB84EDD71F32898700E4D400 /* Build configuration list for PBXNativeTarget "DashControl" */;
			buildPhases = (
				FB84EDB91F32898700E4D400 /* Sources */,
				FB84EDBA1F32898700E4D400 /* Frameworks */,
				FB84EDBB1F32898700E4D400 /* Resources */,
			);
			buildRules = (
			);
			dependencies = (
			);
			name = DashControl;
			productName = DashControl;
			productReference = FB84EDBD1F32898700E4D400 /* DashControl.app */;
			productType = "com.apple.product-type.application";
		};
/* End PBXNativeTarget section */

/* Begin PBXProject section */
		FB84EDB51F32898700E4D400 /* Project object */ = {
			isa = PBXProject;
			attributes = {
				LastUpgradeCheck = 0830;
				ORGANIZATIONNAME = dashfoundation;
				TargetAttributes = {
					FB84EDBC1F32898700E4D400 = {
						CreatedOnToolsVersion = 8.3.3;
						DevelopmentTeam = 44RJ69WHFF;
						ProvisioningStyle = Automatic;
					};
				};
			};
			buildConfigurationList = FB84EDB81F32898700E4D400 /* Build configuration list for PBXProject "DashControl" */;
			compatibilityVersion = "Xcode 3.2";
			developmentRegion = English;
			hasScannedForEncodings = 0;
			knownRegions = (
				en,
				Base,
			);
			mainGroup = FB84EDB41F32898700E4D400;
			productRefGroup = FB84EDBE1F32898700E4D400 /* Products */;
			projectDirPath = "";
			projectRoot = "";
			targets = (
				FB84EDBC1F32898700E4D400 /* DashControl */,
			);
		};
/* End PBXProject section */

/* Begin PBXResourcesBuildPhase section */
		FB84EDBB1F32898700E4D400 /* Resources */ = {
			isa = PBXResourcesBuildPhase;
			buildActionMask = 2147483647;
			files = (
				FB84EDD31F32898700E4D400 /* LaunchScreen.storyboard in Resources */,
				FB84EDD01F32898700E4D400 /* Assets.xcassets in Resources */,
				FB84EDCE1F32898700E4D400 /* Main.storyboard in Resources */,
			);
			runOnlyForDeploymentPostprocessing = 0;
		};
/* End PBXResourcesBuildPhase section */

/* Begin PBXSourcesBuildPhase section */
		FB84EDB91F32898700E4D400 /* Sources */ = {
			isa = PBXSourcesBuildPhase;
			buildActionMask = 2147483647;
			files = (
				FB84EDCB1F32898700E4D400 /* SecondViewController.m in Sources */,
				FB84EDC51F32898700E4D400 /* AppDelegate.m in Sources */,
				FB84EDC81F32898700E4D400 /* FirstViewController.m in Sources */,
				FB84EDC21F32898700E4D400 /* main.m in Sources */,
			);
			runOnlyForDeploymentPostprocessing = 0;
		};
/* End PBXSourcesBuildPhase section */

/* Begin PBXVariantGroup section */
		FB84EDCC1F32898700E4D400 /* Main.storyboard */ = {
			isa = PBXVariantGroup;
			children = (
				FB84EDCD1F32898700E4D400 /* Base */,
			);
			name = Main.storyboard;
			sourceTree = "<group>";
		};
		FB84EDD11F32898700E4D400 /* LaunchScreen.storyboard */ = {
			isa = PBXVariantGroup;
			children = (
				FB84EDD21F32898700E4D400 /* Base */,
			);
			name = LaunchScreen.storyboard;
			sourceTree = "<group>";
		};
/* End PBXVariantGroup section */

/* Begin XCBuildConfiguration section */
		FB84EDD51F32898700E4D400 /* Debug */ = {
			isa = XCBuildConfiguration;
			buildSettings = {
				ALWAYS_SEARCH_USER_PATHS = NO;
				CLANG_ANALYZER_NONNULL = YES;
				CLANG_ANALYZER_NUMBER_OBJECT_CONVERSION = YES_AGGRESSIVE;
				CLANG_CXX_LANGUAGE_STANDARD = "gnu++0x";
				CLANG_CXX_LIBRARY = "libc++";
				CLANG_ENABLE_MODULES = YES;
				CLANG_ENABLE_OBJC_ARC = YES;
				CLANG_WARN_BOOL_CONVERSION = YES;
				CLANG_WARN_CONSTANT_CONVERSION = YES;
				CLANG_WARN_DIRECT_OBJC_ISA_USAGE = YES_ERROR;
				CLANG_WARN_DOCUMENTATION_COMMENTS = YES;
				CLANG_WARN_EMPTY_BODY = YES;
				CLANG_WARN_ENUM_CONVERSION = YES;
				CLANG_WARN_INFINITE_RECURSION = YES;
				CLANG_WARN_INT_CONVERSION = YES;
				CLANG_WARN_OBJC_ROOT_CLASS = YES_ERROR;
				CLANG_WARN_SUSPICIOUS_MOVE = YES;
				CLANG_WARN_UNREACHABLE_CODE = YES;
				CLANG_WARN__DUPLICATE_METHOD_MATCH = YES;
				"CODE_SIGN_IDENTITY[sdk=iphoneos*]" = "iPhone Developer";
				COPY_PHASE_STRIP = NO;
				DEBUG_INFORMATION_FORMAT = dwarf;
				ENABLE_STRICT_OBJC_MSGSEND = YES;
				ENABLE_TESTABILITY = YES;
				GCC_C_LANGUAGE_STANDARD = gnu99;
				GCC_DYNAMIC_NO_PIC = NO;
				GCC_NO_COMMON_BLOCKS = YES;
				GCC_OPTIMIZATION_LEVEL = 0;
				GCC_PREPROCESSOR_DEFINITIONS = (
					"DEBUG=1",
					"$(inherited)",
				);
				GCC_WARN_64_TO_32_BIT_CONVERSION = YES;
				GCC_WARN_ABOUT_RETURN_TYPE = YES_ERROR;
				GCC_WARN_UNDECLARED_SELECTOR = YES;
				GCC_WARN_UNINITIALIZED_AUTOS = YES_AGGRESSIVE;
				GCC_WARN_UNUSED_FUNCTION = YES;
				GCC_WARN_UNUSED_VARIABLE = YES;
				IPHONEOS_DEPLOYMENT_TARGET = 10.3;
				MTL_ENABLE_DEBUG_INFO = YES;
				ONLY_ACTIVE_ARCH = YES;
				SDKROOT = iphoneos;
				TARGETED_DEVICE_FAMILY = "1,2";
			};
			name = Debug;
		};
		FB84EDD61F32898700E4D400 /* Release */ = {
			isa = XCBuildConfiguration;
			buildSettings = {
				ALWAYS_SEARCH_USER_PATHS = NO;
				CLANG_ANALYZER_NONNULL = YES;
				CLANG_ANALYZER_NUMBER_OBJECT_CONVERSION = YES_AGGRESSIVE;
				CLANG_CXX_LANGUAGE_STANDARD = "gnu++0x";
				CLANG_CXX_LIBRARY = "libc++";
				CLANG_ENABLE_MODULES = YES;
				CLANG_ENABLE_OBJC_ARC = YES;
				CLANG_WARN_BOOL_CONVERSION = YES;
				CLANG_WARN_CONSTANT_CONVERSION = YES;
				CLANG_WARN_DIRECT_OBJC_ISA_USAGE = YES_ERROR;
				CLANG_WARN_DOCUMENTATION_COMMENTS = YES;
				CLANG_WARN_EMPTY_BODY = YES;
				CLANG_WARN_ENUM_CONVERSION = YES;
				CLANG_WARN_INFINITE_RECURSION = YES;
				CLANG_WARN_INT_CONVERSION = YES;
				CLANG_WARN_OBJC_ROOT_CLASS = YES_ERROR;
				CLANG_WARN_SUSPICIOUS_MOVE = YES;
				CLANG_WARN_UNREACHABLE_CODE = YES;
				CLANG_WARN__DUPLICATE_METHOD_MATCH = YES;
				"CODE_SIGN_IDENTITY[sdk=iphoneos*]" = "iPhone Developer";
				COPY_PHASE_STRIP = NO;
				DEBUG_INFORMATION_FORMAT = "dwarf-with-dsym";
				ENABLE_NS_ASSERTIONS = NO;
				ENABLE_STRICT_OBJC_MSGSEND = YES;
				GCC_C_LANGUAGE_STANDARD = gnu99;
				GCC_NO_COMMON_BLOCKS = YES;
				GCC_WARN_64_TO_32_BIT_CONVERSION = YES;
				GCC_WARN_ABOUT_RETURN_TYPE = YES_ERROR;
				GCC_WARN_UNDECLARED_SELECTOR = YES;
				GCC_WARN_UNINITIALIZED_AUTOS = YES_AGGRESSIVE;
				GCC_WARN_UNUSED_FUNCTION = YES;
				GCC_WARN_UNUSED_VARIABLE = YES;
				IPHONEOS_DEPLOYMENT_TARGET = 10.3;
				MTL_ENABLE_DEBUG_INFO = NO;
				SDKROOT = iphoneos;
				TARGETED_DEVICE_FAMILY = "1,2";
				VALIDATE_PRODUCT = YES;
			};
			name = Release;
		};
		FB84EDD81F32898700E4D400 /* Debug */ = {
			isa = XCBuildConfiguration;
			buildSettings = {
				ASSETCATALOG_COMPILER_APPICON_NAME = AppIcon;
				DEVELOPMENT_TEAM = 44RJ69WHFF;
				INFOPLIST_FILE = DashControl/Info.plist;
				LD_RUNPATH_SEARCH_PATHS = "$(inherited) @executable_path/Frameworks";
				PRODUCT_BUNDLE_IDENTIFIER = org.dashfoundation.DashControl;
				PRODUCT_NAME = "$(TARGET_NAME)";
			};
			name = Debug;
		};
		FB84EDD91F32898700E4D400 /* Release */ = {
			isa = XCBuildConfiguration;
			buildSettings = {
				ASSETCATALOG_COMPILER_APPICON_NAME = AppIcon;
				DEVELOPMENT_TEAM = 44RJ69WHFF;
				INFOPLIST_FILE = DashControl/Info.plist;
				LD_RUNPATH_SEARCH_PATHS = "$(inherited) @executable_path/Frameworks";
				PRODUCT_BUNDLE_IDENTIFIER = org.dashfoundation.DashControl;
				PRODUCT_NAME = "$(TARGET_NAME)";
			};
			name = Release;
		};
/* End XCBuildConfiguration section */

/* Begin XCConfigurationList section */
		FB84EDB81F32898700E4D400 /* Build configuration list for PBXProject "DashControl" */ = {
			isa = XCConfigurationList;
			buildConfigurations = (
				FB84EDD51F32898700E4D400 /* Debug */,
				FB84EDD61F32898700E4D400 /* Release */,
			);
			defaultConfigurationIsVisible = 0;
			defaultConfigurationName = Release;
		};
		FB84EDD71F32898700E4D400 /* Build configuration list for PBXNativeTarget "DashControl" */ = {
			isa = XCConfigurationList;
			buildConfigurations = (
				FB84EDD81F32898700E4D400 /* Debug */,
				FB84EDD91F32898700E4D400 /* Release */,
			);
			defaultConfigurationIsVisible = 0;
		};
/* End XCConfigurationList section */
	};
	rootObject = FB84EDB51F32898700E4D400 /* Project object */;
}
