// !$*UTF8*$!
{
	archiveVersion = 1;
	classes = {
	};
	objectVersion = 46;
	objects = {

/* Begin PBXBuildFile section */
		241719D81F4DA4C60045C2D6 /* ProposalsManager.m in Sources */ = {isa = PBXBuildFile; fileRef = 241719D71F4DA4C60045C2D6 /* ProposalsManager.m */; };
		241719E11F4DB0FB0045C2D6 /* Proposal+CoreDataClass.m in Sources */ = {isa = PBXBuildFile; fileRef = 241719DA1F4DB0FB0045C2D6 /* Proposal+CoreDataClass.m */; };
		241719E21F4DB0FB0045C2D6 /* Proposal+CoreDataProperties.m in Sources */ = {isa = PBXBuildFile; fileRef = 241719DC1F4DB0FB0045C2D6 /* Proposal+CoreDataProperties.m */; };
		241719E31F4DB0FB0045C2D6 /* Comment+CoreDataClass.m in Sources */ = {isa = PBXBuildFile; fileRef = 241719DE1F4DB0FB0045C2D6 /* Comment+CoreDataClass.m */; };
		241719E41F4DB0FB0045C2D6 /* Comment+CoreDataProperties.m in Sources */ = {isa = PBXBuildFile; fileRef = 241719E01F4DB0FB0045C2D6 /* Comment+CoreDataProperties.m */; };
		2432DDA01F54395600A14112 /* ProposalCell.m in Sources */ = {isa = PBXBuildFile; fileRef = 2432DD9F1F54395600A14112 /* ProposalCell.m */; };
		24438DEF1F5FCE7D00763A14 /* ProposalDetailViewController.m in Sources */ = {isa = PBXBuildFile; fileRef = 244857901F59CCBF004DE273 /* ProposalDetailViewController.m */; };
		24438DF31F5FEA6600763A14 /* ProposalHeaderView.m in Sources */ = {isa = PBXBuildFile; fileRef = 24438DF21F5FEA6600763A14 /* ProposalHeaderView.m */; };
		247B8F551F5FBFFB005BC14A /* dash_icon_tmp.png in Resources */ = {isa = PBXBuildFile; fileRef = 247B8F541F5FBFFB005BC14A /* dash_icon_tmp.png */; };
		2485235B1F44A71B0027FBA6 /* WebKit.framework in Frameworks */ = {isa = PBXBuildFile; fileRef = 2485235A1F44A71B0027FBA6 /* WebKit.framework */; };
		2499B7671F6015B80094A982 /* ProposalHeaderView.xib in Resources */ = {isa = PBXBuildFile; fileRef = 2499B7661F6015B80094A982 /* ProposalHeaderView.xib */; };
		249A3FCB1F6133AA00155636 /* LaunchScreen.strings in Resources */ = {isa = PBXBuildFile; fileRef = 249A3F901F6133AA00155636 /* LaunchScreen.strings */; };
		249A3FCC1F6133AA00155636 /* Main.strings in Resources */ = {isa = PBXBuildFile; fileRef = 249A3F921F6133AA00155636 /* Main.strings */; };
		249A3FCD1F6133AA00155636 /* LaunchScreen.strings in Resources */ = {isa = PBXBuildFile; fileRef = 249A3F951F6133AA00155636 /* LaunchScreen.strings */; };
		249A3FCE1F6133AA00155636 /* Main.strings in Resources */ = {isa = PBXBuildFile; fileRef = 249A3F971F6133AA00155636 /* Main.strings */; };
		249A3FCF1F6133AA00155636 /* LaunchScreen.strings in Resources */ = {isa = PBXBuildFile; fileRef = 249A3F9A1F6133AA00155636 /* LaunchScreen.strings */; };
		249A3FD01F6133AA00155636 /* Main.strings in Resources */ = {isa = PBXBuildFile; fileRef = 249A3F9C1F6133AA00155636 /* Main.strings */; };
		249A3FD11F6133AA00155636 /* LaunchScreen.strings in Resources */ = {isa = PBXBuildFile; fileRef = 249A3F9F1F6133AA00155636 /* LaunchScreen.strings */; };
		249A3FD21F6133AA00155636 /* Main.strings in Resources */ = {isa = PBXBuildFile; fileRef = 249A3FA11F6133AA00155636 /* Main.strings */; };
		249A3FD31F6133AA00155636 /* LaunchScreen.strings in Resources */ = {isa = PBXBuildFile; fileRef = 249A3FA41F6133AA00155636 /* LaunchScreen.strings */; };
		249A3FD41F6133AA00155636 /* Main.strings in Resources */ = {isa = PBXBuildFile; fileRef = 249A3FA61F6133AA00155636 /* Main.strings */; };
		249A3FD51F6133AA00155636 /* LaunchScreen.strings in Resources */ = {isa = PBXBuildFile; fileRef = 249A3FA91F6133AA00155636 /* LaunchScreen.strings */; };
		249A3FD61F6133AA00155636 /* Main.strings in Resources */ = {isa = PBXBuildFile; fileRef = 249A3FAB1F6133AA00155636 /* Main.strings */; };
		249A3FD71F6133AA00155636 /* LaunchScreen.strings in Resources */ = {isa = PBXBuildFile; fileRef = 249A3FAE1F6133AA00155636 /* LaunchScreen.strings */; };
		249A3FD81F6133AA00155636 /* Main.strings in Resources */ = {isa = PBXBuildFile; fileRef = 249A3FB01F6133AA00155636 /* Main.strings */; };
		249A3FD91F6133AA00155636 /* LaunchScreen.strings in Resources */ = {isa = PBXBuildFile; fileRef = 249A3FB31F6133AA00155636 /* LaunchScreen.strings */; };
		249A3FDA1F6133AA00155636 /* Main.strings in Resources */ = {isa = PBXBuildFile; fileRef = 249A3FB51F6133AA00155636 /* Main.strings */; };
		249A3FDB1F6133AA00155636 /* LaunchScreen.strings in Resources */ = {isa = PBXBuildFile; fileRef = 249A3FB81F6133AA00155636 /* LaunchScreen.strings */; };
		249A3FDC1F6133AA00155636 /* Main.strings in Resources */ = {isa = PBXBuildFile; fileRef = 249A3FBA1F6133AA00155636 /* Main.strings */; };
		249A3FDD1F6133AA00155636 /* LaunchScreen.strings in Resources */ = {isa = PBXBuildFile; fileRef = 249A3FBD1F6133AA00155636 /* LaunchScreen.strings */; };
		249A3FDE1F6133AA00155636 /* Main.strings in Resources */ = {isa = PBXBuildFile; fileRef = 249A3FBF1F6133AA00155636 /* Main.strings */; };
		249A3FDF1F6133AA00155636 /* LaunchScreen.strings in Resources */ = {isa = PBXBuildFile; fileRef = 249A3FC21F6133AA00155636 /* LaunchScreen.strings */; };
		249A3FE01F6133AA00155636 /* Main.strings in Resources */ = {isa = PBXBuildFile; fileRef = 249A3FC41F6133AA00155636 /* Main.strings */; };
		249A3FE11F6133AA00155636 /* LaunchScreen.storyboard in Resources */ = {isa = PBXBuildFile; fileRef = 249A3FC71F6133AA00155636 /* LaunchScreen.storyboard */; };
		249A3FE21F6133AA00155636 /* Main.storyboard in Resources */ = {isa = PBXBuildFile; fileRef = 249A3FC91F6133AA00155636 /* Main.storyboard */; };
		249A3FE51F61346B00155636 /* Localizable.strings in Resources */ = {isa = PBXBuildFile; fileRef = 249A3FE31F61346B00155636 /* Localizable.strings */; };
		249A3FE81F6134FD00155636 /* Localizable.strings in Resources */ = {isa = PBXBuildFile; fileRef = 249A3FE61F6134FD00155636 /* Localizable.strings */; };
		249A3FEB1F61350600155636 /* Localizable.strings in Resources */ = {isa = PBXBuildFile; fileRef = 249A3FE91F61350600155636 /* Localizable.strings */; };
		249A3FEE1F61351200155636 /* Localizable.strings in Resources */ = {isa = PBXBuildFile; fileRef = 249A3FEC1F61351200155636 /* Localizable.strings */; };
		249A3FF11F61351A00155636 /* Localizable.strings in Resources */ = {isa = PBXBuildFile; fileRef = 249A3FEF1F61351A00155636 /* Localizable.strings */; };
		249A3FF41F61352000155636 /* Localizable.strings in Resources */ = {isa = PBXBuildFile; fileRef = 249A3FF21F61352000155636 /* Localizable.strings */; };
		249A3FF71F61352500155636 /* Localizable.strings in Resources */ = {isa = PBXBuildFile; fileRef = 249A3FF51F61352500155636 /* Localizable.strings */; };
		249A3FFA1F61352B00155636 /* Localizable.strings in Resources */ = {isa = PBXBuildFile; fileRef = 249A3FF81F61352B00155636 /* Localizable.strings */; };
		249A3FFD1F61353100155636 /* Localizable.strings in Resources */ = {isa = PBXBuildFile; fileRef = 249A3FFB1F61353100155636 /* Localizable.strings */; };
		249A40001F61353800155636 /* Localizable.strings in Resources */ = {isa = PBXBuildFile; fileRef = 249A3FFE1F61353800155636 /* Localizable.strings */; };
		249A40031F61354100155636 /* Localizable.strings in Resources */ = {isa = PBXBuildFile; fileRef = 249A40011F61354100155636 /* Localizable.strings */; };
		249A40061F61354700155636 /* Localizable.strings in Resources */ = {isa = PBXBuildFile; fileRef = 249A40041F61354700155636 /* Localizable.strings */; };
		249A40081F61366F00155636 /* HowToUpdate.rtf in Resources */ = {isa = PBXBuildFile; fileRef = 249A40071F61366F00155636 /* HowToUpdate.rtf */; };
		249A400B1F61396D00155636 /* AFNetworking.strings in Resources */ = {isa = PBXBuildFile; fileRef = 249A40091F61396D00155636 /* AFNetworking.strings */; };
		249A400E1F61397400155636 /* AFNetworking.strings in Resources */ = {isa = PBXBuildFile; fileRef = 249A400C1F61397400155636 /* AFNetworking.strings */; };
		249A40111F61397900155636 /* AFNetworking.strings in Resources */ = {isa = PBXBuildFile; fileRef = 249A400F1F61397900155636 /* AFNetworking.strings */; };
		249A40141F61397F00155636 /* AFNetworking.strings in Resources */ = {isa = PBXBuildFile; fileRef = 249A40121F61397F00155636 /* AFNetworking.strings */; };
		249A40171F61398400155636 /* AFNetworking.strings in Resources */ = {isa = PBXBuildFile; fileRef = 249A40151F61398400155636 /* AFNetworking.strings */; };
		249A401A1F61398900155636 /* AFNetworking.strings in Resources */ = {isa = PBXBuildFile; fileRef = 249A40181F61398900155636 /* AFNetworking.strings */; };
		249A401D1F61398E00155636 /* AFNetworking.strings in Resources */ = {isa = PBXBuildFile; fileRef = 249A401B1F61398E00155636 /* AFNetworking.strings */; };
		249A40201F61399500155636 /* AFNetworking.strings in Resources */ = {isa = PBXBuildFile; fileRef = 249A401E1F61399500155636 /* AFNetworking.strings */; };
		249A40231F61399D00155636 /* AFNetworking.strings in Resources */ = {isa = PBXBuildFile; fileRef = 249A40211F61399D00155636 /* AFNetworking.strings */; };
		249A40261F6139A200155636 /* AFNetworking.strings in Resources */ = {isa = PBXBuildFile; fileRef = 249A40241F6139A200155636 /* AFNetworking.strings */; };
		249A40291F6139A800155636 /* AFNetworking.strings in Resources */ = {isa = PBXBuildFile; fileRef = 249A40271F6139A800155636 /* AFNetworking.strings */; };
		249A402C1F6139AD00155636 /* AFNetworking.strings in Resources */ = {isa = PBXBuildFile; fileRef = 249A402A1F6139AD00155636 /* AFNetworking.strings */; };
		24A2159B1F52C5E900A63311 /* Budget+CoreDataClass.m in Sources */ = {isa = PBXBuildFile; fileRef = 24A215981F52C5E900A63311 /* Budget+CoreDataClass.m */; };
		24A2159C1F52C5E900A63311 /* Budget+CoreDataProperties.m in Sources */ = {isa = PBXBuildFile; fileRef = 24A2159A1F52C5E900A63311 /* Budget+CoreDataProperties.m */; };
		24B000441F5724B6007D24A1 /* SafariServices.framework in Frameworks */ = {isa = PBXBuildFile; fileRef = 24B000431F5724B6007D24A1 /* SafariServices.framework */; };
		24B0004B1F580FEB007D24A1 /* CoreSpotlight.framework in Frameworks */ = {isa = PBXBuildFile; fileRef = 24B0004A1F580FEB007D24A1 /* CoreSpotlight.framework */; };
		24B0004D1F580FF5007D24A1 /* MobileCoreServices.framework in Frameworks */ = {isa = PBXBuildFile; fileRef = 24B0004C1F580FF5007D24A1 /* MobileCoreServices.framework */; };
		24C6C6361F544268007F3671 /* ProposalsViewController.m in Sources */ = {isa = PBXBuildFile; fileRef = 241719C51F4D9EE10045C2D6 /* ProposalsViewController.m */; };
		24C86EFD1F5EC04100735785 /* ProposalDetailNameTableViewCell.m in Sources */ = {isa = PBXBuildFile; fileRef = 24C86EFC1F5EC04100735785 /* ProposalDetailNameTableViewCell.m */; };
		24C86F001F5EC05400735785 /* ProposalDetailTitleTableViewCell.m in Sources */ = {isa = PBXBuildFile; fileRef = 24C86EFF1F5EC05400735785 /* ProposalDetailTitleTableViewCell.m */; };
		24C86F031F5EC06C00735785 /* ProposalDetailOneTimePayementTableViewCell.m in Sources */ = {isa = PBXBuildFile; fileRef = 24C86F021F5EC06C00735785 /* ProposalDetailOneTimePayementTableViewCell.m */; };
		24C86F061F5EC08500735785 /* ProposalDetailCompletedPaymentsTableViewCell.m in Sources */ = {isa = PBXBuildFile; fileRef = 24C86F051F5EC08500735785 /* ProposalDetailCompletedPaymentsTableViewCell.m */; };
		24C86F091F5EC09900735785 /* ProposalDetailVotesResultTableViewCell.m in Sources */ = {isa = PBXBuildFile; fileRef = 24C86F081F5EC09900735785 /* ProposalDetailVotesResultTableViewCell.m */; };
		24C86F0C1F5EC0C300735785 /* ProposalDetailDescriptionHeaderTableViewCell.m in Sources */ = {isa = PBXBuildFile; fileRef = 24C86F0B1F5EC0C300735785 /* ProposalDetailDescriptionHeaderTableViewCell.m */; };
		24C86F0F1F5EC0D600735785 /* ProposalDetailDescriptionDetailTableViewCell.m in Sources */ = {isa = PBXBuildFile; fileRef = 24C86F0E1F5EC0D600735785 /* ProposalDetailDescriptionDetailTableViewCell.m */; };
		24E1D8DE1F4D742D00AE2C47 /* UserNotifications.framework in Frameworks */ = {isa = PBXBuildFile; fileRef = 24E1D8DD1F4D742D00AE2C47 /* UserNotifications.framework */; };
		24E584001F3A35AF00A12087 /* DCDataManager.m in Sources */ = {isa = PBXBuildFile; fileRef = FB84EDDC1F32908C00E4D400 /* DCDataManager.m */; };
		24E584071F3ADAC900A12087 /* DashControl.xcdatamodeld in Sources */ = {isa = PBXBuildFile; fileRef = 24E584051F3ADAC900A12087 /* DashControl.xcdatamodeld */; };
		24E584101F3ADBAA00A12087 /* Post+CoreDataClass.m in Sources */ = {isa = PBXBuildFile; fileRef = 24E5840D1F3ADBAA00A12087 /* Post+CoreDataClass.m */; };
		24E584111F3ADBAA00A12087 /* Post+CoreDataProperties.m in Sources */ = {isa = PBXBuildFile; fileRef = 24E5840F1F3ADBAA00A12087 /* Post+CoreDataProperties.m */; };
		24E584141F3ADC4C00A12087 /* RSSFeedManager.m in Sources */ = {isa = PBXBuildFile; fileRef = 24E584131F3ADC4C00A12087 /* RSSFeedManager.m */; };
		24E584181F3AF18A00A12087 /* RSSFeedListViewController.m in Sources */ = {isa = PBXBuildFile; fileRef = 24E584171F3AF18A00A12087 /* RSSFeedListViewController.m */; };
		24E5841C1F3AFB0F00A12087 /* RSSFeedListTableViewCell.m in Sources */ = {isa = PBXBuildFile; fileRef = 24E5841A1F3AFB0F00A12087 /* RSSFeedListTableViewCell.m */; };
		24FC99F41F5EA0F40054C2A8 /* iconAttachment.png in Resources */ = {isa = PBXBuildFile; fileRef = 24FC99F01F5EA0F40054C2A8 /* iconAttachment.png */; };
		24FC99F51F5EA0F40054C2A8 /* iconAttachment@2x.png in Resources */ = {isa = PBXBuildFile; fileRef = 24FC99F11F5EA0F40054C2A8 /* iconAttachment@2x.png */; };
		24FC99F61F5EA0F40054C2A8 /* iconReply.png in Resources */ = {isa = PBXBuildFile; fileRef = 24FC99F21F5EA0F40054C2A8 /* iconReply.png */; };
		24FC99F71F5EA0F40054C2A8 /* iconReply@2x.png in Resources */ = {isa = PBXBuildFile; fileRef = 24FC99F31F5EA0F40054C2A8 /* iconReply@2x.png */; };
		24FE25491F4C7ECE00E32652 /* DCBackendManager.m in Sources */ = {isa = PBXBuildFile; fileRef = 24FE25481F4C7ECE00E32652 /* DCBackendManager.m */; };
		24FE254C1F4C82C900E32652 /* PriceViewController.m in Sources */ = {isa = PBXBuildFile; fileRef = 24FE254B1F4C82C900E32652 /* PriceViewController.m */; };
		8B0BD619FFF877813DC0386A /* libPods-DashControl.a in Frameworks */ = {isa = PBXBuildFile; fileRef = 742C8B5087BA50FD669F86E9 /* libPods-DashControl.a */; };
		FB2F9B3D1F5C9F960035180D /* NSArray+SWAdditions.m in Sources */ = {isa = PBXBuildFile; fileRef = FB2F9B3C1F5C9F960035180D /* NSArray+SWAdditions.m */; };
		FB84EDC21F32898700E4D400 /* main.m in Sources */ = {isa = PBXBuildFile; fileRef = FB84EDC11F32898700E4D400 /* main.m */; };
		FB84EDC51F32898700E4D400 /* AppDelegate.m in Sources */ = {isa = PBXBuildFile; fileRef = FB84EDC41F32898700E4D400 /* AppDelegate.m */; };
		FB84EDCE1F32898700E4D400 /* Main.storyboard in Resources */ = {isa = PBXBuildFile; fileRef = FB84EDCC1F32898700E4D400 /* Main.storyboard */; };
		FB84EDD01F32898700E4D400 /* Assets.xcassets in Resources */ = {isa = PBXBuildFile; fileRef = FB84EDCF1F32898700E4D400 /* Assets.xcassets */; };
		FB84EDD31F32898700E4D400 /* LaunchScreen.storyboard in Resources */ = {isa = PBXBuildFile; fileRef = FB84EDD11F32898700E4D400 /* LaunchScreen.storyboard */; };
		FBE1F5091F5D4CF500823A77 /* ChartDataEntry+CoreDataClass.m in Sources */ = {isa = PBXBuildFile; fileRef = FBE1F4FE1F5D4CF500823A77 /* ChartDataEntry+CoreDataClass.m */; };
		FBE1F50A1F5D4CF500823A77 /* ChartDataEntry+CoreDataProperties.m in Sources */ = {isa = PBXBuildFile; fileRef = FBE1F5001F5D4CF500823A77 /* ChartDataEntry+CoreDataProperties.m */; };
		FBE1F50B1F5D4CF500823A77 /* Exchange+CoreDataClass.m in Sources */ = {isa = PBXBuildFile; fileRef = FBE1F5021F5D4CF500823A77 /* Exchange+CoreDataClass.m */; };
		FBE1F50C1F5D4CF500823A77 /* Exchange+CoreDataProperties.m in Sources */ = {isa = PBXBuildFile; fileRef = FBE1F5041F5D4CF500823A77 /* Exchange+CoreDataProperties.m */; };
		FBE1F50D1F5D4CF500823A77 /* Market+CoreDataClass.m in Sources */ = {isa = PBXBuildFile; fileRef = FBE1F5061F5D4CF500823A77 /* Market+CoreDataClass.m */; };
		FBE1F50E1F5D4CF500823A77 /* Market+CoreDataProperties.m in Sources */ = {isa = PBXBuildFile; fileRef = FBE1F5081F5D4CF500823A77 /* Market+CoreDataProperties.m */; };
		FBEBE5381F5776400056D921 /* Charts.framework in Frameworks */ = {isa = PBXBuildFile; fileRef = FBEBE5371F5776400056D921 /* Charts.framework */; };
		FBEBE5391F5776400056D921 /* Charts.framework in Embed Frameworks */ = {isa = PBXBuildFile; fileRef = FBEBE5371F5776400056D921 /* Charts.framework */; settings = {ATTRIBUTES = (CodeSignOnCopy, RemoveHeadersOnCopy, ); }; };
		FBEBE5421F5802DE0056D921 /* ChartTimeFormatter.m in Sources */ = {isa = PBXBuildFile; fileRef = FBEBE5411F5802DE0056D921 /* ChartTimeFormatter.m */; };
		FBEBE5461F5986510056D921 /* DCCoreDataManager.m in Sources */ = {isa = PBXBuildFile; fileRef = FBEBE5451F5986510056D921 /* DCCoreDataManager.m */; };
/* End PBXBuildFile section */

/* Begin PBXCopyFilesBuildPhase section */
		FBEBE53A1F5776400056D921 /* Embed Frameworks */ = {
			isa = PBXCopyFilesBuildPhase;
			buildActionMask = 2147483647;
			dstPath = "";
			dstSubfolderSpec = 10;
			files = (
				FBEBE5391F5776400056D921 /* Charts.framework in Embed Frameworks */,
			);
			name = "Embed Frameworks";
			runOnlyForDeploymentPostprocessing = 0;
		};
/* End PBXCopyFilesBuildPhase section */

/* Begin PBXFileReference section */
		241719C41F4D9EE10045C2D6 /* ProposalsViewController.h */ = {isa = PBXFileReference; fileEncoding = 4; lastKnownFileType = sourcecode.c.h; path = ProposalsViewController.h; sourceTree = "<group>"; };
		241719C51F4D9EE10045C2D6 /* ProposalsViewController.m */ = {isa = PBXFileReference; fileEncoding = 4; lastKnownFileType = sourcecode.c.objc; path = ProposalsViewController.m; sourceTree = "<group>"; };
		241719D61F4DA4C60045C2D6 /* ProposalsManager.h */ = {isa = PBXFileReference; fileEncoding = 4; lastKnownFileType = sourcecode.c.h; path = ProposalsManager.h; sourceTree = "<group>"; };
		241719D71F4DA4C60045C2D6 /* ProposalsManager.m */ = {isa = PBXFileReference; fileEncoding = 4; lastKnownFileType = sourcecode.c.objc; path = ProposalsManager.m; sourceTree = "<group>"; };
		241719D91F4DB0FB0045C2D6 /* Proposal+CoreDataClass.h */ = {isa = PBXFileReference; fileEncoding = 4; lastKnownFileType = sourcecode.c.h; path = "Proposal+CoreDataClass.h"; sourceTree = "<group>"; };
		241719DA1F4DB0FB0045C2D6 /* Proposal+CoreDataClass.m */ = {isa = PBXFileReference; fileEncoding = 4; lastKnownFileType = sourcecode.c.objc; path = "Proposal+CoreDataClass.m"; sourceTree = "<group>"; };
		241719DB1F4DB0FB0045C2D6 /* Proposal+CoreDataProperties.h */ = {isa = PBXFileReference; fileEncoding = 4; lastKnownFileType = sourcecode.c.h; path = "Proposal+CoreDataProperties.h"; sourceTree = "<group>"; };
		241719DC1F4DB0FB0045C2D6 /* Proposal+CoreDataProperties.m */ = {isa = PBXFileReference; fileEncoding = 4; lastKnownFileType = sourcecode.c.objc; path = "Proposal+CoreDataProperties.m"; sourceTree = "<group>"; };
		241719DD1F4DB0FB0045C2D6 /* Comment+CoreDataClass.h */ = {isa = PBXFileReference; fileEncoding = 4; lastKnownFileType = sourcecode.c.h; path = "Comment+CoreDataClass.h"; sourceTree = "<group>"; };
		241719DE1F4DB0FB0045C2D6 /* Comment+CoreDataClass.m */ = {isa = PBXFileReference; fileEncoding = 4; lastKnownFileType = sourcecode.c.objc; path = "Comment+CoreDataClass.m"; sourceTree = "<group>"; };
		241719DF1F4DB0FB0045C2D6 /* Comment+CoreDataProperties.h */ = {isa = PBXFileReference; fileEncoding = 4; lastKnownFileType = sourcecode.c.h; path = "Comment+CoreDataProperties.h"; sourceTree = "<group>"; };
		241719E01F4DB0FB0045C2D6 /* Comment+CoreDataProperties.m */ = {isa = PBXFileReference; fileEncoding = 4; lastKnownFileType = sourcecode.c.objc; path = "Comment+CoreDataProperties.m"; sourceTree = "<group>"; };
		2432DD9E1F54395600A14112 /* ProposalCell.h */ = {isa = PBXFileReference; fileEncoding = 4; lastKnownFileType = sourcecode.c.h; path = ProposalCell.h; sourceTree = "<group>"; };
		2432DD9F1F54395600A14112 /* ProposalCell.m */ = {isa = PBXFileReference; fileEncoding = 4; lastKnownFileType = sourcecode.c.objc; path = ProposalCell.m; sourceTree = "<group>"; };
		243D272C1F60817500D53D99 /* fr */ = {isa = PBXFileReference; lastKnownFileType = text.plist.strings; name = fr; path = fr.lproj/Main.strings; sourceTree = "<group>"; };
		243D272D1F60817600D53D99 /* fr */ = {isa = PBXFileReference; lastKnownFileType = text.plist.strings; name = fr; path = fr.lproj/LaunchScreen.strings; sourceTree = "<group>"; };
		243D272E1F60817D00D53D99 /* zh-Hans */ = {isa = PBXFileReference; lastKnownFileType = text.plist.strings; name = "zh-Hans"; path = "zh-Hans.lproj/Main.strings"; sourceTree = "<group>"; };
		243D272F1F60817D00D53D99 /* zh-Hans */ = {isa = PBXFileReference; lastKnownFileType = text.plist.strings; name = "zh-Hans"; path = "zh-Hans.lproj/LaunchScreen.strings"; sourceTree = "<group>"; };
		243D27301F60818100D53D99 /* zh-Hant */ = {isa = PBXFileReference; lastKnownFileType = text.plist.strings; name = "zh-Hant"; path = "zh-Hant.lproj/Main.strings"; sourceTree = "<group>"; };
		243D27311F60818100D53D99 /* zh-Hant */ = {isa = PBXFileReference; lastKnownFileType = text.plist.strings; name = "zh-Hant"; path = "zh-Hant.lproj/LaunchScreen.strings"; sourceTree = "<group>"; };
		243D27321F60818500D53D99 /* es */ = {isa = PBXFileReference; lastKnownFileType = text.plist.strings; name = es; path = es.lproj/Main.strings; sourceTree = "<group>"; };
		243D27331F60818500D53D99 /* es */ = {isa = PBXFileReference; lastKnownFileType = text.plist.strings; name = es; path = es.lproj/LaunchScreen.strings; sourceTree = "<group>"; };
		243D27341F60818800D53D99 /* ja */ = {isa = PBXFileReference; lastKnownFileType = text.plist.strings; name = ja; path = ja.lproj/Main.strings; sourceTree = "<group>"; };
		243D27351F60818800D53D99 /* ja */ = {isa = PBXFileReference; lastKnownFileType = text.plist.strings; name = ja; path = ja.lproj/LaunchScreen.strings; sourceTree = "<group>"; };
		243D27361F60818C00D53D99 /* es-419 */ = {isa = PBXFileReference; lastKnownFileType = text.plist.strings; name = "es-419"; path = "es-419.lproj/Main.strings"; sourceTree = "<group>"; };
		243D27371F60818C00D53D99 /* es-419 */ = {isa = PBXFileReference; lastKnownFileType = text.plist.strings; name = "es-419"; path = "es-419.lproj/LaunchScreen.strings"; sourceTree = "<group>"; };
		243D27381F60818F00D53D99 /* es-MX */ = {isa = PBXFileReference; lastKnownFileType = text.plist.strings; name = "es-MX"; path = "es-MX.lproj/Main.strings"; sourceTree = "<group>"; };
		243D27391F60818F00D53D99 /* es-MX */ = {isa = PBXFileReference; lastKnownFileType = text.plist.strings; name = "es-MX"; path = "es-MX.lproj/LaunchScreen.strings"; sourceTree = "<group>"; };
		243D273A1F6081BE00D53D99 /* ko */ = {isa = PBXFileReference; lastKnownFileType = text.plist.strings; name = ko; path = ko.lproj/Main.strings; sourceTree = "<group>"; };
		243D273B1F6081BE00D53D99 /* ko */ = {isa = PBXFileReference; lastKnownFileType = text.plist.strings; name = ko; path = ko.lproj/LaunchScreen.strings; sourceTree = "<group>"; };
		243D273C1F6081C300D53D99 /* pt-BR */ = {isa = PBXFileReference; lastKnownFileType = text.plist.strings; name = "pt-BR"; path = "pt-BR.lproj/Main.strings"; sourceTree = "<group>"; };
		243D273D1F6081C300D53D99 /* pt-BR */ = {isa = PBXFileReference; lastKnownFileType = text.plist.strings; name = "pt-BR"; path = "pt-BR.lproj/LaunchScreen.strings"; sourceTree = "<group>"; };
		243D273E1F6081C600D53D99 /* pt-PT */ = {isa = PBXFileReference; lastKnownFileType = text.plist.strings; name = "pt-PT"; path = "pt-PT.lproj/Main.strings"; sourceTree = "<group>"; };
		243D273F1F6081C700D53D99 /* pt-PT */ = {isa = PBXFileReference; lastKnownFileType = text.plist.strings; name = "pt-PT"; path = "pt-PT.lproj/LaunchScreen.strings"; sourceTree = "<group>"; };
		243D27401F6081CB00D53D99 /* ru */ = {isa = PBXFileReference; lastKnownFileType = text.plist.strings; name = ru; path = ru.lproj/Main.strings; sourceTree = "<group>"; };
		243D27411F6081CB00D53D99 /* ru */ = {isa = PBXFileReference; lastKnownFileType = text.plist.strings; name = ru; path = ru.lproj/LaunchScreen.strings; sourceTree = "<group>"; };
		2442A01B1F4D6CDC006FAC0D /* DashControl.entitlements */ = {isa = PBXFileReference; lastKnownFileType = text.plist.entitlements; path = DashControl.entitlements; sourceTree = "<group>"; };
		24438DF11F5FEA6600763A14 /* ProposalHeaderView.h */ = {isa = PBXFileReference; fileEncoding = 4; lastKnownFileType = sourcecode.c.h; path = ProposalHeaderView.h; sourceTree = "<group>"; };
		24438DF21F5FEA6600763A14 /* ProposalHeaderView.m */ = {isa = PBXFileReference; fileEncoding = 4; lastKnownFileType = sourcecode.c.objc; path = ProposalHeaderView.m; sourceTree = "<group>"; };
		2448578F1F59CCBF004DE273 /* ProposalDetailViewController.h */ = {isa = PBXFileReference; fileEncoding = 4; lastKnownFileType = sourcecode.c.h; path = ProposalDetailViewController.h; sourceTree = "<group>"; };
		244857901F59CCBF004DE273 /* ProposalDetailViewController.m */ = {isa = PBXFileReference; fileEncoding = 4; lastKnownFileType = sourcecode.c.objc; path = ProposalDetailViewController.m; sourceTree = "<group>"; };
		247B8F541F5FBFFB005BC14A /* dash_icon_tmp.png */ = {isa = PBXFileReference; lastKnownFileType = image.png; path = dash_icon_tmp.png; sourceTree = "<group>"; };
		2485235A1F44A71B0027FBA6 /* WebKit.framework */ = {isa = PBXFileReference; lastKnownFileType = wrapper.framework; name = WebKit.framework; path = System/Library/Frameworks/WebKit.framework; sourceTree = SDKROOT; };
		2499B7661F6015B80094A982 /* ProposalHeaderView.xib */ = {isa = PBXFileReference; fileEncoding = 4; lastKnownFileType = file.xib; path = ProposalHeaderView.xib; sourceTree = "<group>"; };
		249A3F911F6133AA00155636 /* es-419 */ = {isa = PBXFileReference; lastKnownFileType = text.plist.strings; name = "es-419"; path = LaunchScreen.strings; sourceTree = "<group>"; };
		249A3F931F6133AA00155636 /* es-419 */ = {isa = PBXFileReference; lastKnownFileType = text.plist.strings; name = "es-419"; path = Main.strings; sourceTree = "<group>"; };
		249A3F961F6133AA00155636 /* es-MX */ = {isa = PBXFileReference; lastKnownFileType = text.plist.strings; name = "es-MX"; path = LaunchScreen.strings; sourceTree = "<group>"; };
		249A3F981F6133AA00155636 /* es-MX */ = {isa = PBXFileReference; lastKnownFileType = text.plist.strings; name = "es-MX"; path = Main.strings; sourceTree = "<group>"; };
		249A3F9B1F6133AA00155636 /* es */ = {isa = PBXFileReference; lastKnownFileType = text.plist.strings; name = es; path = LaunchScreen.strings; sourceTree = "<group>"; };
		249A3F9D1F6133AA00155636 /* es */ = {isa = PBXFileReference; lastKnownFileType = text.plist.strings; name = es; path = Main.strings; sourceTree = "<group>"; };
		249A3FA01F6133AA00155636 /* fr */ = {isa = PBXFileReference; lastKnownFileType = text.plist.strings; name = fr; path = LaunchScreen.strings; sourceTree = "<group>"; };
		249A3FA21F6133AA00155636 /* fr */ = {isa = PBXFileReference; lastKnownFileType = text.plist.strings; name = fr; path = Main.strings; sourceTree = "<group>"; };
		249A3FA51F6133AA00155636 /* ja */ = {isa = PBXFileReference; lastKnownFileType = text.plist.strings; name = ja; path = LaunchScreen.strings; sourceTree = "<group>"; };
		249A3FA71F6133AA00155636 /* ja */ = {isa = PBXFileReference; lastKnownFileType = text.plist.strings; name = ja; path = Main.strings; sourceTree = "<group>"; };
		249A3FAA1F6133AA00155636 /* ko */ = {isa = PBXFileReference; lastKnownFileType = text.plist.strings; name = ko; path = LaunchScreen.strings; sourceTree = "<group>"; };
		249A3FAC1F6133AA00155636 /* ko */ = {isa = PBXFileReference; lastKnownFileType = text.plist.strings; name = ko; path = Main.strings; sourceTree = "<group>"; };
		249A3FAF1F6133AA00155636 /* pt-BR */ = {isa = PBXFileReference; lastKnownFileType = text.plist.strings; name = "pt-BR"; path = LaunchScreen.strings; sourceTree = "<group>"; };
		249A3FB11F6133AA00155636 /* pt-BR */ = {isa = PBXFileReference; lastKnownFileType = text.plist.strings; name = "pt-BR"; path = Main.strings; sourceTree = "<group>"; };
		249A3FB41F6133AA00155636 /* pt-PT */ = {isa = PBXFileReference; lastKnownFileType = text.plist.strings; name = "pt-PT"; path = LaunchScreen.strings; sourceTree = "<group>"; };
		249A3FB61F6133AA00155636 /* pt-PT */ = {isa = PBXFileReference; lastKnownFileType = text.plist.strings; name = "pt-PT"; path = Main.strings; sourceTree = "<group>"; };
		249A3FB91F6133AA00155636 /* ru */ = {isa = PBXFileReference; lastKnownFileType = text.plist.strings; name = ru; path = LaunchScreen.strings; sourceTree = "<group>"; };
		249A3FBB1F6133AA00155636 /* ru */ = {isa = PBXFileReference; lastKnownFileType = text.plist.strings; name = ru; path = Main.strings; sourceTree = "<group>"; };
		249A3FBE1F6133AA00155636 /* zh-Hans */ = {isa = PBXFileReference; lastKnownFileType = text.plist.strings; name = "zh-Hans"; path = LaunchScreen.strings; sourceTree = "<group>"; };
		249A3FC01F6133AA00155636 /* zh-Hans */ = {isa = PBXFileReference; lastKnownFileType = text.plist.strings; name = "zh-Hans"; path = Main.strings; sourceTree = "<group>"; };
		249A3FC31F6133AA00155636 /* zh-Hant */ = {isa = PBXFileReference; lastKnownFileType = text.plist.strings; name = "zh-Hant"; path = LaunchScreen.strings; sourceTree = "<group>"; };
		249A3FC51F6133AA00155636 /* zh-Hant */ = {isa = PBXFileReference; lastKnownFileType = text.plist.strings; name = "zh-Hant"; path = Main.strings; sourceTree = "<group>"; };
		249A3FC81F6133AA00155636 /* Base */ = {isa = PBXFileReference; lastKnownFileType = file.storyboard; name = Base; path = LaunchScreen.storyboard; sourceTree = "<group>"; };
		249A3FCA1F6133AA00155636 /* Base */ = {isa = PBXFileReference; lastKnownFileType = file.storyboard; name = Base; path = Main.storyboard; sourceTree = "<group>"; };
		249A3FE41F61346B00155636 /* Base */ = {isa = PBXFileReference; lastKnownFileType = text.plist.strings; name = Base; path = Localizable.strings; sourceTree = "<group>"; };
		249A3FE71F6134FD00155636 /* zh-Hant */ = {isa = PBXFileReference; lastKnownFileType = text.plist.strings; name = "zh-Hant"; path = Localizable.strings; sourceTree = "<group>"; };
		249A3FEA1F61350600155636 /* zh-Hans */ = {isa = PBXFileReference; lastKnownFileType = text.plist.strings; name = "zh-Hans"; path = Localizable.strings; sourceTree = "<group>"; };
		249A3FED1F61351200155636 /* ru */ = {isa = PBXFileReference; lastKnownFileType = text.plist.strings; name = ru; path = Localizable.strings; sourceTree = "<group>"; };
		249A3FF01F61351A00155636 /* pt-PT */ = {isa = PBXFileReference; lastKnownFileType = text.plist.strings; name = "pt-PT"; path = Localizable.strings; sourceTree = "<group>"; };
		249A3FF31F61352000155636 /* pt-BR */ = {isa = PBXFileReference; lastKnownFileType = text.plist.strings; name = "pt-BR"; path = Localizable.strings; sourceTree = "<group>"; };
		249A3FF61F61352500155636 /* ko */ = {isa = PBXFileReference; lastKnownFileType = text.plist.strings; name = ko; path = Localizable.strings; sourceTree = "<group>"; };
		249A3FF91F61352B00155636 /* ja */ = {isa = PBXFileReference; lastKnownFileType = text.plist.strings; name = ja; path = Localizable.strings; sourceTree = "<group>"; };
		249A3FFC1F61353100155636 /* fr */ = {isa = PBXFileReference; lastKnownFileType = text.plist.strings; name = fr; path = Localizable.strings; sourceTree = "<group>"; };
		249A3FFF1F61353800155636 /* es */ = {isa = PBXFileReference; lastKnownFileType = text.plist.strings; name = es; path = Localizable.strings; sourceTree = "<group>"; };
		249A40021F61354100155636 /* es-MX */ = {isa = PBXFileReference; lastKnownFileType = text.plist.strings; name = "es-MX"; path = Localizable.strings; sourceTree = "<group>"; };
		249A40051F61354700155636 /* es-419 */ = {isa = PBXFileReference; lastKnownFileType = text.plist.strings; name = "es-419"; path = Localizable.strings; sourceTree = "<group>"; };
		249A40071F61366F00155636 /* HowToUpdate.rtf */ = {isa = PBXFileReference; fileEncoding = 4; lastKnownFileType = text.rtf; path = HowToUpdate.rtf; sourceTree = "<group>"; };
		249A400A1F61396D00155636 /* Base */ = {isa = PBXFileReference; lastKnownFileType = text.plist.strings; name = Base; path = AFNetworking.strings; sourceTree = "<group>"; };
		249A400D1F61397400155636 /* es-419 */ = {isa = PBXFileReference; lastKnownFileType = text.plist.strings; name = "es-419"; path = AFNetworking.strings; sourceTree = "<group>"; };
		249A40101F61397900155636 /* es-MX */ = {isa = PBXFileReference; lastKnownFileType = text.plist.strings; name = "es-MX"; path = AFNetworking.strings; sourceTree = "<group>"; };
		249A40131F61397F00155636 /* es */ = {isa = PBXFileReference; lastKnownFileType = text.plist.strings; name = es; path = AFNetworking.strings; sourceTree = "<group>"; };
		249A40161F61398400155636 /* fr */ = {isa = PBXFileReference; lastKnownFileType = text.plist.strings; name = fr; path = AFNetworking.strings; sourceTree = "<group>"; };
		249A40191F61398900155636 /* ja */ = {isa = PBXFileReference; lastKnownFileType = text.plist.strings; name = ja; path = AFNetworking.strings; sourceTree = "<group>"; };
		249A401C1F61398E00155636 /* ko */ = {isa = PBXFileReference; lastKnownFileType = text.plist.strings; name = ko; path = AFNetworking.strings; sourceTree = "<group>"; };
		249A401F1F61399500155636 /* pt-BR */ = {isa = PBXFileReference; lastKnownFileType = text.plist.strings; name = "pt-BR"; path = AFNetworking.strings; sourceTree = "<group>"; };
		249A40221F61399D00155636 /* pt-PT */ = {isa = PBXFileReference; lastKnownFileType = text.plist.strings; name = "pt-PT"; path = AFNetworking.strings; sourceTree = "<group>"; };
		249A40251F6139A200155636 /* ru */ = {isa = PBXFileReference; lastKnownFileType = text.plist.strings; name = ru; path = AFNetworking.strings; sourceTree = "<group>"; };
		249A40281F6139A800155636 /* zh-Hans */ = {isa = PBXFileReference; lastKnownFileType = text.plist.strings; name = "zh-Hans"; path = AFNetworking.strings; sourceTree = "<group>"; };
		249A402B1F6139AD00155636 /* zh-Hant */ = {isa = PBXFileReference; lastKnownFileType = text.plist.strings; name = "zh-Hant"; path = AFNetworking.strings; sourceTree = "<group>"; };
		24A215971F52C5E900A63311 /* Budget+CoreDataClass.h */ = {isa = PBXFileReference; fileEncoding = 4; lastKnownFileType = sourcecode.c.h; path = "Budget+CoreDataClass.h"; sourceTree = "<group>"; };
		24A215981F52C5E900A63311 /* Budget+CoreDataClass.m */ = {isa = PBXFileReference; fileEncoding = 4; lastKnownFileType = sourcecode.c.objc; path = "Budget+CoreDataClass.m"; sourceTree = "<group>"; };
		24A215991F52C5E900A63311 /* Budget+CoreDataProperties.h */ = {isa = PBXFileReference; fileEncoding = 4; lastKnownFileType = sourcecode.c.h; path = "Budget+CoreDataProperties.h"; sourceTree = "<group>"; };
		24A2159A1F52C5E900A63311 /* Budget+CoreDataProperties.m */ = {isa = PBXFileReference; fileEncoding = 4; lastKnownFileType = sourcecode.c.objc; path = "Budget+CoreDataProperties.m"; sourceTree = "<group>"; };
		24B000431F5724B6007D24A1 /* SafariServices.framework */ = {isa = PBXFileReference; lastKnownFileType = wrapper.framework; name = SafariServices.framework; path = System/Library/Frameworks/SafariServices.framework; sourceTree = SDKROOT; };
		24B0004A1F580FEB007D24A1 /* CoreSpotlight.framework */ = {isa = PBXFileReference; lastKnownFileType = wrapper.framework; name = CoreSpotlight.framework; path = System/Library/Frameworks/CoreSpotlight.framework; sourceTree = SDKROOT; };
		24B0004C1F580FF5007D24A1 /* MobileCoreServices.framework */ = {isa = PBXFileReference; lastKnownFileType = wrapper.framework; name = MobileCoreServices.framework; path = System/Library/Frameworks/MobileCoreServices.framework; sourceTree = SDKROOT; };
		24C86EFB1F5EC04100735785 /* ProposalDetailNameTableViewCell.h */ = {isa = PBXFileReference; fileEncoding = 4; lastKnownFileType = sourcecode.c.h; path = ProposalDetailNameTableViewCell.h; sourceTree = "<group>"; };
		24C86EFC1F5EC04100735785 /* ProposalDetailNameTableViewCell.m */ = {isa = PBXFileReference; fileEncoding = 4; lastKnownFileType = sourcecode.c.objc; path = ProposalDetailNameTableViewCell.m; sourceTree = "<group>"; };
		24C86EFE1F5EC05400735785 /* ProposalDetailTitleTableViewCell.h */ = {isa = PBXFileReference; fileEncoding = 4; lastKnownFileType = sourcecode.c.h; path = ProposalDetailTitleTableViewCell.h; sourceTree = "<group>"; };
		24C86EFF1F5EC05400735785 /* ProposalDetailTitleTableViewCell.m */ = {isa = PBXFileReference; fileEncoding = 4; lastKnownFileType = sourcecode.c.objc; path = ProposalDetailTitleTableViewCell.m; sourceTree = "<group>"; };
		24C86F011F5EC06C00735785 /* ProposalDetailOneTimePayementTableViewCell.h */ = {isa = PBXFileReference; fileEncoding = 4; lastKnownFileType = sourcecode.c.h; path = ProposalDetailOneTimePayementTableViewCell.h; sourceTree = "<group>"; };
		24C86F021F5EC06C00735785 /* ProposalDetailOneTimePayementTableViewCell.m */ = {isa = PBXFileReference; fileEncoding = 4; lastKnownFileType = sourcecode.c.objc; path = ProposalDetailOneTimePayementTableViewCell.m; sourceTree = "<group>"; };
		24C86F041F5EC08500735785 /* ProposalDetailCompletedPaymentsTableViewCell.h */ = {isa = PBXFileReference; fileEncoding = 4; lastKnownFileType = sourcecode.c.h; path = ProposalDetailCompletedPaymentsTableViewCell.h; sourceTree = "<group>"; };
		24C86F051F5EC08500735785 /* ProposalDetailCompletedPaymentsTableViewCell.m */ = {isa = PBXFileReference; fileEncoding = 4; lastKnownFileType = sourcecode.c.objc; path = ProposalDetailCompletedPaymentsTableViewCell.m; sourceTree = "<group>"; };
		24C86F071F5EC09900735785 /* ProposalDetailVotesResultTableViewCell.h */ = {isa = PBXFileReference; fileEncoding = 4; lastKnownFileType = sourcecode.c.h; path = ProposalDetailVotesResultTableViewCell.h; sourceTree = "<group>"; };
		24C86F081F5EC09900735785 /* ProposalDetailVotesResultTableViewCell.m */ = {isa = PBXFileReference; fileEncoding = 4; lastKnownFileType = sourcecode.c.objc; path = ProposalDetailVotesResultTableViewCell.m; sourceTree = "<group>"; };
		24C86F0A1F5EC0C300735785 /* ProposalDetailDescriptionHeaderTableViewCell.h */ = {isa = PBXFileReference; fileEncoding = 4; lastKnownFileType = sourcecode.c.h; path = ProposalDetailDescriptionHeaderTableViewCell.h; sourceTree = "<group>"; };
		24C86F0B1F5EC0C300735785 /* ProposalDetailDescriptionHeaderTableViewCell.m */ = {isa = PBXFileReference; fileEncoding = 4; lastKnownFileType = sourcecode.c.objc; path = ProposalDetailDescriptionHeaderTableViewCell.m; sourceTree = "<group>"; };
		24C86F0D1F5EC0D600735785 /* ProposalDetailDescriptionDetailTableViewCell.h */ = {isa = PBXFileReference; fileEncoding = 4; lastKnownFileType = sourcecode.c.h; path = ProposalDetailDescriptionDetailTableViewCell.h; sourceTree = "<group>"; };
		24C86F0E1F5EC0D600735785 /* ProposalDetailDescriptionDetailTableViewCell.m */ = {isa = PBXFileReference; fileEncoding = 4; lastKnownFileType = sourcecode.c.objc; path = ProposalDetailDescriptionDetailTableViewCell.m; sourceTree = "<group>"; };
		24E1D8DD1F4D742D00AE2C47 /* UserNotifications.framework */ = {isa = PBXFileReference; lastKnownFileType = wrapper.framework; name = UserNotifications.framework; path = System/Library/Frameworks/UserNotifications.framework; sourceTree = SDKROOT; };
		24E584061F3ADAC900A12087 /* DashControl.xcdatamodel */ = {isa = PBXFileReference; lastKnownFileType = wrapper.xcdatamodel; path = DashControl.xcdatamodel; sourceTree = "<group>"; };
		24E5840C1F3ADBAA00A12087 /* Post+CoreDataClass.h */ = {isa = PBXFileReference; fileEncoding = 4; lastKnownFileType = sourcecode.c.h; path = "Post+CoreDataClass.h"; sourceTree = "<group>"; };
		24E5840D1F3ADBAA00A12087 /* Post+CoreDataClass.m */ = {isa = PBXFileReference; fileEncoding = 4; lastKnownFileType = sourcecode.c.objc; path = "Post+CoreDataClass.m"; sourceTree = "<group>"; };
		24E5840E1F3ADBAA00A12087 /* Post+CoreDataProperties.h */ = {isa = PBXFileReference; fileEncoding = 4; lastKnownFileType = sourcecode.c.h; path = "Post+CoreDataProperties.h"; sourceTree = "<group>"; };
		24E5840F1F3ADBAA00A12087 /* Post+CoreDataProperties.m */ = {isa = PBXFileReference; fileEncoding = 4; lastKnownFileType = sourcecode.c.objc; path = "Post+CoreDataProperties.m"; sourceTree = "<group>"; };
		24E584121F3ADC4C00A12087 /* RSSFeedManager.h */ = {isa = PBXFileReference; fileEncoding = 4; lastKnownFileType = sourcecode.c.h; path = RSSFeedManager.h; sourceTree = "<group>"; };
		24E584131F3ADC4C00A12087 /* RSSFeedManager.m */ = {isa = PBXFileReference; fileEncoding = 4; lastKnownFileType = sourcecode.c.objc; path = RSSFeedManager.m; sourceTree = "<group>"; };
		24E584151F3ADCEF00A12087 /* DashControl-PrefixHeader.pch */ = {isa = PBXFileReference; lastKnownFileType = sourcecode.c.h; path = "DashControl-PrefixHeader.pch"; sourceTree = "<group>"; };
		24E584161F3AF18A00A12087 /* RSSFeedListViewController.h */ = {isa = PBXFileReference; fileEncoding = 4; lastKnownFileType = sourcecode.c.h; path = RSSFeedListViewController.h; sourceTree = "<group>"; };
		24E584171F3AF18A00A12087 /* RSSFeedListViewController.m */ = {isa = PBXFileReference; fileEncoding = 4; lastKnownFileType = sourcecode.c.objc; path = RSSFeedListViewController.m; sourceTree = "<group>"; };
		24E584191F3AFB0F00A12087 /* RSSFeedListTableViewCell.h */ = {isa = PBXFileReference; fileEncoding = 4; lastKnownFileType = sourcecode.c.h; path = RSSFeedListTableViewCell.h; sourceTree = "<group>"; };
		24E5841A1F3AFB0F00A12087 /* RSSFeedListTableViewCell.m */ = {isa = PBXFileReference; fileEncoding = 4; lastKnownFileType = sourcecode.c.objc; path = RSSFeedListTableViewCell.m; sourceTree = "<group>"; };
		24FC99F01F5EA0F40054C2A8 /* iconAttachment.png */ = {isa = PBXFileReference; lastKnownFileType = image.png; path = iconAttachment.png; sourceTree = "<group>"; };
		24FC99F11F5EA0F40054C2A8 /* iconAttachment@2x.png */ = {isa = PBXFileReference; lastKnownFileType = image.png; path = "iconAttachment@2x.png"; sourceTree = "<group>"; };
		24FC99F21F5EA0F40054C2A8 /* iconReply.png */ = {isa = PBXFileReference; lastKnownFileType = image.png; path = iconReply.png; sourceTree = "<group>"; };
		24FC99F31F5EA0F40054C2A8 /* iconReply@2x.png */ = {isa = PBXFileReference; lastKnownFileType = image.png; path = "iconReply@2x.png"; sourceTree = "<group>"; };
		24FE25471F4C7ECE00E32652 /* DCBackendManager.h */ = {isa = PBXFileReference; fileEncoding = 4; lastKnownFileType = sourcecode.c.h; path = DCBackendManager.h; sourceTree = "<group>"; };
		24FE25481F4C7ECE00E32652 /* DCBackendManager.m */ = {isa = PBXFileReference; fileEncoding = 4; lastKnownFileType = sourcecode.c.objc; path = DCBackendManager.m; sourceTree = "<group>"; };
		24FE254A1F4C82C900E32652 /* PriceViewController.h */ = {isa = PBXFileReference; fileEncoding = 4; lastKnownFileType = sourcecode.c.h; path = PriceViewController.h; sourceTree = "<group>"; };
		24FE254B1F4C82C900E32652 /* PriceViewController.m */ = {isa = PBXFileReference; fileEncoding = 4; lastKnownFileType = sourcecode.c.objc; path = PriceViewController.m; sourceTree = "<group>"; };
		481845A5C2EBC2EB1752483D /* Pods-DashControl.release.xcconfig */ = {isa = PBXFileReference; includeInIndex = 1; lastKnownFileType = text.xcconfig; name = "Pods-DashControl.release.xcconfig"; path = "Pods/Target Support Files/Pods-DashControl/Pods-DashControl.release.xcconfig"; sourceTree = "<group>"; };
		6385EAF7B5AD9CDA2429BFAE /* Pods-DashControl.debug.xcconfig */ = {isa = PBXFileReference; includeInIndex = 1; lastKnownFileType = text.xcconfig; name = "Pods-DashControl.debug.xcconfig"; path = "Pods/Target Support Files/Pods-DashControl/Pods-DashControl.debug.xcconfig"; sourceTree = "<group>"; };
		742C8B5087BA50FD669F86E9 /* libPods-DashControl.a */ = {isa = PBXFileReference; explicitFileType = archive.ar; includeInIndex = 0; path = "libPods-DashControl.a"; sourceTree = BUILT_PRODUCTS_DIR; };
		FB2F9B3B1F5C9F960035180D /* NSArray+SWAdditions.h */ = {isa = PBXFileReference; fileEncoding = 4; lastKnownFileType = sourcecode.c.h; path = "NSArray+SWAdditions.h"; sourceTree = "<group>"; };
		FB2F9B3C1F5C9F960035180D /* NSArray+SWAdditions.m */ = {isa = PBXFileReference; fileEncoding = 4; lastKnownFileType = sourcecode.c.objc; path = "NSArray+SWAdditions.m"; sourceTree = "<group>"; };
		FB84EDBD1F32898700E4D400 /* DashControl.app */ = {isa = PBXFileReference; explicitFileType = wrapper.application; includeInIndex = 0; path = DashControl.app; sourceTree = BUILT_PRODUCTS_DIR; };
		FB84EDC11F32898700E4D400 /* main.m */ = {isa = PBXFileReference; lastKnownFileType = sourcecode.c.objc; path = main.m; sourceTree = "<group>"; };
		FB84EDC31F32898700E4D400 /* AppDelegate.h */ = {isa = PBXFileReference; lastKnownFileType = sourcecode.c.h; path = AppDelegate.h; sourceTree = "<group>"; };
		FB84EDC41F32898700E4D400 /* AppDelegate.m */ = {isa = PBXFileReference; lastKnownFileType = sourcecode.c.objc; path = AppDelegate.m; sourceTree = "<group>"; };
		FB84EDCD1F32898700E4D400 /* Base */ = {isa = PBXFileReference; lastKnownFileType = file.storyboard; name = Base; path = Base.lproj/Main.storyboard; sourceTree = "<group>"; };
		FB84EDCF1F32898700E4D400 /* Assets.xcassets */ = {isa = PBXFileReference; lastKnownFileType = folder.assetcatalog; path = Assets.xcassets; sourceTree = "<group>"; };
		FB84EDD21F32898700E4D400 /* Base */ = {isa = PBXFileReference; lastKnownFileType = file.storyboard; name = Base; path = Base.lproj/LaunchScreen.storyboard; sourceTree = "<group>"; };
		FB84EDD41F32898700E4D400 /* Info.plist */ = {isa = PBXFileReference; lastKnownFileType = text.plist.xml; path = Info.plist; sourceTree = "<group>"; };
		FB84EDDB1F32908C00E4D400 /* DCDataManager.h */ = {isa = PBXFileReference; fileEncoding = 4; lastKnownFileType = sourcecode.c.h; path = DCDataManager.h; sourceTree = "<group>"; };
		FB84EDDC1F32908C00E4D400 /* DCDataManager.m */ = {isa = PBXFileReference; fileEncoding = 4; lastKnownFileType = sourcecode.c.objc; path = DCDataManager.m; sourceTree = "<group>"; };
		FB84EDDE1F3293C700E4D400 /* DCWalletConstants.h */ = {isa = PBXFileReference; fileEncoding = 4; lastKnownFileType = sourcecode.c.h; path = DCWalletConstants.h; sourceTree = "<group>"; };
		FBE1F4FD1F5D4CF500823A77 /* ChartDataEntry+CoreDataClass.h */ = {isa = PBXFileReference; fileEncoding = 4; lastKnownFileType = sourcecode.c.h; path = "ChartDataEntry+CoreDataClass.h"; sourceTree = "<group>"; };
		FBE1F4FE1F5D4CF500823A77 /* ChartDataEntry+CoreDataClass.m */ = {isa = PBXFileReference; fileEncoding = 4; lastKnownFileType = sourcecode.c.objc; path = "ChartDataEntry+CoreDataClass.m"; sourceTree = "<group>"; };
		FBE1F4FF1F5D4CF500823A77 /* ChartDataEntry+CoreDataProperties.h */ = {isa = PBXFileReference; fileEncoding = 4; lastKnownFileType = sourcecode.c.h; path = "ChartDataEntry+CoreDataProperties.h"; sourceTree = "<group>"; };
		FBE1F5001F5D4CF500823A77 /* ChartDataEntry+CoreDataProperties.m */ = {isa = PBXFileReference; fileEncoding = 4; lastKnownFileType = sourcecode.c.objc; path = "ChartDataEntry+CoreDataProperties.m"; sourceTree = "<group>"; };
		FBE1F5011F5D4CF500823A77 /* Exchange+CoreDataClass.h */ = {isa = PBXFileReference; fileEncoding = 4; lastKnownFileType = sourcecode.c.h; path = "Exchange+CoreDataClass.h"; sourceTree = "<group>"; };
		FBE1F5021F5D4CF500823A77 /* Exchange+CoreDataClass.m */ = {isa = PBXFileReference; fileEncoding = 4; lastKnownFileType = sourcecode.c.objc; path = "Exchange+CoreDataClass.m"; sourceTree = "<group>"; };
		FBE1F5031F5D4CF500823A77 /* Exchange+CoreDataProperties.h */ = {isa = PBXFileReference; fileEncoding = 4; lastKnownFileType = sourcecode.c.h; path = "Exchange+CoreDataProperties.h"; sourceTree = "<group>"; };
		FBE1F5041F5D4CF500823A77 /* Exchange+CoreDataProperties.m */ = {isa = PBXFileReference; fileEncoding = 4; lastKnownFileType = sourcecode.c.objc; path = "Exchange+CoreDataProperties.m"; sourceTree = "<group>"; };
		FBE1F5051F5D4CF500823A77 /* Market+CoreDataClass.h */ = {isa = PBXFileReference; fileEncoding = 4; lastKnownFileType = sourcecode.c.h; path = "Market+CoreDataClass.h"; sourceTree = "<group>"; };
		FBE1F5061F5D4CF500823A77 /* Market+CoreDataClass.m */ = {isa = PBXFileReference; fileEncoding = 4; lastKnownFileType = sourcecode.c.objc; path = "Market+CoreDataClass.m"; sourceTree = "<group>"; };
		FBE1F5071F5D4CF500823A77 /* Market+CoreDataProperties.h */ = {isa = PBXFileReference; fileEncoding = 4; lastKnownFileType = sourcecode.c.h; path = "Market+CoreDataProperties.h"; sourceTree = "<group>"; };
		FBE1F5081F5D4CF500823A77 /* Market+CoreDataProperties.m */ = {isa = PBXFileReference; fileEncoding = 4; lastKnownFileType = sourcecode.c.objc; path = "Market+CoreDataProperties.m"; sourceTree = "<group>"; };
		FBEBE5371F5776400056D921 /* Charts.framework */ = {isa = PBXFileReference; explicitFileType = wrapper.framework; path = Charts.framework; sourceTree = BUILT_PRODUCTS_DIR; };
		FBEBE5401F5802DE0056D921 /* ChartTimeFormatter.h */ = {isa = PBXFileReference; fileEncoding = 4; lastKnownFileType = sourcecode.c.h; path = ChartTimeFormatter.h; sourceTree = "<group>"; };
		FBEBE5411F5802DE0056D921 /* ChartTimeFormatter.m */ = {isa = PBXFileReference; fileEncoding = 4; lastKnownFileType = sourcecode.c.objc; path = ChartTimeFormatter.m; sourceTree = "<group>"; };
		FBEBE5441F5986510056D921 /* DCCoreDataManager.h */ = {isa = PBXFileReference; fileEncoding = 4; lastKnownFileType = sourcecode.c.h; path = DCCoreDataManager.h; sourceTree = "<group>"; };
		FBEBE5451F5986510056D921 /* DCCoreDataManager.m */ = {isa = PBXFileReference; fileEncoding = 4; lastKnownFileType = sourcecode.c.objc; path = DCCoreDataManager.m; sourceTree = "<group>"; };
/* End PBXFileReference section */

/* Begin PBXFrameworksBuildPhase section */
		FB84EDBA1F32898700E4D400 /* Frameworks */ = {
			isa = PBXFrameworksBuildPhase;
			buildActionMask = 2147483647;
			files = (
				24B0004D1F580FF5007D24A1 /* MobileCoreServices.framework in Frameworks */,
				24B0004B1F580FEB007D24A1 /* CoreSpotlight.framework in Frameworks */,
				24B000441F5724B6007D24A1 /* SafariServices.framework in Frameworks */,
				24E1D8DE1F4D742D00AE2C47 /* UserNotifications.framework in Frameworks */,
				FBEBE5381F5776400056D921 /* Charts.framework in Frameworks */,
				2485235B1F44A71B0027FBA6 /* WebKit.framework in Frameworks */,
				8B0BD619FFF877813DC0386A /* libPods-DashControl.a in Frameworks */,
			);
			runOnlyForDeploymentPostprocessing = 0;
		};
/* End PBXFrameworksBuildPhase section */

/* Begin PBXGroup section */
		241719C31F4D9EC30045C2D6 /* Proposals */ = {
			isa = PBXGroup;
			children = (
				241719D51F4DA49E0045C2D6 /* Manager */,
				241719C81F4DA0280045C2D6 /* Models */,
				241719C71F4DA0130045C2D6 /* ViewControllers */,
			);
			name = Proposals;
			sourceTree = "<group>";
		};
		241719C71F4DA0130045C2D6 /* ViewControllers */ = {
			isa = PBXGroup;
			children = (
				24C86EF71F5EBF3700735785 /* List */,
				24C86EF81F5EBF6A00735785 /* Detail */,
			);
			name = ViewControllers;
			sourceTree = "<group>";
		};
		241719C81F4DA0280045C2D6 /* Models */ = {
			isa = PBXGroup;
			children = (
				24A215971F52C5E900A63311 /* Budget+CoreDataClass.h */,
				24A215981F52C5E900A63311 /* Budget+CoreDataClass.m */,
				24A215991F52C5E900A63311 /* Budget+CoreDataProperties.h */,
				24A2159A1F52C5E900A63311 /* Budget+CoreDataProperties.m */,
				241719D91F4DB0FB0045C2D6 /* Proposal+CoreDataClass.h */,
				241719DA1F4DB0FB0045C2D6 /* Proposal+CoreDataClass.m */,
				241719DB1F4DB0FB0045C2D6 /* Proposal+CoreDataProperties.h */,
				241719DC1F4DB0FB0045C2D6 /* Proposal+CoreDataProperties.m */,
				241719DD1F4DB0FB0045C2D6 /* Comment+CoreDataClass.h */,
				241719DE1F4DB0FB0045C2D6 /* Comment+CoreDataClass.m */,
				241719DF1F4DB0FB0045C2D6 /* Comment+CoreDataProperties.h */,
				241719E01F4DB0FB0045C2D6 /* Comment+CoreDataProperties.m */,
			);
			name = Models;
			sourceTree = "<group>";
		};
		241719D51F4DA49E0045C2D6 /* Manager */ = {
			isa = PBXGroup;
			children = (
				241719D61F4DA4C60045C2D6 /* ProposalsManager.h */,
				241719D71F4DA4C60045C2D6 /* ProposalsManager.m */,
			);
			name = Manager;
			sourceTree = "<group>";
		};
		24438DF01F5FCF1C00763A14 /* Cells */ = {
			isa = PBXGroup;
			children = (
				24C86EFB1F5EC04100735785 /* ProposalDetailNameTableViewCell.h */,
				24C86EFC1F5EC04100735785 /* ProposalDetailNameTableViewCell.m */,
				24C86EFE1F5EC05400735785 /* ProposalDetailTitleTableViewCell.h */,
				24C86EFF1F5EC05400735785 /* ProposalDetailTitleTableViewCell.m */,
				24C86F011F5EC06C00735785 /* ProposalDetailOneTimePayementTableViewCell.h */,
				24C86F021F5EC06C00735785 /* ProposalDetailOneTimePayementTableViewCell.m */,
				24C86F041F5EC08500735785 /* ProposalDetailCompletedPaymentsTableViewCell.h */,
				24C86F051F5EC08500735785 /* ProposalDetailCompletedPaymentsTableViewCell.m */,
				24C86F071F5EC09900735785 /* ProposalDetailVotesResultTableViewCell.h */,
				24C86F081F5EC09900735785 /* ProposalDetailVotesResultTableViewCell.m */,
				24C86F0A1F5EC0C300735785 /* ProposalDetailDescriptionHeaderTableViewCell.h */,
				24C86F0B1F5EC0C300735785 /* ProposalDetailDescriptionHeaderTableViewCell.m */,
				24C86F0D1F5EC0D600735785 /* ProposalDetailDescriptionDetailTableViewCell.h */,
				24C86F0E1F5EC0D600735785 /* ProposalDetailDescriptionDetailTableViewCell.m */,
			);
			name = Cells;
			sourceTree = "<group>";
		};
		249A3F8E1F61337C00155636 /* Localization */ = {
			isa = PBXGroup;
			children = (
				249A40071F61366F00155636 /* HowToUpdate.rtf */,
				249A3FC61F6133AA00155636 /* Base.lproj */,
				249A3F8F1F6133AA00155636 /* es-419.lproj */,
				249A3F941F6133AA00155636 /* es-MX.lproj */,
				249A3F991F6133AA00155636 /* es.lproj */,
				249A3F9E1F6133AA00155636 /* fr.lproj */,
				249A3FA31F6133AA00155636 /* ja.lproj */,
				249A3FA81F6133AA00155636 /* ko.lproj */,
				249A3FAD1F6133AA00155636 /* pt-BR.lproj */,
				249A3FB21F6133AA00155636 /* pt-PT.lproj */,
				249A3FB71F6133AA00155636 /* ru.lproj */,
				249A3FBC1F6133AA00155636 /* zh-Hans.lproj */,
				249A3FC11F6133AA00155636 /* zh-Hant.lproj */,
			);
			name = Localization;
			sourceTree = "<group>";
		};
		249A3F8F1F6133AA00155636 /* es-419.lproj */ = {
			isa = PBXGroup;
			children = (
				249A400C1F61397400155636 /* AFNetworking.strings */,
				249A40041F61354700155636 /* Localizable.strings */,
				249A3F901F6133AA00155636 /* LaunchScreen.strings */,
				249A3F921F6133AA00155636 /* Main.strings */,
			);
			path = "es-419.lproj";
			sourceTree = "<group>";
		};
		249A3F941F6133AA00155636 /* es-MX.lproj */ = {
			isa = PBXGroup;
			children = (
				249A400F1F61397900155636 /* AFNetworking.strings */,
				249A40011F61354100155636 /* Localizable.strings */,
				249A3F951F6133AA00155636 /* LaunchScreen.strings */,
				249A3F971F6133AA00155636 /* Main.strings */,
			);
			path = "es-MX.lproj";
			sourceTree = "<group>";
		};
		249A3F991F6133AA00155636 /* es.lproj */ = {
			isa = PBXGroup;
			children = (
				249A40121F61397F00155636 /* AFNetworking.strings */,
				249A3FFE1F61353800155636 /* Localizable.strings */,
				249A3F9A1F6133AA00155636 /* LaunchScreen.strings */,
				249A3F9C1F6133AA00155636 /* Main.strings */,
			);
			path = es.lproj;
			sourceTree = "<group>";
		};
		249A3F9E1F6133AA00155636 /* fr.lproj */ = {
			isa = PBXGroup;
			children = (
				249A40151F61398400155636 /* AFNetworking.strings */,
				249A3FFB1F61353100155636 /* Localizable.strings */,
				249A3F9F1F6133AA00155636 /* LaunchScreen.strings */,
				249A3FA11F6133AA00155636 /* Main.strings */,
			);
			path = fr.lproj;
			sourceTree = "<group>";
		};
		249A3FA31F6133AA00155636 /* ja.lproj */ = {
			isa = PBXGroup;
			children = (
				249A40181F61398900155636 /* AFNetworking.strings */,
				249A3FF81F61352B00155636 /* Localizable.strings */,
				249A3FA41F6133AA00155636 /* LaunchScreen.strings */,
				249A3FA61F6133AA00155636 /* Main.strings */,
			);
			path = ja.lproj;
			sourceTree = "<group>";
		};
		249A3FA81F6133AA00155636 /* ko.lproj */ = {
			isa = PBXGroup;
			children = (
				249A401B1F61398E00155636 /* AFNetworking.strings */,
				249A3FF51F61352500155636 /* Localizable.strings */,
				249A3FA91F6133AA00155636 /* LaunchScreen.strings */,
				249A3FAB1F6133AA00155636 /* Main.strings */,
			);
			path = ko.lproj;
			sourceTree = "<group>";
		};
		249A3FAD1F6133AA00155636 /* pt-BR.lproj */ = {
			isa = PBXGroup;
			children = (
				249A401E1F61399500155636 /* AFNetworking.strings */,
				249A3FF21F61352000155636 /* Localizable.strings */,
				249A3FAE1F6133AA00155636 /* LaunchScreen.strings */,
				249A3FB01F6133AA00155636 /* Main.strings */,
			);
			path = "pt-BR.lproj";
			sourceTree = "<group>";
		};
		249A3FB21F6133AA00155636 /* pt-PT.lproj */ = {
			isa = PBXGroup;
			children = (
				249A40211F61399D00155636 /* AFNetworking.strings */,
				249A3FEF1F61351A00155636 /* Localizable.strings */,
				249A3FB31F6133AA00155636 /* LaunchScreen.strings */,
				249A3FB51F6133AA00155636 /* Main.strings */,
			);
			path = "pt-PT.lproj";
			sourceTree = "<group>";
		};
		249A3FB71F6133AA00155636 /* ru.lproj */ = {
			isa = PBXGroup;
			children = (
				249A40241F6139A200155636 /* AFNetworking.strings */,
				249A3FEC1F61351200155636 /* Localizable.strings */,
				249A3FB81F6133AA00155636 /* LaunchScreen.strings */,
				249A3FBA1F6133AA00155636 /* Main.strings */,
			);
			path = ru.lproj;
			sourceTree = "<group>";
		};
		249A3FBC1F6133AA00155636 /* zh-Hans.lproj */ = {
			isa = PBXGroup;
			children = (
				249A40271F6139A800155636 /* AFNetworking.strings */,
				249A3FE91F61350600155636 /* Localizable.strings */,
				249A3FBD1F6133AA00155636 /* LaunchScreen.strings */,
				249A3FBF1F6133AA00155636 /* Main.strings */,
			);
			path = "zh-Hans.lproj";
			sourceTree = "<group>";
		};
		249A3FC11F6133AA00155636 /* zh-Hant.lproj */ = {
			isa = PBXGroup;
			children = (
				249A402A1F6139AD00155636 /* AFNetworking.strings */,
				249A3FE61F6134FD00155636 /* Localizable.strings */,
				249A3FC21F6133AA00155636 /* LaunchScreen.strings */,
				249A3FC41F6133AA00155636 /* Main.strings */,
			);
			path = "zh-Hant.lproj";
			sourceTree = "<group>";
		};
		249A3FC61F6133AA00155636 /* Base.lproj */ = {
			isa = PBXGroup;
			children = (
				249A40091F61396D00155636 /* AFNetworking.strings */,
				249A3FE31F61346B00155636 /* Localizable.strings */,
				249A3FC71F6133AA00155636 /* LaunchScreen.storyboard */,
				249A3FC91F6133AA00155636 /* Main.storyboard */,
			);
			path = Base.lproj;
			sourceTree = "<group>";
		};
		24C86EF71F5EBF3700735785 /* List */ = {
			isa = PBXGroup;
			children = (
				24FC99F81F5EA0F90054C2A8 /* Assets */,
				241719C41F4D9EE10045C2D6 /* ProposalsViewController.h */,
				241719C51F4D9EE10045C2D6 /* ProposalsViewController.m */,
				2432DD9E1F54395600A14112 /* ProposalCell.h */,
				2432DD9F1F54395600A14112 /* ProposalCell.m */,
				24438DF11F5FEA6600763A14 /* ProposalHeaderView.h */,
				24438DF21F5FEA6600763A14 /* ProposalHeaderView.m */,
				2499B7661F6015B80094A982 /* ProposalHeaderView.xib */,
			);
			name = List;
			sourceTree = "<group>";
		};
		24C86EF81F5EBF6A00735785 /* Detail */ = {
			isa = PBXGroup;
			children = (
				2448578F1F59CCBF004DE273 /* ProposalDetailViewController.h */,
				244857901F59CCBF004DE273 /* ProposalDetailViewController.m */,
				24438DF01F5FCF1C00763A14 /* Cells */,
			);
			name = Detail;
			sourceTree = "<group>";
		};
		24C86EF91F5EBFDF00735785 /* List */ = {
			isa = PBXGroup;
			children = (
				247B8F541F5FBFFB005BC14A /* dash_icon_tmp.png */,
				24E584161F3AF18A00A12087 /* RSSFeedListViewController.h */,
				24E584171F3AF18A00A12087 /* RSSFeedListViewController.m */,
			);
			name = List;
			sourceTree = "<group>";
		};
		24C86EFA1F5EBFE500735785 /* Detail */ = {
			isa = PBXGroup;
			children = (
				24E584191F3AFB0F00A12087 /* RSSFeedListTableViewCell.h */,
				24E5841A1F3AFB0F00A12087 /* RSSFeedListTableViewCell.m */,
			);
			name = Detail;
			sourceTree = "<group>";
		};
		24E584011F3ADA0100A12087 /* RSSFeed */ = {
			isa = PBXGroup;
			children = (
				24E584031F3ADA4000A12087 /* Models */,
				24E584021F3ADA3A00A12087 /* Manager */,
				24E584041F3ADA4500A12087 /* ViewControllers */,
			);
			name = RSSFeed;
			sourceTree = "<group>";
		};
		24E584021F3ADA3A00A12087 /* Manager */ = {
			isa = PBXGroup;
			children = (
				24E584121F3ADC4C00A12087 /* RSSFeedManager.h */,
				24E584131F3ADC4C00A12087 /* RSSFeedManager.m */,
			);
			name = Manager;
			sourceTree = "<group>";
		};
		24E584031F3ADA4000A12087 /* Models */ = {
			isa = PBXGroup;
			children = (
				24E5840C1F3ADBAA00A12087 /* Post+CoreDataClass.h */,
				24E5840D1F3ADBAA00A12087 /* Post+CoreDataClass.m */,
				24E5840E1F3ADBAA00A12087 /* Post+CoreDataProperties.h */,
				24E5840F1F3ADBAA00A12087 /* Post+CoreDataProperties.m */,
			);
			name = Models;
			sourceTree = "<group>";
		};
		24E584041F3ADA4500A12087 /* ViewControllers */ = {
			isa = PBXGroup;
			children = (
				24C86EF91F5EBFDF00735785 /* List */,
				24C86EFA1F5EBFE500735785 /* Detail */,
			);
			name = ViewControllers;
			sourceTree = "<group>";
		};
		24FC99F81F5EA0F90054C2A8 /* Assets */ = {
			isa = PBXGroup;
			children = (
				24FC99F01F5EA0F40054C2A8 /* iconAttachment.png */,
				24FC99F11F5EA0F40054C2A8 /* iconAttachment@2x.png */,
				24FC99F21F5EA0F40054C2A8 /* iconReply.png */,
				24FC99F31F5EA0F40054C2A8 /* iconReply@2x.png */,
			);
			name = Assets;
			sourceTree = "<group>";
		};
		24FE253D1F4C7DA200E32652 /* Price */ = {
			isa = PBXGroup;
			children = (
				24FE253E1F4C7DB500E32652 /* Models */,
				24FE253F1F4C7DC600E32652 /* Managers */,
				24FE25401F4C7DCC00E32652 /* ViewControllers */,
			);
			name = Price;
			sourceTree = "<group>";
		};
		24FE253E1F4C7DB500E32652 /* Models */ = {
			isa = PBXGroup;
			children = (
				FBE1F4FD1F5D4CF500823A77 /* ChartDataEntry+CoreDataClass.h */,
				FBE1F4FE1F5D4CF500823A77 /* ChartDataEntry+CoreDataClass.m */,
				FBE1F4FF1F5D4CF500823A77 /* ChartDataEntry+CoreDataProperties.h */,
				FBE1F5001F5D4CF500823A77 /* ChartDataEntry+CoreDataProperties.m */,
				FBE1F5011F5D4CF500823A77 /* Exchange+CoreDataClass.h */,
				FBE1F5021F5D4CF500823A77 /* Exchange+CoreDataClass.m */,
				FBE1F5031F5D4CF500823A77 /* Exchange+CoreDataProperties.h */,
				FBE1F5041F5D4CF500823A77 /* Exchange+CoreDataProperties.m */,
				FBE1F5051F5D4CF500823A77 /* Market+CoreDataClass.h */,
				FBE1F5061F5D4CF500823A77 /* Market+CoreDataClass.m */,
				FBE1F5071F5D4CF500823A77 /* Market+CoreDataProperties.h */,
				FBE1F5081F5D4CF500823A77 /* Market+CoreDataProperties.m */,
			);
			name = Models;
			sourceTree = "<group>";
		};
		24FE253F1F4C7DC600E32652 /* Managers */ = {
			isa = PBXGroup;
			children = (
				24FE25471F4C7ECE00E32652 /* DCBackendManager.h */,
				24FE25481F4C7ECE00E32652 /* DCBackendManager.m */,
				FBEBE5441F5986510056D921 /* DCCoreDataManager.h */,
				FBEBE5451F5986510056D921 /* DCCoreDataManager.m */,
			);
			name = Managers;
			sourceTree = "<group>";
		};
		24FE25401F4C7DCC00E32652 /* ViewControllers */ = {
			isa = PBXGroup;
			children = (
				FBEBE53F1F5802BE0056D921 /* Chart Helpers */,
				24FE254A1F4C82C900E32652 /* PriceViewController.h */,
				24FE254B1F4C82C900E32652 /* PriceViewController.m */,
			);
			name = ViewControllers;
			sourceTree = "<group>";
		};
		3A3DCF867D724725B2BA999A /* Pods */ = {
			isa = PBXGroup;
			children = (
				6385EAF7B5AD9CDA2429BFAE /* Pods-DashControl.debug.xcconfig */,
				481845A5C2EBC2EB1752483D /* Pods-DashControl.release.xcconfig */,
			);
			name = Pods;
			sourceTree = "<group>";
		};
		F8F9FBF8277751CF40134EEE /* Frameworks */ = {
			isa = PBXGroup;
			children = (
				FBEBE5371F5776400056D921 /* Charts.framework */,
				24E1D8DD1F4D742D00AE2C47 /* UserNotifications.framework */,
				2485235A1F44A71B0027FBA6 /* WebKit.framework */,
				742C8B5087BA50FD669F86E9 /* libPods-DashControl.a */,
				24B0004C1F580FF5007D24A1 /* MobileCoreServices.framework */,
				24B0004A1F580FEB007D24A1 /* CoreSpotlight.framework */,
				24B000431F5724B6007D24A1 /* SafariServices.framework */,
			);
			name = Frameworks;
			sourceTree = "<group>";
		};
		FB2F9B3A1F5C9F8A0035180D /* Utilities */ = {
			isa = PBXGroup;
			children = (
				FB2F9B3B1F5C9F960035180D /* NSArray+SWAdditions.h */,
				FB2F9B3C1F5C9F960035180D /* NSArray+SWAdditions.m */,
			);
			name = Utilities;
			sourceTree = "<group>";
		};
		FB2F9B3E1F5CA0050035180D /* Views */ = {
			isa = PBXGroup;
			children = (
				24E584011F3ADA0100A12087 /* RSSFeed */,
				241719C31F4D9EC30045C2D6 /* Proposals */,
				24FE253D1F4C7DA200E32652 /* Price */,
			);
			name = Views;
			sourceTree = "<group>";
		};
		FB84EDB41F32898700E4D400 = {
			isa = PBXGroup;
			children = (
				FB84EDBF1F32898700E4D400 /* DashControl */,
				FB84EDBE1F32898700E4D400 /* Products */,
				F8F9FBF8277751CF40134EEE /* Frameworks */,
				3A3DCF867D724725B2BA999A /* Pods */,
			);
			sourceTree = "<group>";
		};
		FB84EDBE1F32898700E4D400 /* Products */ = {
			isa = PBXGroup;
			children = (
				FB84EDBD1F32898700E4D400 /* DashControl.app */,
			);
			name = Products;
			sourceTree = "<group>";
		};
		FB84EDBF1F32898700E4D400 /* DashControl */ = {
			isa = PBXGroup;
			children = (
				249A3F8E1F61337C00155636 /* Localization */,
				FB2F9B3A1F5C9F8A0035180D /* Utilities */,
				FB2F9B3E1F5CA0050035180D /* Views */,
				2442A01B1F4D6CDC006FAC0D /* DashControl.entitlements */,
				24E584051F3ADAC900A12087 /* DashControl.xcdatamodeld */,
				FB84EDDA1F32906F00E4D400 /* New Group */,
				FB84EDC31F32898700E4D400 /* AppDelegate.h */,
				FB84EDC41F32898700E4D400 /* AppDelegate.m */,
				FB84EDCC1F32898700E4D400 /* Main.storyboard */,
				FB84EDCF1F32898700E4D400 /* Assets.xcassets */,
				FB84EDD11F32898700E4D400 /* LaunchScreen.storyboard */,
				FB84EDD41F32898700E4D400 /* Info.plist */,
				FB84EDC01F32898700E4D400 /* Supporting Files */,
			);
			path = DashControl;
			sourceTree = "<group>";
		};
		FB84EDC01F32898700E4D400 /* Supporting Files */ = {
			isa = PBXGroup;
			children = (
				FB84EDC11F32898700E4D400 /* main.m */,
				24E584151F3ADCEF00A12087 /* DashControl-PrefixHeader.pch */,
			);
			name = "Supporting Files";
			sourceTree = "<group>";
		};
		FB84EDDA1F32906F00E4D400 /* New Group */ = {
			isa = PBXGroup;
			children = (
				FB84EDDE1F3293C700E4D400 /* DCWalletConstants.h */,
				FB84EDDB1F32908C00E4D400 /* DCDataManager.h */,
				FB84EDDC1F32908C00E4D400 /* DCDataManager.m */,
			);
			name = "New Group";
			sourceTree = "<group>";
		};
		FBEBE53F1F5802BE0056D921 /* Chart Helpers */ = {
			isa = PBXGroup;
			children = (
				FBEBE5401F5802DE0056D921 /* ChartTimeFormatter.h */,
				FBEBE5411F5802DE0056D921 /* ChartTimeFormatter.m */,
			);
			name = "Chart Helpers";
			sourceTree = "<group>";
		};
/* End PBXGroup section */

/* Begin PBXNativeTarget section */
		FB84EDBC1F32898700E4D400 /* DashControl */ = {
			isa = PBXNativeTarget;
			buildConfigurationList = FB84EDD71F32898700E4D400 /* Build configuration list for PBXNativeTarget "DashControl" */;
			buildPhases = (
				B13CDC11D77705DD862345F6 /* [CP] Check Pods Manifest.lock */,
				FB84EDB91F32898700E4D400 /* Sources */,
				FB84EDBA1F32898700E4D400 /* Frameworks */,
				FB84EDBB1F32898700E4D400 /* Resources */,
				779A0EF1233194D4FD01D2DF /* [CP] Embed Pods Frameworks */,
				75B0D16B75B1B72896B89E51 /* [CP] Copy Pods Resources */,
				FBEBE53A1F5776400056D921 /* Embed Frameworks */,
			);
			buildRules = (
			);
			dependencies = (
			);
			name = DashControl;
			productName = DashControl;
			productReference = FB84EDBD1F32898700E4D400 /* DashControl.app */;
			productType = "com.apple.product-type.application";
		};
/* End PBXNativeTarget section */

/* Begin PBXProject section */
		FB84EDB51F32898700E4D400 /* Project object */ = {
			isa = PBXProject;
			attributes = {
				LastUpgradeCheck = 0830;
				ORGANIZATIONNAME = dashfoundation;
				TargetAttributes = {
					FB84EDBC1F32898700E4D400 = {
						CreatedOnToolsVersion = 8.3.3;
						DevelopmentTeam = 44RJ69WHFF;
						LastSwiftMigration = 0830;
						ProvisioningStyle = Automatic;
						SystemCapabilities = {
							com.apple.Push = {
								enabled = 1;
							};
						};
					};
				};
			};
			buildConfigurationList = FB84EDB81F32898700E4D400 /* Build configuration list for PBXProject "DashControl" */;
			compatibilityVersion = "Xcode 3.2";
			developmentRegion = English;
			hasScannedForEncodings = 0;
			knownRegions = (
				en,
				Base,
				"es-419",
				"es-MX",
				es,
				fr,
				ja,
				ko,
				"pt-BR",
				"pt-PT",
				ru,
				"zh-Hans",
				"zh-Hant",
			);
			mainGroup = FB84EDB41F32898700E4D400;
			productRefGroup = FB84EDBE1F32898700E4D400 /* Products */;
			projectDirPath = "";
			projectRoot = "";
			targets = (
				FB84EDBC1F32898700E4D400 /* DashControl */,
			);
		};
/* End PBXProject section */

/* Begin PBXResourcesBuildPhase section */
		FB84EDBB1F32898700E4D400 /* Resources */ = {
			isa = PBXResourcesBuildPhase;
			buildActionMask = 2147483647;
			files = (
				249A3FDE1F6133AA00155636 /* Main.strings in Resources */,
				249A40111F61397900155636 /* AFNetworking.strings in Resources */,
				24FC99F61F5EA0F40054C2A8 /* iconReply.png in Resources */,
				249A40201F61399500155636 /* AFNetworking.strings in Resources */,
				249A3FD71F6133AA00155636 /* LaunchScreen.strings in Resources */,
				249A3FCC1F6133AA00155636 /* Main.strings in Resources */,
				24FC99F71F5EA0F40054C2A8 /* iconReply@2x.png in Resources */,
				249A40231F61399D00155636 /* AFNetworking.strings in Resources */,
				249A3FF71F61352500155636 /* Localizable.strings in Resources */,
				249A40141F61397F00155636 /* AFNetworking.strings in Resources */,
				249A3FDA1F6133AA00155636 /* Main.strings in Resources */,
				249A3FD51F6133AA00155636 /* LaunchScreen.strings in Resources */,
				249A40001F61353800155636 /* Localizable.strings in Resources */,
				24FC99F41F5EA0F40054C2A8 /* iconAttachment.png in Resources */,
				249A3FCB1F6133AA00155636 /* LaunchScreen.strings in Resources */,
				249A3FE11F6133AA00155636 /* LaunchScreen.storyboard in Resources */,
				249A3FE81F6134FD00155636 /* Localizable.strings in Resources */,
				249A401A1F61398900155636 /* AFNetworking.strings in Resources */,
				249A40291F6139A800155636 /* AFNetworking.strings in Resources */,
				249A40031F61354100155636 /* Localizable.strings in Resources */,
				249A3FE01F6133AA00155636 /* Main.strings in Resources */,
				249A3FD91F6133AA00155636 /* LaunchScreen.strings in Resources */,
				249A3FEB1F61350600155636 /* Localizable.strings in Resources */,
				24FC99F51F5EA0F40054C2A8 /* iconAttachment@2x.png in Resources */,
				247B8F551F5FBFFB005BC14A /* dash_icon_tmp.png in Resources */,
				249A3FDD1F6133AA00155636 /* LaunchScreen.strings in Resources */,
				249A3FDF1F6133AA00155636 /* LaunchScreen.strings in Resources */,
				249A3FD31F6133AA00155636 /* LaunchScreen.strings in Resources */,
				249A3FE51F61346B00155636 /* Localizable.strings in Resources */,
				249A400B1F61396D00155636 /* AFNetworking.strings in Resources */,
				249A3FD11F6133AA00155636 /* LaunchScreen.strings in Resources */,
				249A3FCD1F6133AA00155636 /* LaunchScreen.strings in Resources */,
				249A3FF41F61352000155636 /* Localizable.strings in Resources */,
				249A400E1F61397400155636 /* AFNetworking.strings in Resources */,
				FB84EDD31F32898700E4D400 /* LaunchScreen.storyboard in Resources */,
				249A3FDB1F6133AA00155636 /* LaunchScreen.strings in Resources */,
				249A3FEE1F61351200155636 /* Localizable.strings in Resources */,
				249A3FD01F6133AA00155636 /* Main.strings in Resources */,
				249A3FD21F6133AA00155636 /* Main.strings in Resources */,
				249A3FDC1F6133AA00155636 /* Main.strings in Resources */,
				249A40171F61398400155636 /* AFNetworking.strings in Resources */,
				249A402C1F6139AD00155636 /* AFNetworking.strings in Resources */,
				FB84EDD01F32898700E4D400 /* Assets.xcassets in Resources */,
				249A3FFD1F61353100155636 /* Localizable.strings in Resources */,
				249A3FCE1F6133AA00155636 /* Main.strings in Resources */,
				249A40261F6139A200155636 /* AFNetworking.strings in Resources */,
				249A3FFA1F61352B00155636 /* Localizable.strings in Resources */,
				249A3FCF1F6133AA00155636 /* LaunchScreen.strings in Resources */,
				249A3FE21F6133AA00155636 /* Main.storyboard in Resources */,
				2499B7671F6015B80094A982 /* ProposalHeaderView.xib in Resources */,
				249A40081F61366F00155636 /* HowToUpdate.rtf in Resources */,
				249A3FD81F6133AA00155636 /* Main.strings in Resources */,
				249A40061F61354700155636 /* Localizable.strings in Resources */,
				249A3FD61F6133AA00155636 /* Main.strings in Resources */,
				249A3FF11F61351A00155636 /* Localizable.strings in Resources */,
				FB84EDCE1F32898700E4D400 /* Main.storyboard in Resources */,
				249A3FD41F6133AA00155636 /* Main.strings in Resources */,
				249A401D1F61398E00155636 /* AFNetworking.strings in Resources */,
			);
			runOnlyForDeploymentPostprocessing = 0;
		};
/* End PBXResourcesBuildPhase section */

/* Begin PBXShellScriptBuildPhase section */
		75B0D16B75B1B72896B89E51 /* [CP] Copy Pods Resources */ = {
			isa = PBXShellScriptBuildPhase;
			buildActionMask = 2147483647;
			files = (
			);
			inputPaths = (
				"${SRCROOT}/Pods/Target Support Files/Pods-DashControl/Pods-DashControl-resources.sh",
				$PODS_CONFIGURATION_BUILD_DIR/MBCircularProgressBar/MBCircularProgressBar.bundle,
			);
			name = "[CP] Copy Pods Resources";
			outputPaths = (
				"${TARGET_BUILD_DIR}/${UNLOCALIZED_RESOURCES_FOLDER_PATH}",
			);
			runOnlyForDeploymentPostprocessing = 0;
			shellPath = /bin/sh;
			shellScript = "\"${SRCROOT}/Pods/Target Support Files/Pods-DashControl/Pods-DashControl-resources.sh\"\n";
			showEnvVarsInLog = 0;
		};
		779A0EF1233194D4FD01D2DF /* [CP] Embed Pods Frameworks */ = {
			isa = PBXShellScriptBuildPhase;
			buildActionMask = 2147483647;
			files = (
			);
			inputPaths = (
				"${SRCROOT}/Pods/Target Support Files/Pods-DashControl/Pods-DashControl-frameworks.sh",
				"${BUILT_PRODUCTS_DIR}/AFNetworking/AFNetworking.framework",
				"${BUILT_PRODUCTS_DIR}/Charts/Charts.framework",
				"${BUILT_PRODUCTS_DIR}/MBCircularProgressBar/MBCircularProgressBar.framework",
				"${BUILT_PRODUCTS_DIR}/RaptureXML/RaptureXML.framework",
				"${BUILT_PRODUCTS_DIR}/Reachability/Reachability.framework",
				"${BUILT_PRODUCTS_DIR}/SDWebImage/SDWebImage.framework",
			);
			name = "[CP] Embed Pods Frameworks";
			outputPaths = (
				"${TARGET_BUILD_DIR}/${FRAMEWORKS_FOLDER_PATH}/AFNetworking.framework",
				"${TARGET_BUILD_DIR}/${FRAMEWORKS_FOLDER_PATH}/Charts.framework",
				"${TARGET_BUILD_DIR}/${FRAMEWORKS_FOLDER_PATH}/MBCircularProgressBar.framework",
				"${TARGET_BUILD_DIR}/${FRAMEWORKS_FOLDER_PATH}/RaptureXML.framework",
				"${TARGET_BUILD_DIR}/${FRAMEWORKS_FOLDER_PATH}/Reachability.framework",
				"${TARGET_BUILD_DIR}/${FRAMEWORKS_FOLDER_PATH}/SDWebImage.framework",
			);
			runOnlyForDeploymentPostprocessing = 0;
			shellPath = /bin/sh;
			shellScript = "\"${SRCROOT}/Pods/Target Support Files/Pods-DashControl/Pods-DashControl-frameworks.sh\"\n";
			showEnvVarsInLog = 0;
		};
		B13CDC11D77705DD862345F6 /* [CP] Check Pods Manifest.lock */ = {
			isa = PBXShellScriptBuildPhase;
			buildActionMask = 2147483647;
			files = (
			);
			inputPaths = (
				"${PODS_PODFILE_DIR_PATH}/Podfile.lock",
				"${PODS_ROOT}/Manifest.lock",
			);
			name = "[CP] Check Pods Manifest.lock";
			outputPaths = (
				"$(DERIVED_FILE_DIR)/Pods-DashControl-checkManifestLockResult.txt",
			);
			runOnlyForDeploymentPostprocessing = 0;
			shellPath = /bin/sh;
			shellScript = "diff \"${PODS_PODFILE_DIR_PATH}/Podfile.lock\" \"${PODS_ROOT}/Manifest.lock\" > /dev/null\nif [ $? != 0 ] ; then\n    # print error to STDERR\n    echo \"error: The sandbox is not in sync with the Podfile.lock. Run 'pod install' or update your CocoaPods installation.\" >&2\n    exit 1\nfi\n# This output is used by Xcode 'outputs' to avoid re-running this script phase.\necho \"SUCCESS\" > \"${SCRIPT_OUTPUT_FILE_0}\"\n";
			showEnvVarsInLog = 0;
		};
/* End PBXShellScriptBuildPhase section */

/* Begin PBXSourcesBuildPhase section */
		FB84EDB91F32898700E4D400 /* Sources */ = {
			isa = PBXSourcesBuildPhase;
			buildActionMask = 2147483647;
			files = (
				24A2159C1F52C5E900A63311 /* Budget+CoreDataProperties.m in Sources */,
				24FE254C1F4C82C900E32652 /* PriceViewController.m in Sources */,
				FB2F9B3D1F5C9F960035180D /* NSArray+SWAdditions.m in Sources */,
				241719E41F4DB0FB0045C2D6 /* Comment+CoreDataProperties.m in Sources */,
				24438DEF1F5FCE7D00763A14 /* ProposalDetailViewController.m in Sources */,
				24438DF31F5FEA6600763A14 /* ProposalHeaderView.m in Sources */,
				FB84EDC51F32898700E4D400 /* AppDelegate.m in Sources */,
				FBE1F50D1F5D4CF500823A77 /* Market+CoreDataClass.m in Sources */,
				FBEBE5421F5802DE0056D921 /* ChartTimeFormatter.m in Sources */,
				24E584101F3ADBAA00A12087 /* Post+CoreDataClass.m in Sources */,
				24C86F091F5EC09900735785 /* ProposalDetailVotesResultTableViewCell.m in Sources */,
				24E584071F3ADAC900A12087 /* DashControl.xcdatamodeld in Sources */,
				241719E31F4DB0FB0045C2D6 /* Comment+CoreDataClass.m in Sources */,
				FBEBE5461F5986510056D921 /* DCCoreDataManager.m in Sources */,
				FBE1F50E1F5D4CF500823A77 /* Market+CoreDataProperties.m in Sources */,
				24E5841C1F3AFB0F00A12087 /* RSSFeedListTableViewCell.m in Sources */,
				FBE1F50A1F5D4CF500823A77 /* ChartDataEntry+CoreDataProperties.m in Sources */,
				241719D81F4DA4C60045C2D6 /* ProposalsManager.m in Sources */,
				24C86EFD1F5EC04100735785 /* ProposalDetailNameTableViewCell.m in Sources */,
				24A2159B1F52C5E900A63311 /* Budget+CoreDataClass.m in Sources */,
				FBE1F50C1F5D4CF500823A77 /* Exchange+CoreDataProperties.m in Sources */,
				241719E21F4DB0FB0045C2D6 /* Proposal+CoreDataProperties.m in Sources */,
				24E584111F3ADBAA00A12087 /* Post+CoreDataProperties.m in Sources */,
				24C6C6361F544268007F3671 /* ProposalsViewController.m in Sources */,
				24FE25491F4C7ECE00E32652 /* DCBackendManager.m in Sources */,
				24C86F031F5EC06C00735785 /* ProposalDetailOneTimePayementTableViewCell.m in Sources */,
				FB84EDC21F32898700E4D400 /* main.m in Sources */,
				FBE1F50B1F5D4CF500823A77 /* Exchange+CoreDataClass.m in Sources */,
				24E584141F3ADC4C00A12087 /* RSSFeedManager.m in Sources */,
				24C86F001F5EC05400735785 /* ProposalDetailTitleTableViewCell.m in Sources */,
				2432DDA01F54395600A14112 /* ProposalCell.m in Sources */,
				241719E11F4DB0FB0045C2D6 /* Proposal+CoreDataClass.m in Sources */,
				FBE1F5091F5D4CF500823A77 /* ChartDataEntry+CoreDataClass.m in Sources */,
				24C86F061F5EC08500735785 /* ProposalDetailCompletedPaymentsTableViewCell.m in Sources */,
				24C86F0F1F5EC0D600735785 /* ProposalDetailDescriptionDetailTableViewCell.m in Sources */,
				24C86F0C1F5EC0C300735785 /* ProposalDetailDescriptionHeaderTableViewCell.m in Sources */,
				24E584001F3A35AF00A12087 /* DCDataManager.m in Sources */,
				24E584181F3AF18A00A12087 /* RSSFeedListViewController.m in Sources */,
			);
			runOnlyForDeploymentPostprocessing = 0;
		};
/* End PBXSourcesBuildPhase section */

/* Begin PBXVariantGroup section */
		249A3F901F6133AA00155636 /* LaunchScreen.strings */ = {
			isa = PBXVariantGroup;
			children = (
				249A3F911F6133AA00155636 /* es-419 */,
			);
			name = LaunchScreen.strings;
			sourceTree = "<group>";
		};
		249A3F921F6133AA00155636 /* Main.strings */ = {
			isa = PBXVariantGroup;
			children = (
				249A3F931F6133AA00155636 /* es-419 */,
			);
			name = Main.strings;
			sourceTree = "<group>";
		};
		249A3F951F6133AA00155636 /* LaunchScreen.strings */ = {
			isa = PBXVariantGroup;
			children = (
				249A3F961F6133AA00155636 /* es-MX */,
			);
			name = LaunchScreen.strings;
			sourceTree = "<group>";
		};
		249A3F971F6133AA00155636 /* Main.strings */ = {
			isa = PBXVariantGroup;
			children = (
				249A3F981F6133AA00155636 /* es-MX */,
			);
			name = Main.strings;
			sourceTree = "<group>";
		};
		249A3F9A1F6133AA00155636 /* LaunchScreen.strings */ = {
			isa = PBXVariantGroup;
			children = (
				249A3F9B1F6133AA00155636 /* es */,
			);
			name = LaunchScreen.strings;
			sourceTree = "<group>";
		};
		249A3F9C1F6133AA00155636 /* Main.strings */ = {
			isa = PBXVariantGroup;
			children = (
				249A3F9D1F6133AA00155636 /* es */,
			);
			name = Main.strings;
			sourceTree = "<group>";
		};
		249A3F9F1F6133AA00155636 /* LaunchScreen.strings */ = {
			isa = PBXVariantGroup;
			children = (
				249A3FA01F6133AA00155636 /* fr */,
			);
			name = LaunchScreen.strings;
			sourceTree = "<group>";
		};
		249A3FA11F6133AA00155636 /* Main.strings */ = {
			isa = PBXVariantGroup;
			children = (
				249A3FA21F6133AA00155636 /* fr */,
			);
			name = Main.strings;
			sourceTree = "<group>";
		};
		249A3FA41F6133AA00155636 /* LaunchScreen.strings */ = {
			isa = PBXVariantGroup;
			children = (
				249A3FA51F6133AA00155636 /* ja */,
			);
			name = LaunchScreen.strings;
			sourceTree = "<group>";
		};
		249A3FA61F6133AA00155636 /* Main.strings */ = {
			isa = PBXVariantGroup;
			children = (
				249A3FA71F6133AA00155636 /* ja */,
			);
			name = Main.strings;
			sourceTree = "<group>";
		};
		249A3FA91F6133AA00155636 /* LaunchScreen.strings */ = {
			isa = PBXVariantGroup;
			children = (
				249A3FAA1F6133AA00155636 /* ko */,
			);
			name = LaunchScreen.strings;
			sourceTree = "<group>";
		};
		249A3FAB1F6133AA00155636 /* Main.strings */ = {
			isa = PBXVariantGroup;
			children = (
				249A3FAC1F6133AA00155636 /* ko */,
			);
			name = Main.strings;
			sourceTree = "<group>";
		};
		249A3FAE1F6133AA00155636 /* LaunchScreen.strings */ = {
			isa = PBXVariantGroup;
			children = (
				249A3FAF1F6133AA00155636 /* pt-BR */,
			);
			name = LaunchScreen.strings;
			sourceTree = "<group>";
		};
		249A3FB01F6133AA00155636 /* Main.strings */ = {
			isa = PBXVariantGroup;
			children = (
				249A3FB11F6133AA00155636 /* pt-BR */,
			);
			name = Main.strings;
			sourceTree = "<group>";
		};
		249A3FB31F6133AA00155636 /* LaunchScreen.strings */ = {
			isa = PBXVariantGroup;
			children = (
				249A3FB41F6133AA00155636 /* pt-PT */,
			);
			name = LaunchScreen.strings;
			sourceTree = "<group>";
		};
		249A3FB51F6133AA00155636 /* Main.strings */ = {
			isa = PBXVariantGroup;
			children = (
				249A3FB61F6133AA00155636 /* pt-PT */,
			);
			name = Main.strings;
			sourceTree = "<group>";
		};
		249A3FB81F6133AA00155636 /* LaunchScreen.strings */ = {
			isa = PBXVariantGroup;
			children = (
				249A3FB91F6133AA00155636 /* ru */,
			);
			name = LaunchScreen.strings;
			sourceTree = "<group>";
		};
		249A3FBA1F6133AA00155636 /* Main.strings */ = {
			isa = PBXVariantGroup;
			children = (
				249A3FBB1F6133AA00155636 /* ru */,
			);
			name = Main.strings;
			sourceTree = "<group>";
		};
		249A3FBD1F6133AA00155636 /* LaunchScreen.strings */ = {
			isa = PBXVariantGroup;
			children = (
				249A3FBE1F6133AA00155636 /* zh-Hans */,
			);
			name = LaunchScreen.strings;
			sourceTree = "<group>";
		};
		249A3FBF1F6133AA00155636 /* Main.strings */ = {
			isa = PBXVariantGroup;
			children = (
				249A3FC01F6133AA00155636 /* zh-Hans */,
			);
			name = Main.strings;
			sourceTree = "<group>";
		};
		249A3FC21F6133AA00155636 /* LaunchScreen.strings */ = {
			isa = PBXVariantGroup;
			children = (
				249A3FC31F6133AA00155636 /* zh-Hant */,
			);
			name = LaunchScreen.strings;
			sourceTree = "<group>";
		};
		249A3FC41F6133AA00155636 /* Main.strings */ = {
			isa = PBXVariantGroup;
			children = (
				249A3FC51F6133AA00155636 /* zh-Hant */,
			);
			name = Main.strings;
			sourceTree = "<group>";
		};
		249A3FC71F6133AA00155636 /* LaunchScreen.storyboard */ = {
			isa = PBXVariantGroup;
			children = (
				249A3FC81F6133AA00155636 /* Base */,
			);
			name = LaunchScreen.storyboard;
			sourceTree = "<group>";
		};
		249A3FC91F6133AA00155636 /* Main.storyboard */ = {
			isa = PBXVariantGroup;
			children = (
				249A3FCA1F6133AA00155636 /* Base */,
			);
			name = Main.storyboard;
			sourceTree = "<group>";
		};
		249A3FE31F61346B00155636 /* Localizable.strings */ = {
			isa = PBXVariantGroup;
			children = (
				249A3FE41F61346B00155636 /* Base */,
			);
			name = Localizable.strings;
			sourceTree = "<group>";
		};
		249A3FE61F6134FD00155636 /* Localizable.strings */ = {
			isa = PBXVariantGroup;
			children = (
				249A3FE71F6134FD00155636 /* zh-Hant */,
			);
			name = Localizable.strings;
			sourceTree = "<group>";
		};
		249A3FE91F61350600155636 /* Localizable.strings */ = {
			isa = PBXVariantGroup;
			children = (
				249A3FEA1F61350600155636 /* zh-Hans */,
			);
			name = Localizable.strings;
			sourceTree = "<group>";
		};
		249A3FEC1F61351200155636 /* Localizable.strings */ = {
			isa = PBXVariantGroup;
			children = (
				249A3FED1F61351200155636 /* ru */,
			);
			name = Localizable.strings;
			sourceTree = "<group>";
		};
		249A3FEF1F61351A00155636 /* Localizable.strings */ = {
			isa = PBXVariantGroup;
			children = (
				249A3FF01F61351A00155636 /* pt-PT */,
			);
			name = Localizable.strings;
			sourceTree = "<group>";
		};
		249A3FF21F61352000155636 /* Localizable.strings */ = {
			isa = PBXVariantGroup;
			children = (
				249A3FF31F61352000155636 /* pt-BR */,
			);
			name = Localizable.strings;
			sourceTree = "<group>";
		};
		249A3FF51F61352500155636 /* Localizable.strings */ = {
			isa = PBXVariantGroup;
			children = (
				249A3FF61F61352500155636 /* ko */,
			);
			name = Localizable.strings;
			sourceTree = "<group>";
		};
		249A3FF81F61352B00155636 /* Localizable.strings */ = {
			isa = PBXVariantGroup;
			children = (
				249A3FF91F61352B00155636 /* ja */,
			);
			name = Localizable.strings;
			sourceTree = "<group>";
		};
		249A3FFB1F61353100155636 /* Localizable.strings */ = {
			isa = PBXVariantGroup;
			children = (
				249A3FFC1F61353100155636 /* fr */,
			);
			name = Localizable.strings;
			sourceTree = "<group>";
		};
		249A3FFE1F61353800155636 /* Localizable.strings */ = {
			isa = PBXVariantGroup;
			children = (
				249A3FFF1F61353800155636 /* es */,
			);
			name = Localizable.strings;
			sourceTree = "<group>";
		};
		249A40011F61354100155636 /* Localizable.strings */ = {
			isa = PBXVariantGroup;
			children = (
				249A40021F61354100155636 /* es-MX */,
			);
			name = Localizable.strings;
			sourceTree = "<group>";
		};
		249A40041F61354700155636 /* Localizable.strings */ = {
			isa = PBXVariantGroup;
			children = (
				249A40051F61354700155636 /* es-419 */,
			);
			name = Localizable.strings;
			sourceTree = "<group>";
		};
		249A40091F61396D00155636 /* AFNetworking.strings */ = {
			isa = PBXVariantGroup;
			children = (
				249A400A1F61396D00155636 /* Base */,
			);
			name = AFNetworking.strings;
			sourceTree = "<group>";
		};
		249A400C1F61397400155636 /* AFNetworking.strings */ = {
			isa = PBXVariantGroup;
			children = (
				249A400D1F61397400155636 /* es-419 */,
			);
			name = AFNetworking.strings;
			sourceTree = "<group>";
		};
		249A400F1F61397900155636 /* AFNetworking.strings */ = {
			isa = PBXVariantGroup;
			children = (
				249A40101F61397900155636 /* es-MX */,
			);
			name = AFNetworking.strings;
			sourceTree = "<group>";
		};
		249A40121F61397F00155636 /* AFNetworking.strings */ = {
			isa = PBXVariantGroup;
			children = (
				249A40131F61397F00155636 /* es */,
			);
			name = AFNetworking.strings;
			sourceTree = "<group>";
		};
		249A40151F61398400155636 /* AFNetworking.strings */ = {
			isa = PBXVariantGroup;
			children = (
				249A40161F61398400155636 /* fr */,
			);
			name = AFNetworking.strings;
			sourceTree = "<group>";
		};
		249A40181F61398900155636 /* AFNetworking.strings */ = {
			isa = PBXVariantGroup;
			children = (
				249A40191F61398900155636 /* ja */,
			);
			name = AFNetworking.strings;
			sourceTree = "<group>";
		};
		249A401B1F61398E00155636 /* AFNetworking.strings */ = {
			isa = PBXVariantGroup;
			children = (
				249A401C1F61398E00155636 /* ko */,
			);
			name = AFNetworking.strings;
			sourceTree = "<group>";
		};
		249A401E1F61399500155636 /* AFNetworking.strings */ = {
			isa = PBXVariantGroup;
			children = (
				249A401F1F61399500155636 /* pt-BR */,
			);
			name = AFNetworking.strings;
			sourceTree = "<group>";
		};
		249A40211F61399D00155636 /* AFNetworking.strings */ = {
			isa = PBXVariantGroup;
			children = (
				249A40221F61399D00155636 /* pt-PT */,
			);
			name = AFNetworking.strings;
			sourceTree = "<group>";
		};
		249A40241F6139A200155636 /* AFNetworking.strings */ = {
			isa = PBXVariantGroup;
			children = (
				249A40251F6139A200155636 /* ru */,
			);
			name = AFNetworking.strings;
			sourceTree = "<group>";
		};
		249A40271F6139A800155636 /* AFNetworking.strings */ = {
			isa = PBXVariantGroup;
			children = (
				249A40281F6139A800155636 /* zh-Hans */,
			);
			name = AFNetworking.strings;
			sourceTree = "<group>";
		};
		249A402A1F6139AD00155636 /* AFNetworking.strings */ = {
			isa = PBXVariantGroup;
			children = (
				249A402B1F6139AD00155636 /* zh-Hant */,
			);
			name = AFNetworking.strings;
			sourceTree = "<group>";
		};
		FB84EDCC1F32898700E4D400 /* Main.storyboard */ = {
			isa = PBXVariantGroup;
			children = (
				FB84EDCD1F32898700E4D400 /* Base */,
				243D272C1F60817500D53D99 /* fr */,
				243D272E1F60817D00D53D99 /* zh-Hans */,
				243D27301F60818100D53D99 /* zh-Hant */,
				243D27321F60818500D53D99 /* es */,
				243D27341F60818800D53D99 /* ja */,
				243D27361F60818C00D53D99 /* es-419 */,
				243D27381F60818F00D53D99 /* es-MX */,
				243D273A1F6081BE00D53D99 /* ko */,
				243D273C1F6081C300D53D99 /* pt-BR */,
				243D273E1F6081C600D53D99 /* pt-PT */,
				243D27401F6081CB00D53D99 /* ru */,
			);
			name = Main.storyboard;
			sourceTree = "<group>";
		};
		FB84EDD11F32898700E4D400 /* LaunchScreen.storyboard */ = {
			isa = PBXVariantGroup;
			children = (
				FB84EDD21F32898700E4D400 /* Base */,
				243D272D1F60817600D53D99 /* fr */,
				243D272F1F60817D00D53D99 /* zh-Hans */,
				243D27311F60818100D53D99 /* zh-Hant */,
				243D27331F60818500D53D99 /* es */,
				243D27351F60818800D53D99 /* ja */,
				243D27371F60818C00D53D99 /* es-419 */,
				243D27391F60818F00D53D99 /* es-MX */,
				243D273B1F6081BE00D53D99 /* ko */,
				243D273D1F6081C300D53D99 /* pt-BR */,
				243D273F1F6081C700D53D99 /* pt-PT */,
				243D27411F6081CB00D53D99 /* ru */,
			);
			name = LaunchScreen.storyboard;
			sourceTree = "<group>";
		};
/* End PBXVariantGroup section */

/* Begin XCBuildConfiguration section */
		FB84EDD51F32898700E4D400 /* Debug */ = {
			isa = XCBuildConfiguration;
			buildSettings = {
				ALWAYS_SEARCH_USER_PATHS = NO;
				CLANG_ANALYZER_LOCALIZABILITY_NONLOCALIZED = YES;
				CLANG_ANALYZER_NONNULL = YES;
				CLANG_ANALYZER_NUMBER_OBJECT_CONVERSION = YES_AGGRESSIVE;
				CLANG_CXX_LANGUAGE_STANDARD = "gnu++0x";
				CLANG_CXX_LIBRARY = "libc++";
				CLANG_ENABLE_MODULES = YES;
				CLANG_ENABLE_OBJC_ARC = YES;
				CLANG_WARN_BOOL_CONVERSION = YES;
				CLANG_WARN_CONSTANT_CONVERSION = YES;
				CLANG_WARN_DIRECT_OBJC_ISA_USAGE = YES_ERROR;
				CLANG_WARN_DOCUMENTATION_COMMENTS = YES;
				CLANG_WARN_EMPTY_BODY = YES;
				CLANG_WARN_ENUM_CONVERSION = YES;
				CLANG_WARN_INFINITE_RECURSION = YES;
				CLANG_WARN_INT_CONVERSION = YES;
				CLANG_WARN_OBJC_ROOT_CLASS = YES_ERROR;
				CLANG_WARN_SUSPICIOUS_MOVE = YES;
				CLANG_WARN_UNREACHABLE_CODE = YES;
				CLANG_WARN__DUPLICATE_METHOD_MATCH = YES;
				"CODE_SIGN_IDENTITY[sdk=iphoneos*]" = "iPhone Developer";
				COPY_PHASE_STRIP = NO;
				DEBUG_INFORMATION_FORMAT = dwarf;
				ENABLE_STRICT_OBJC_MSGSEND = YES;
				ENABLE_TESTABILITY = YES;
				GCC_C_LANGUAGE_STANDARD = gnu99;
				GCC_DYNAMIC_NO_PIC = NO;
				GCC_NO_COMMON_BLOCKS = YES;
				GCC_OPTIMIZATION_LEVEL = 0;
				GCC_PREPROCESSOR_DEFINITIONS = (
					"DEBUG=1",
					"$(inherited)",
				);
				GCC_WARN_64_TO_32_BIT_CONVERSION = YES;
				GCC_WARN_ABOUT_RETURN_TYPE = YES_ERROR;
				GCC_WARN_UNDECLARED_SELECTOR = YES;
				GCC_WARN_UNINITIALIZED_AUTOS = YES_AGGRESSIVE;
				GCC_WARN_UNUSED_FUNCTION = YES;
				GCC_WARN_UNUSED_VARIABLE = YES;
				IPHONEOS_DEPLOYMENT_TARGET = 8.0;
				MTL_ENABLE_DEBUG_INFO = YES;
				ONLY_ACTIVE_ARCH = YES;
				SDKROOT = iphoneos;
				TARGETED_DEVICE_FAMILY = "1,2";
			};
			name = Debug;
		};
		FB84EDD61F32898700E4D400 /* Release */ = {
			isa = XCBuildConfiguration;
			buildSettings = {
				ALWAYS_SEARCH_USER_PATHS = NO;
				CLANG_ANALYZER_LOCALIZABILITY_NONLOCALIZED = YES;
				CLANG_ANALYZER_NONNULL = YES;
				CLANG_ANALYZER_NUMBER_OBJECT_CONVERSION = YES_AGGRESSIVE;
				CLANG_CXX_LANGUAGE_STANDARD = "gnu++0x";
				CLANG_CXX_LIBRARY = "libc++";
				CLANG_ENABLE_MODULES = YES;
				CLANG_ENABLE_OBJC_ARC = YES;
				CLANG_WARN_BOOL_CONVERSION = YES;
				CLANG_WARN_CONSTANT_CONVERSION = YES;
				CLANG_WARN_DIRECT_OBJC_ISA_USAGE = YES_ERROR;
				CLANG_WARN_DOCUMENTATION_COMMENTS = YES;
				CLANG_WARN_EMPTY_BODY = YES;
				CLANG_WARN_ENUM_CONVERSION = YES;
				CLANG_WARN_INFINITE_RECURSION = YES;
				CLANG_WARN_INT_CONVERSION = YES;
				CLANG_WARN_OBJC_ROOT_CLASS = YES_ERROR;
				CLANG_WARN_SUSPICIOUS_MOVE = YES;
				CLANG_WARN_UNREACHABLE_CODE = YES;
				CLANG_WARN__DUPLICATE_METHOD_MATCH = YES;
				"CODE_SIGN_IDENTITY[sdk=iphoneos*]" = "iPhone Developer";
				COPY_PHASE_STRIP = NO;
				DEBUG_INFORMATION_FORMAT = "dwarf-with-dsym";
				ENABLE_NS_ASSERTIONS = NO;
				ENABLE_STRICT_OBJC_MSGSEND = YES;
				GCC_C_LANGUAGE_STANDARD = gnu99;
				GCC_NO_COMMON_BLOCKS = YES;
				GCC_WARN_64_TO_32_BIT_CONVERSION = YES;
				GCC_WARN_ABOUT_RETURN_TYPE = YES_ERROR;
				GCC_WARN_UNDECLARED_SELECTOR = YES;
				GCC_WARN_UNINITIALIZED_AUTOS = YES_AGGRESSIVE;
				GCC_WARN_UNUSED_FUNCTION = YES;
				GCC_WARN_UNUSED_VARIABLE = YES;
				IPHONEOS_DEPLOYMENT_TARGET = 8.0;
				MTL_ENABLE_DEBUG_INFO = NO;
				SDKROOT = iphoneos;
				TARGETED_DEVICE_FAMILY = "1,2";
				VALIDATE_PRODUCT = YES;
			};
			name = Release;
		};
		FB84EDD81F32898700E4D400 /* Debug */ = {
			isa = XCBuildConfiguration;
			baseConfigurationReference = 6385EAF7B5AD9CDA2429BFAE /* Pods-DashControl.debug.xcconfig */;
			buildSettings = {
				ALWAYS_EMBED_SWIFT_STANDARD_LIBRARIES = YES;
				ASSETCATALOG_COMPILER_APPICON_NAME = AppIcon;
				CLANG_ENABLE_MODULES = YES;
				CODE_SIGN_ENTITLEMENTS = DashControl/DashControl.entitlements;
				DEVELOPMENT_TEAM = 44RJ69WHFF;
				ENABLE_BITCODE = YES;
				GCC_PRECOMPILE_PREFIX_HEADER = YES;
				GCC_PREFIX_HEADER = "DashControl/DashControl-PrefixHeader.pch";
				INFOPLIST_FILE = DashControl/Info.plist;
				IPHONEOS_DEPLOYMENT_TARGET = 10.0;
				LD_RUNPATH_SEARCH_PATHS = "$(inherited) @executable_path/Frameworks";
				ONLY_ACTIVE_ARCH = YES;
				PRODUCT_BUNDLE_IDENTIFIER = org.dashfoundation.dash.Control;
				PRODUCT_NAME = "$(TARGET_NAME)";
				SWIFT_OPTIMIZATION_LEVEL = "-Onone";
				SWIFT_VERSION = 3.0;
			};
			name = Debug;
		};
		FB84EDD91F32898700E4D400 /* Release */ = {
			isa = XCBuildConfiguration;
			baseConfigurationReference = 481845A5C2EBC2EB1752483D /* Pods-DashControl.release.xcconfig */;
			buildSettings = {
				ALWAYS_EMBED_SWIFT_STANDARD_LIBRARIES = YES;
				ASSETCATALOG_COMPILER_APPICON_NAME = AppIcon;
				CLANG_ENABLE_MODULES = YES;
				CODE_SIGN_ENTITLEMENTS = DashControl/DashControl.entitlements;
				DEVELOPMENT_TEAM = 44RJ69WHFF;
				ENABLE_BITCODE = YES;
				GCC_PRECOMPILE_PREFIX_HEADER = YES;
				GCC_PREFIX_HEADER = "DashControl/DashControl-PrefixHeader.pch";
				INFOPLIST_FILE = DashControl/Info.plist;
				IPHONEOS_DEPLOYMENT_TARGET = 10.0;
				LD_RUNPATH_SEARCH_PATHS = "$(inherited) @executable_path/Frameworks";
				PRODUCT_BUNDLE_IDENTIFIER = org.dashfoundation.dash.Control;
				PRODUCT_NAME = "$(TARGET_NAME)";
				SWIFT_VERSION = 3.0;
			};
			name = Release;
		};
/* End XCBuildConfiguration section */

/* Begin XCConfigurationList section */
		FB84EDB81F32898700E4D400 /* Build configuration list for PBXProject "DashControl" */ = {
			isa = XCConfigurationList;
			buildConfigurations = (
				FB84EDD51F32898700E4D400 /* Debug */,
				FB84EDD61F32898700E4D400 /* Release */,
			);
			defaultConfigurationIsVisible = 0;
			defaultConfigurationName = Release;
		};
		FB84EDD71F32898700E4D400 /* Build configuration list for PBXNativeTarget "DashControl" */ = {
			isa = XCConfigurationList;
			buildConfigurations = (
				FB84EDD81F32898700E4D400 /* Debug */,
				FB84EDD91F32898700E4D400 /* Release */,
			);
			defaultConfigurationIsVisible = 0;
			defaultConfigurationName = Release;
		};
/* End XCConfigurationList section */

/* Begin XCVersionGroup section */
		24E584051F3ADAC900A12087 /* DashControl.xcdatamodeld */ = {
			isa = XCVersionGroup;
			children = (
				24E584061F3ADAC900A12087 /* DashControl.xcdatamodel */,
			);
			currentVersion = 24E584061F3ADAC900A12087 /* DashControl.xcdatamodel */;
			path = DashControl.xcdatamodeld;
			sourceTree = "<group>";
			versionGroupType = wrapper.xcdatamodel;
		};
/* End XCVersionGroup section */
	};
	rootObject = FB84EDB51F32898700E4D400 /* Project object */;
}
